// !$*UTF8*$!
{
	archiveVersion = 1;
	classes = {
	};
	objectVersion = 46;
	objects = {

/* Begin PBXBuildFile section */
		1264A13013D08B900085E394 /* Foundation.framework in Frameworks */ = {isa = PBXBuildFile; fileRef = 1264A12F13D08B900085E394 /* Foundation.framework */; };
		1264A13E13D08B900085E394 /* SenTestingKit.framework in Frameworks */ = {isa = PBXBuildFile; fileRef = 1264A13D13D08B900085E394 /* SenTestingKit.framework */; };
		1264A14013D08B900085E394 /* UIKit.framework in Frameworks */ = {isa = PBXBuildFile; fileRef = 1264A13F13D08B900085E394 /* UIKit.framework */; };
		1264A14113D08B900085E394 /* Foundation.framework in Frameworks */ = {isa = PBXBuildFile; fileRef = 1264A12F13D08B900085E394 /* Foundation.framework */; };
		1264A14313D08B900085E394 /* CoreGraphics.framework in Frameworks */ = {isa = PBXBuildFile; fileRef = 1264A14213D08B900085E394 /* CoreGraphics.framework */; };
		1264A14613D08B900085E394 /* libiOSSocial.a in Frameworks */ = {isa = PBXBuildFile; fileRef = 1264A12C13D08B900085E394 /* libiOSSocial.a */; };
		1264A14C13D08B900085E394 /* InfoPlist.strings in Resources */ = {isa = PBXBuildFile; fileRef = 1264A14A13D08B900085E394 /* InfoPlist.strings */; };
		1264A14E13D08B900085E394 /* iOSSocialTests.h in Resources */ = {isa = PBXBuildFile; fileRef = 1264A14D13D08B900085E394 /* iOSSocialTests.h */; };
		1264A15013D08B900085E394 /* iOSSocialTests.m in Sources */ = {isa = PBXBuildFile; fileRef = 1264A14F13D08B900085E394 /* iOSSocialTests.m */; };
		1264A16B13D0951E0085E394 /* UIKit.framework in Frameworks */ = {isa = PBXBuildFile; fileRef = 1264A16A13D0951E0085E394 /* UIKit.framework */; };
		126770E1141A5AD900EB2A3C /* Flickr.h in Headers */ = {isa = PBXBuildFile; fileRef = 126770DA141A5AD900EB2A3C /* Flickr.h */; };
		126770E2141A5AD900EB2A3C /* Flickr.m in Sources */ = {isa = PBXBuildFile; fileRef = 126770DB141A5AD900EB2A3C /* Flickr.m */; };
		126770E3141A5AD900EB2A3C /* FlickrUser.h in Headers */ = {isa = PBXBuildFile; fileRef = 126770DC141A5AD900EB2A3C /* FlickrUser.h */; };
		126770E4141A5AD900EB2A3C /* FlickrUser.m in Sources */ = {isa = PBXBuildFile; fileRef = 126770DD141A5AD900EB2A3C /* FlickrUser.m */; };
		126770E5141A5AD900EB2A3C /* FlickrUser+Private.h in Headers */ = {isa = PBXBuildFile; fileRef = 126770DE141A5AD900EB2A3C /* FlickrUser+Private.h */; };
		126770E6141A5AD900EB2A3C /* LocalFlickrUser.h in Headers */ = {isa = PBXBuildFile; fileRef = 126770DF141A5AD900EB2A3C /* LocalFlickrUser.h */; };
		126770E7141A5AD900EB2A3C /* LocalFlickrUser.m in Sources */ = {isa = PBXBuildFile; fileRef = 126770E0141A5AD900EB2A3C /* LocalFlickrUser.m */; };
		126FE23513D9C28E00D72D46 /* iOSSServicesViewController.h in Headers */ = {isa = PBXBuildFile; fileRef = 126FE22F13D9C28E00D72D46 /* iOSSServicesViewController.h */; };
		126FE23613D9C28E00D72D46 /* iOSSServicesViewController.m in Sources */ = {isa = PBXBuildFile; fileRef = 126FE23013D9C28E00D72D46 /* iOSSServicesViewController.m */; };
		127E1D3C140A8F1000F815D6 /* iOSSocialAccountTableViewCell.h in Headers */ = {isa = PBXBuildFile; fileRef = 127E1D3A140A8F1000F815D6 /* iOSSocialAccountTableViewCell.h */; };
		127E1D3D140A8F1000F815D6 /* iOSSocialAccountTableViewCell.m in Sources */ = {isa = PBXBuildFile; fileRef = 127E1D3B140A8F1000F815D6 /* iOSSocialAccountTableViewCell.m */; };
		127E1D96140AA4CA00F815D6 /* GTMOAuthViewControllerTouch.h in Headers */ = {isa = PBXBuildFile; fileRef = 127E1D93140AA4CA00F815D6 /* GTMOAuthViewControllerTouch.h */; };
		127E1D97140AA4CA00F815D6 /* GTMOAuthViewControllerTouch.m in Sources */ = {isa = PBXBuildFile; fileRef = 127E1D94140AA4CA00F815D6 /* GTMOAuthViewControllerTouch.m */; settings = {COMPILER_FLAGS = "-fno-objc-arc"; }; };
		127E1D9C140AA4DC00F815D6 /* GTMOAuth2ViewControllerTouch.h in Headers */ = {isa = PBXBuildFile; fileRef = 127E1D99140AA4DC00F815D6 /* GTMOAuth2ViewControllerTouch.h */; };
		127E1D9D140AA4DC00F815D6 /* GTMOAuth2ViewControllerTouch.m in Sources */ = {isa = PBXBuildFile; fileRef = 127E1D9A140AA4DC00F815D6 /* GTMOAuth2ViewControllerTouch.m */; settings = {COMPILER_FLAGS = "-fno-objc-arc"; }; };
		127E1DDA140ABCCA00F815D6 /* iOSSocialConstants.h in Headers */ = {isa = PBXBuildFile; fileRef = 127E1DD9140ABCC900F815D6 /* iOSSocialConstants.h */; };
		127E1DDE140B1A9500F815D6 /* iOSSocialServicesNavigationController.h in Headers */ = {isa = PBXBuildFile; fileRef = 127E1DDC140B1A9400F815D6 /* iOSSocialServicesNavigationController.h */; };
		127E1DDF140B1A9500F815D6 /* iOSSocialServicesNavigationController.m in Sources */ = {isa = PBXBuildFile; fileRef = 127E1DDD140B1A9400F815D6 /* iOSSocialServicesNavigationController.m */; };
		1286BC9D13EC560400A12786 /* iOSServicesDataSource.h in Headers */ = {isa = PBXBuildFile; fileRef = 1286BC9713EC560400A12786 /* iOSServicesDataSource.h */; };
		1286BC9E13EC560400A12786 /* iOSServicesDataSource.m in Sources */ = {isa = PBXBuildFile; fileRef = 1286BC9813EC560400A12786 /* iOSServicesDataSource.m */; };
		1286BC9F13EC560400A12786 /* iOSSService.h in Headers */ = {isa = PBXBuildFile; fileRef = 1286BC9913EC560400A12786 /* iOSSService.h */; };
		1286BCA013EC560400A12786 /* iOSSService.m in Sources */ = {isa = PBXBuildFile; fileRef = 1286BC9A13EC560400A12786 /* iOSSService.m */; };
		1286BCA113EC560400A12786 /* iOSSServiceTableViewCell.h in Headers */ = {isa = PBXBuildFile; fileRef = 1286BC9B13EC560400A12786 /* iOSSServiceTableViewCell.h */; };
		1286BCA213EC560400A12786 /* iOSSServiceTableViewCell.m in Sources */ = {isa = PBXBuildFile; fileRef = 1286BC9C13EC560400A12786 /* iOSSServiceTableViewCell.m */; };
		1286BCB813EC56EF00A12786 /* ASIAuthenticationDialog.h in Headers */ = {isa = PBXBuildFile; fileRef = 1286BCA413EC56EF00A12786 /* ASIAuthenticationDialog.h */; };
		1286BCB913EC56EF00A12786 /* ASIAuthenticationDialog.m in Sources */ = {isa = PBXBuildFile; fileRef = 1286BCA513EC56EF00A12786 /* ASIAuthenticationDialog.m */; settings = {COMPILER_FLAGS = "-fno-objc-arc"; }; };
		1286BCBA13EC56EF00A12786 /* ASICacheDelegate.h in Headers */ = {isa = PBXBuildFile; fileRef = 1286BCA613EC56EF00A12786 /* ASICacheDelegate.h */; };
		1286BCBB13EC56EF00A12786 /* ASIDataCompressor.h in Headers */ = {isa = PBXBuildFile; fileRef = 1286BCA713EC56EF00A12786 /* ASIDataCompressor.h */; };
		1286BCBC13EC56EF00A12786 /* ASIDataCompressor.m in Sources */ = {isa = PBXBuildFile; fileRef = 1286BCA813EC56EF00A12786 /* ASIDataCompressor.m */; settings = {COMPILER_FLAGS = "-fno-objc-arc"; }; };
		1286BCBD13EC56EF00A12786 /* ASIDataDecompressor.h in Headers */ = {isa = PBXBuildFile; fileRef = 1286BCA913EC56EF00A12786 /* ASIDataDecompressor.h */; };
		1286BCBE13EC56EF00A12786 /* ASIDataDecompressor.m in Sources */ = {isa = PBXBuildFile; fileRef = 1286BCAA13EC56EF00A12786 /* ASIDataDecompressor.m */; settings = {COMPILER_FLAGS = "-fno-objc-arc"; }; };
		1286BCBF13EC56EF00A12786 /* ASIDownloadCache.h in Headers */ = {isa = PBXBuildFile; fileRef = 1286BCAB13EC56EF00A12786 /* ASIDownloadCache.h */; };
		1286BCC013EC56EF00A12786 /* ASIDownloadCache.m in Sources */ = {isa = PBXBuildFile; fileRef = 1286BCAC13EC56EF00A12786 /* ASIDownloadCache.m */; settings = {COMPILER_FLAGS = "-fno-objc-arc"; }; };
		1286BCC113EC56EF00A12786 /* ASIFormDataRequest.h in Headers */ = {isa = PBXBuildFile; fileRef = 1286BCAD13EC56EF00A12786 /* ASIFormDataRequest.h */; };
		1286BCC213EC56EF00A12786 /* ASIFormDataRequest.m in Sources */ = {isa = PBXBuildFile; fileRef = 1286BCAE13EC56EF00A12786 /* ASIFormDataRequest.m */; settings = {COMPILER_FLAGS = "-fno-objc-arc"; }; };
		1286BCC313EC56EF00A12786 /* ASIHTTPRequest.h in Headers */ = {isa = PBXBuildFile; fileRef = 1286BCAF13EC56EF00A12786 /* ASIHTTPRequest.h */; };
		1286BCC413EC56EF00A12786 /* ASIHTTPRequest.m in Sources */ = {isa = PBXBuildFile; fileRef = 1286BCB013EC56EF00A12786 /* ASIHTTPRequest.m */; settings = {COMPILER_FLAGS = "-fno-objc-arc"; }; };
		1286BCC513EC56EF00A12786 /* ASIHTTPRequestConfig.h in Headers */ = {isa = PBXBuildFile; fileRef = 1286BCB113EC56EF00A12786 /* ASIHTTPRequestConfig.h */; };
		1286BCC613EC56EF00A12786 /* ASIHTTPRequestDelegate.h in Headers */ = {isa = PBXBuildFile; fileRef = 1286BCB213EC56EF00A12786 /* ASIHTTPRequestDelegate.h */; };
		1286BCC713EC56EF00A12786 /* ASIInputStream.h in Headers */ = {isa = PBXBuildFile; fileRef = 1286BCB313EC56EF00A12786 /* ASIInputStream.h */; };
		1286BCC813EC56EF00A12786 /* ASIInputStream.m in Sources */ = {isa = PBXBuildFile; fileRef = 1286BCB413EC56EF00A12786 /* ASIInputStream.m */; settings = {COMPILER_FLAGS = "-fno-objc-arc"; }; };
		1286BCC913EC56EF00A12786 /* ASINetworkQueue.h in Headers */ = {isa = PBXBuildFile; fileRef = 1286BCB513EC56EF00A12786 /* ASINetworkQueue.h */; };
		1286BCCA13EC56EF00A12786 /* ASINetworkQueue.m in Sources */ = {isa = PBXBuildFile; fileRef = 1286BCB613EC56EF00A12786 /* ASINetworkQueue.m */; settings = {COMPILER_FLAGS = "-fno-objc-arc"; }; };
		1286BCCB13EC56EF00A12786 /* ASIProgressDelegate.h in Headers */ = {isa = PBXBuildFile; fileRef = 1286BCB713EC56EF00A12786 /* ASIProgressDelegate.h */; };
		1286BCCF13EC570100A12786 /* Reachability.h in Headers */ = {isa = PBXBuildFile; fileRef = 1286BCCD13EC570100A12786 /* Reachability.h */; };
		1286BCD013EC570100A12786 /* Reachability.m in Sources */ = {isa = PBXBuildFile; fileRef = 1286BCCE13EC570100A12786 /* Reachability.m */; settings = {COMPILER_FLAGS = "-fno-objc-arc"; }; };
		1286BCD413EC576600A12786 /* PRPSmartTableViewCell.h in Headers */ = {isa = PBXBuildFile; fileRef = 1286BCD213EC576600A12786 /* PRPSmartTableViewCell.h */; };
		1286BCD513EC576600A12786 /* PRPSmartTableViewCell.m in Sources */ = {isa = PBXBuildFile; fileRef = 1286BCD313EC576600A12786 /* PRPSmartTableViewCell.m */; };
		1299F6D1141F9EE900A3C2F3 /* ASIOARequest.h in Headers */ = {isa = PBXBuildFile; fileRef = 1299F6CD141F9EE900A3C2F3 /* ASIOARequest.h */; };
		1299F6D2141F9EE900A3C2F3 /* ASIOARequest.m in Sources */ = {isa = PBXBuildFile; fileRef = 1299F6CE141F9EE900A3C2F3 /* ASIOARequest.m */; settings = {COMPILER_FLAGS = "-fno-objc-arc"; }; };
		1299F6D3141F9EE900A3C2F3 /* ASIOAuthParameter.h in Headers */ = {isa = PBXBuildFile; fileRef = 1299F6CF141F9EE900A3C2F3 /* ASIOAuthParameter.h */; };
		1299F6D4141F9EE900A3C2F3 /* ASIOAuthParameter.m in Sources */ = {isa = PBXBuildFile; fileRef = 1299F6D0141F9EE900A3C2F3 /* ASIOAuthParameter.m */; settings = {COMPILER_FLAGS = "-fno-objc-arc"; }; };
		12AB358813DDBAE100565332 /* GTMOAuth2Authentication.h in Headers */ = {isa = PBXBuildFile; fileRef = 12AB358013DDBAE100565332 /* GTMOAuth2Authentication.h */; };
		12AB358913DDBAE100565332 /* GTMOAuth2Authentication.m in Sources */ = {isa = PBXBuildFile; fileRef = 12AB358113DDBAE100565332 /* GTMOAuth2Authentication.m */; settings = {COMPILER_FLAGS = "-fno-objc-arc"; }; };
		12AB358A13DDBAE100565332 /* GTMOAuth2SignIn.h in Headers */ = {isa = PBXBuildFile; fileRef = 12AB358213DDBAE100565332 /* GTMOAuth2SignIn.h */; };
		12AB358B13DDBAE100565332 /* GTMOAuth2SignIn.m in Sources */ = {isa = PBXBuildFile; fileRef = 12AB358313DDBAE100565332 /* GTMOAuth2SignIn.m */; settings = {COMPILER_FLAGS = "-fno-objc-arc"; }; };
		12AB359613DDBB1800565332 /* GTMOAuthAuthentication.h in Headers */ = {isa = PBXBuildFile; fileRef = 12AB358E13DDBB1800565332 /* GTMOAuthAuthentication.h */; };
		12AB359713DDBB1800565332 /* GTMOAuthAuthentication.m in Sources */ = {isa = PBXBuildFile; fileRef = 12AB358F13DDBB1800565332 /* GTMOAuthAuthentication.m */; settings = {COMPILER_FLAGS = "-fno-objc-arc"; }; };
		12AB359813DDBB1800565332 /* GTMOAuthSignIn.h in Headers */ = {isa = PBXBuildFile; fileRef = 12AB359013DDBB1800565332 /* GTMOAuthSignIn.h */; };
		12AB359913DDBB1800565332 /* GTMOAuthSignIn.m in Sources */ = {isa = PBXBuildFile; fileRef = 12AB359113DDBB1800565332 /* GTMOAuthSignIn.m */; settings = {COMPILER_FLAGS = "-fno-objc-arc"; }; };
		12AB359F13DDBF5700565332 /* GTMHTTPFetcher.h in Headers */ = {isa = PBXBuildFile; fileRef = 12AB359D13DDBF5700565332 /* GTMHTTPFetcher.h */; };
		12AB35A013DDBF5700565332 /* GTMHTTPFetcher.m in Sources */ = {isa = PBXBuildFile; fileRef = 12AB359E13DDBF5700565332 /* GTMHTTPFetcher.m */; settings = {COMPILER_FLAGS = "-fno-objc-arc"; }; };
		12AB3A0E13DF13D400565332 /* iOSSocialUser.h in Headers */ = {isa = PBXBuildFile; fileRef = 12AB3A0C13DF13D300565332 /* iOSSocialUser.h */; };
		12AB3A0F13DF13D400565332 /* iOSSocialUser.m in Sources */ = {isa = PBXBuildFile; fileRef = 12AB3A0D13DF13D400565332 /* iOSSocialUser.m */; };
		12AB3A1213DF13EE00565332 /* iOSSocialLocalUser.h in Headers */ = {isa = PBXBuildFile; fileRef = 12AB3A1013DF13ED00565332 /* iOSSocialLocalUser.h */; };
		12AB3A1313DF13EE00565332 /* iOSSocialLocalUser.m in Sources */ = {isa = PBXBuildFile; fileRef = 12AB3A1113DF13EE00565332 /* iOSSocialLocalUser.m */; };
		12AB3B8413DF842500565332 /* Foursquare.h in Headers */ = {isa = PBXBuildFile; fileRef = 12AB3B7D13DF842500565332 /* Foursquare.h */; };
		12AB3B8513DF842500565332 /* Foursquare.m in Sources */ = {isa = PBXBuildFile; fileRef = 12AB3B7E13DF842500565332 /* Foursquare.m */; };
		12AB3B8613DF842500565332 /* FoursquareUser.h in Headers */ = {isa = PBXBuildFile; fileRef = 12AB3B7F13DF842500565332 /* FoursquareUser.h */; };
		12AB3B8713DF842500565332 /* FoursquareUser.m in Sources */ = {isa = PBXBuildFile; fileRef = 12AB3B8013DF842500565332 /* FoursquareUser.m */; };
		12AB3B8813DF842500565332 /* FoursquareUser+Private.h in Headers */ = {isa = PBXBuildFile; fileRef = 12AB3B8113DF842500565332 /* FoursquareUser+Private.h */; };
		12AB3B8913DF842500565332 /* LocalFoursquareUser.h in Headers */ = {isa = PBXBuildFile; fileRef = 12AB3B8213DF842500565332 /* LocalFoursquareUser.h */; };
		12AB3B8A13DF842500565332 /* LocalFoursquareUser.m in Sources */ = {isa = PBXBuildFile; fileRef = 12AB3B8313DF842500565332 /* LocalFoursquareUser.m */; };
		12AB3B9313DF843E00565332 /* LocalTwitterUser.h in Headers */ = {isa = PBXBuildFile; fileRef = 12AB3B8B13DF843E00565332 /* LocalTwitterUser.h */; };
		12AB3B9413DF843E00565332 /* LocalTwitterUser.m in Sources */ = {isa = PBXBuildFile; fileRef = 12AB3B8C13DF843E00565332 /* LocalTwitterUser.m */; };
		12AB3B9513DF843E00565332 /* Twitter.h in Headers */ = {isa = PBXBuildFile; fileRef = 12AB3B8E13DF843E00565332 /* Twitter.h */; };
		12AB3B9613DF843E00565332 /* Twitter.m in Sources */ = {isa = PBXBuildFile; fileRef = 12AB3B8F13DF843E00565332 /* Twitter.m */; };
		12AB3B9713DF843E00565332 /* TwitterUser.h in Headers */ = {isa = PBXBuildFile; fileRef = 12AB3B9013DF843E00565332 /* TwitterUser.h */; };
		12AB3B9813DF843E00565332 /* TwitterUser.m in Sources */ = {isa = PBXBuildFile; fileRef = 12AB3B9113DF843E00565332 /* TwitterUser.m */; };
		12AB3B9913DF843E00565332 /* TwitterUser+Private.h in Headers */ = {isa = PBXBuildFile; fileRef = 12AB3B9213DF843E00565332 /* TwitterUser+Private.h */; };
		12AB3BAC13DF846B00565332 /* Instagram.h in Headers */ = {isa = PBXBuildFile; fileRef = 12AB3B9D13DF846B00565332 /* Instagram.h */; };
		12AB3BAD13DF846B00565332 /* Instagram.m in Sources */ = {isa = PBXBuildFile; fileRef = 12AB3B9E13DF846B00565332 /* Instagram.m */; };
		12AB3BAE13DF846B00565332 /* InstagramMedia.h in Headers */ = {isa = PBXBuildFile; fileRef = 12AB3B9F13DF846B00565332 /* InstagramMedia.h */; };
		12AB3BAF13DF846B00565332 /* InstagramMedia.m in Sources */ = {isa = PBXBuildFile; fileRef = 12AB3BA013DF846B00565332 /* InstagramMedia.m */; };
		12AB3BB013DF846B00565332 /* InstagramMediaCollection.h in Headers */ = {isa = PBXBuildFile; fileRef = 12AB3BA113DF846B00565332 /* InstagramMediaCollection.h */; };
		12AB3BB113DF846B00565332 /* InstagramMediaCollection.m in Sources */ = {isa = PBXBuildFile; fileRef = 12AB3BA213DF846B00565332 /* InstagramMediaCollection.m */; };
		12AB3BB213DF846B00565332 /* InstagramUser.h in Headers */ = {isa = PBXBuildFile; fileRef = 12AB3BA313DF846B00565332 /* InstagramUser.h */; };
		12AB3BB313DF846B00565332 /* InstagramUser.m in Sources */ = {isa = PBXBuildFile; fileRef = 12AB3BA413DF846B00565332 /* InstagramUser.m */; };
		12AB3BB413DF846B00565332 /* InstagramUser+Private.h in Headers */ = {isa = PBXBuildFile; fileRef = 12AB3BA513DF846B00565332 /* InstagramUser+Private.h */; };
		12AB3BB513DF846B00565332 /* InstagramUserCollection.h in Headers */ = {isa = PBXBuildFile; fileRef = 12AB3BA613DF846B00565332 /* InstagramUserCollection.h */; };
		12AB3BB613DF846B00565332 /* InstagramUserCollection.m in Sources */ = {isa = PBXBuildFile; fileRef = 12AB3BA713DF846B00565332 /* InstagramUserCollection.m */; };
		12AB3BB713DF846B00565332 /* LocalInstagramUser.h in Headers */ = {isa = PBXBuildFile; fileRef = 12AB3BA813DF846B00565332 /* LocalInstagramUser.h */; };
		12AB3BB813DF846B00565332 /* LocalInstagramUser.m in Sources */ = {isa = PBXBuildFile; fileRef = 12AB3BA913DF846B00565332 /* LocalInstagramUser.m */; };
		12AB3BC313DF849500565332 /* GTMOAuthAuthentication+Additions.h in Headers */ = {isa = PBXBuildFile; fileRef = 12AB3BBB13DF849500565332 /* GTMOAuthAuthentication+Additions.h */; };
		12AB3BC413DF849500565332 /* GTMOAuthAuthentication+Additions.m in Sources */ = {isa = PBXBuildFile; fileRef = 12AB3BBC13DF849500565332 /* GTMOAuthAuthentication+Additions.m */; };
		12AB3BC513DF849500565332 /* iOSSocialServiceOAuth1Provider.h in Headers */ = {isa = PBXBuildFile; fileRef = 12AB3BBD13DF849500565332 /* iOSSocialServiceOAuth1Provider.h */; };
		12AB3BC613DF849500565332 /* iOSSocialServiceOAuth1Provider.m in Sources */ = {isa = PBXBuildFile; fileRef = 12AB3BBE13DF849500565332 /* iOSSocialServiceOAuth1Provider.m */; };
		12AB3BC713DF849500565332 /* iOSSocialServiceOAuth1ProviderConstants.h in Headers */ = {isa = PBXBuildFile; fileRef = 12AB3BBF13DF849500565332 /* iOSSocialServiceOAuth1ProviderConstants.h */; };
		12AB3BC813DF849500565332 /* iOSSocialServiceOAuth2Provider.h in Headers */ = {isa = PBXBuildFile; fileRef = 12AB3BC013DF849500565332 /* iOSSocialServiceOAuth2Provider.h */; };
		12AB3BC913DF849500565332 /* iOSSocialServiceOAuth2Provider.m in Sources */ = {isa = PBXBuildFile; fileRef = 12AB3BC113DF849500565332 /* iOSSocialServiceOAuth2Provider.m */; };
		12AB3BCA13DF849500565332 /* iOSSocialServiceOAuth2ProviderConstants.h in Headers */ = {isa = PBXBuildFile; fileRef = 12AB3BC213DF849500565332 /* iOSSocialServiceOAuth2ProviderConstants.h */; };
		12AB3BCD13DF84AC00565332 /* iOSSLog.h in Headers */ = {isa = PBXBuildFile; fileRef = 12AB3BCB13DF84AC00565332 /* iOSSLog.h */; };
		12AB3BCE13DF84AC00565332 /* iOSSLog.m in Sources */ = {isa = PBXBuildFile; fileRef = 12AB3BCC13DF84AC00565332 /* iOSSLog.m */; };
		12AB3BE713DF84D800565332 /* iOSSRequest.h in Headers */ = {isa = PBXBuildFile; fileRef = 12AB3BDD13DF84D800565332 /* iOSSRequest.h */; };
		12AB3BE813DF84D800565332 /* iOSSRequest.m in Sources */ = {isa = PBXBuildFile; fileRef = 12AB3BDE13DF84D800565332 /* iOSSRequest.m */; };
		12B4F203140A0D46002E98A6 /* iOSSocialServicesStore.h in Headers */ = {isa = PBXBuildFile; fileRef = 12B4F201140A0D46002E98A6 /* iOSSocialServicesStore.h */; };
		12B4F204140A0D46002E98A6 /* iOSSocialServicesStore.m in Sources */ = {isa = PBXBuildFile; fileRef = 12B4F202140A0D46002E98A6 /* iOSSocialServicesStore.m */; };
		12B4F20D140A2023002E98A6 /* iOSSocialOAuth.h in Headers */ = {isa = PBXBuildFile; fileRef = 12B4F20C140A2023002E98A6 /* iOSSocialOAuth.h */; };
		12ECAE4013D5D3E700C1297B /* libThree20.a in Frameworks */ = {isa = PBXBuildFile; fileRef = 12ECADFE13D5BDD200C1297B /* libThree20.a */; };
		12ECAE4113D5D3E700C1297B /* libThree20Core.a in Frameworks */ = {isa = PBXBuildFile; fileRef = 12ECAE0A13D5BF0700C1297B /* libThree20Core.a */; };
		12ECAE4213D5D3E700C1297B /* libThree20Network.a in Frameworks */ = {isa = PBXBuildFile; fileRef = 12ECAE1513D5BF1100C1297B /* libThree20Network.a */; };
		12ECAE4313D5D3E700C1297B /* libThree20Style.a in Frameworks */ = {isa = PBXBuildFile; fileRef = 12ECAE2213D5BF6600C1297B /* libThree20Style.a */; };
		12ECAE4413D5D3E700C1297B /* libThree20UI.a in Frameworks */ = {isa = PBXBuildFile; fileRef = 12ECAE3D13D5BF7D00C1297B /* libThree20UI.a */; };
		12ECAE4513D5D3E700C1297B /* libThree20UICommon.a in Frameworks */ = {isa = PBXBuildFile; fileRef = 12ECAE2B13D5BF6B00C1297B /* libThree20UICommon.a */; };
		12ECAE4613D5D3E700C1297B /* libThree20UINavigator.a in Frameworks */ = {isa = PBXBuildFile; fileRef = 12ECAE3413D5BF7000C1297B /* libThree20UINavigator.a */; };
/* End PBXBuildFile section */

/* Begin PBXContainerItemProxy section */
		1264A14413D08B900085E394 /* PBXContainerItemProxy */ = {
			isa = PBXContainerItemProxy;
			containerPortal = 1264A12313D08B900085E394 /* Project object */;
			proxyType = 1;
			remoteGlobalIDString = 1264A12B13D08B900085E394;
			remoteInfo = iOSSocial;
		};
		12ECADFD13D5BDD200C1297B /* PBXContainerItemProxy */ = {
			isa = PBXContainerItemProxy;
			containerPortal = 12ECADD213D5BDD100C1297B /* Three20.xcodeproj */;
			proxyType = 2;
			remoteGlobalIDString = BEF31F3A0F352DF5000DE5D2;
			remoteInfo = Three20;
		};
		12ECADFF13D5BDD200C1297B /* PBXContainerItemProxy */ = {
			isa = PBXContainerItemProxy;
			containerPortal = 12ECADD213D5BDD100C1297B /* Three20.xcodeproj */;
			proxyType = 2;
			remoteGlobalIDString = EB9E6C6210B6A8F800DE563C;
			remoteInfo = Three20UnitTests;
		};
		12ECAE0913D5BF0700C1297B /* PBXContainerItemProxy */ = {
			isa = PBXContainerItemProxy;
			containerPortal = 12ECAE0413D5BF0700C1297B /* Three20Core.xcodeproj */;
			proxyType = 2;
			remoteGlobalIDString = BEF31F3A0F352DF5000DE5D2;
			remoteInfo = Three20Core;
		};
		12ECAE0B13D5BF0700C1297B /* PBXContainerItemProxy */ = {
			isa = PBXContainerItemProxy;
			containerPortal = 12ECAE0413D5BF0700C1297B /* Three20Core.xcodeproj */;
			proxyType = 2;
			remoteGlobalIDString = EB9E6C6210B6A8F800DE563C;
			remoteInfo = Three20CoreUnitTests;
		};
		12ECAE1413D5BF1100C1297B /* PBXContainerItemProxy */ = {
			isa = PBXContainerItemProxy;
			containerPortal = 12ECAE0D13D5BF1100C1297B /* Three20Network.xcodeproj */;
			proxyType = 2;
			remoteGlobalIDString = BEF31F3A0F352DF5000DE5D2;
			remoteInfo = Three20Network;
		};
		12ECAE1613D5BF1100C1297B /* PBXContainerItemProxy */ = {
			isa = PBXContainerItemProxy;
			containerPortal = 12ECAE0D13D5BF1100C1297B /* Three20Network.xcodeproj */;
			proxyType = 2;
			remoteGlobalIDString = 662D81EF12630516005851C2;
			remoteInfo = "Three20Network-Xcode3.2.5";
		};
		12ECAE1813D5BF1100C1297B /* PBXContainerItemProxy */ = {
			isa = PBXContainerItemProxy;
			containerPortal = 12ECAE0D13D5BF1100C1297B /* Three20Network.xcodeproj */;
			proxyType = 2;
			remoteGlobalIDString = EB9E6C6210B6A8F800DE563C;
			remoteInfo = Three20NetworkUnitTests;
		};
		12ECAE1A13D5BF1100C1297B /* PBXContainerItemProxy */ = {
			isa = PBXContainerItemProxy;
			containerPortal = 12ECAE0D13D5BF1100C1297B /* Three20Network.xcodeproj */;
			proxyType = 2;
			remoteGlobalIDString = 662D81B2126304EB005851C2;
			remoteInfo = "Three20NetworkUnitTests-Xcode3.2.5";
		};
		12ECAE2113D5BF6600C1297B /* PBXContainerItemProxy */ = {
			isa = PBXContainerItemProxy;
			containerPortal = 12ECAE1C13D5BF6500C1297B /* Three20Style.xcodeproj */;
			proxyType = 2;
			remoteGlobalIDString = BEF31F3A0F352DF5000DE5D2;
			remoteInfo = Three20Style;
		};
		12ECAE2313D5BF6600C1297B /* PBXContainerItemProxy */ = {
			isa = PBXContainerItemProxy;
			containerPortal = 12ECAE1C13D5BF6500C1297B /* Three20Style.xcodeproj */;
			proxyType = 2;
			remoteGlobalIDString = EB9E6C6210B6A8F800DE563C;
			remoteInfo = Three20StyleUnitTests;
		};
		12ECAE2A13D5BF6B00C1297B /* PBXContainerItemProxy */ = {
			isa = PBXContainerItemProxy;
			containerPortal = 12ECAE2513D5BF6B00C1297B /* Three20UICommon.xcodeproj */;
			proxyType = 2;
			remoteGlobalIDString = BEF31F3A0F352DF5000DE5D2;
			remoteInfo = Three20UICommon;
		};
		12ECAE2C13D5BF6B00C1297B /* PBXContainerItemProxy */ = {
			isa = PBXContainerItemProxy;
			containerPortal = 12ECAE2513D5BF6B00C1297B /* Three20UICommon.xcodeproj */;
			proxyType = 2;
			remoteGlobalIDString = EB9E6C6210B6A8F800DE563C;
			remoteInfo = Three20UICommonUnitTests;
		};
		12ECAE3313D5BF7000C1297B /* PBXContainerItemProxy */ = {
			isa = PBXContainerItemProxy;
			containerPortal = 12ECAE2E13D5BF7000C1297B /* Three20UINavigator.xcodeproj */;
			proxyType = 2;
			remoteGlobalIDString = BEF31F3A0F352DF5000DE5D2;
			remoteInfo = Three20UINavigator;
		};
		12ECAE3513D5BF7000C1297B /* PBXContainerItemProxy */ = {
			isa = PBXContainerItemProxy;
			containerPortal = 12ECAE2E13D5BF7000C1297B /* Three20UINavigator.xcodeproj */;
			proxyType = 2;
			remoteGlobalIDString = EB9E6C6210B6A8F800DE563C;
			remoteInfo = Three20UINavigatorUnitTests;
		};
		12ECAE3C13D5BF7D00C1297B /* PBXContainerItemProxy */ = {
			isa = PBXContainerItemProxy;
			containerPortal = 12ECAE3713D5BF7D00C1297B /* Three20UI.xcodeproj */;
			proxyType = 2;
			remoteGlobalIDString = BEF31F3A0F352DF5000DE5D2;
			remoteInfo = Three20UI;
		};
		12ECAE3E13D5BF7D00C1297B /* PBXContainerItemProxy */ = {
			isa = PBXContainerItemProxy;
			containerPortal = 12ECAE3713D5BF7D00C1297B /* Three20UI.xcodeproj */;
			proxyType = 2;
			remoteGlobalIDString = EB9E6C6210B6A8F800DE563C;
			remoteInfo = Three20UIUnitTests;
		};
		12ECAE4713D5D43E00C1297B /* PBXContainerItemProxy */ = {
			isa = PBXContainerItemProxy;
			containerPortal = 12ECAE2E13D5BF7000C1297B /* Three20UINavigator.xcodeproj */;
			proxyType = 1;
			remoteGlobalIDString = BEF31F390F352DF5000DE5D2;
			remoteInfo = Three20UINavigator;
		};
		12ECAE4913D5D43E00C1297B /* PBXContainerItemProxy */ = {
			isa = PBXContainerItemProxy;
			containerPortal = 12ECAE2513D5BF6B00C1297B /* Three20UICommon.xcodeproj */;
			proxyType = 1;
			remoteGlobalIDString = BEF31F390F352DF5000DE5D2;
			remoteInfo = Three20UICommon;
		};
		12ECAE4B13D5D43E00C1297B /* PBXContainerItemProxy */ = {
			isa = PBXContainerItemProxy;
			containerPortal = 12ECAE0D13D5BF1100C1297B /* Three20Network.xcodeproj */;
			proxyType = 1;
			remoteGlobalIDString = BEF31F390F352DF5000DE5D2;
			remoteInfo = Three20Network;
		};
		12ECAE4D13D5D43E00C1297B /* PBXContainerItemProxy */ = {
			isa = PBXContainerItemProxy;
			containerPortal = 12ECAE3713D5BF7D00C1297B /* Three20UI.xcodeproj */;
			proxyType = 1;
			remoteGlobalIDString = BEF31F390F352DF5000DE5D2;
			remoteInfo = Three20UI;
		};
		12ECAE4F13D5D43E00C1297B /* PBXContainerItemProxy */ = {
			isa = PBXContainerItemProxy;
			containerPortal = 12ECAE1C13D5BF6500C1297B /* Three20Style.xcodeproj */;
			proxyType = 1;
			remoteGlobalIDString = BEF31F390F352DF5000DE5D2;
			remoteInfo = Three20Style;
		};
		12ECAE5113D5D43E00C1297B /* PBXContainerItemProxy */ = {
			isa = PBXContainerItemProxy;
			containerPortal = 12ECAE0413D5BF0700C1297B /* Three20Core.xcodeproj */;
			proxyType = 1;
			remoteGlobalIDString = BEF31F390F352DF5000DE5D2;
			remoteInfo = Three20Core;
		};
		12ECAE5313D5D43E00C1297B /* PBXContainerItemProxy */ = {
			isa = PBXContainerItemProxy;
			containerPortal = 12ECADD213D5BDD100C1297B /* Three20.xcodeproj */;
			proxyType = 1;
			remoteGlobalIDString = BEF31F390F352DF5000DE5D2;
			remoteInfo = Three20;
		};
/* End PBXContainerItemProxy section */

/* Begin PBXFileReference section */
		1264A12C13D08B900085E394 /* libiOSSocial.a */ = {isa = PBXFileReference; explicitFileType = archive.ar; includeInIndex = 0; path = libiOSSocial.a; sourceTree = BUILT_PRODUCTS_DIR; };
		1264A12F13D08B900085E394 /* Foundation.framework */ = {isa = PBXFileReference; lastKnownFileType = wrapper.framework; name = Foundation.framework; path = System/Library/Frameworks/Foundation.framework; sourceTree = SDKROOT; };
		1264A13313D08B900085E394 /* iOSSocial-Prefix.pch */ = {isa = PBXFileReference; lastKnownFileType = sourcecode.c.h; path = "iOSSocial-Prefix.pch"; sourceTree = "<group>"; };
		1264A13C13D08B900085E394 /* iOSSocialTests.octest */ = {isa = PBXFileReference; explicitFileType = wrapper.cfbundle; includeInIndex = 0; path = iOSSocialTests.octest; sourceTree = BUILT_PRODUCTS_DIR; };
		1264A13D13D08B900085E394 /* SenTestingKit.framework */ = {isa = PBXFileReference; lastKnownFileType = wrapper.framework; name = SenTestingKit.framework; path = Library/Frameworks/SenTestingKit.framework; sourceTree = DEVELOPER_DIR; };
		1264A13F13D08B900085E394 /* UIKit.framework */ = {isa = PBXFileReference; lastKnownFileType = wrapper.framework; name = UIKit.framework; path = Library/Frameworks/UIKit.framework; sourceTree = DEVELOPER_DIR; };
		1264A14213D08B900085E394 /* CoreGraphics.framework */ = {isa = PBXFileReference; lastKnownFileType = wrapper.framework; name = CoreGraphics.framework; path = Library/Frameworks/CoreGraphics.framework; sourceTree = DEVELOPER_DIR; };
		1264A14913D08B900085E394 /* iOSSocialTests-Info.plist */ = {isa = PBXFileReference; lastKnownFileType = text.plist.xml; path = "iOSSocialTests-Info.plist"; sourceTree = "<group>"; };
		1264A14B13D08B900085E394 /* en */ = {isa = PBXFileReference; lastKnownFileType = text.plist.strings; name = en; path = en.lproj/InfoPlist.strings; sourceTree = "<group>"; };
		1264A14D13D08B900085E394 /* iOSSocialTests.h */ = {isa = PBXFileReference; lastKnownFileType = sourcecode.c.h; path = iOSSocialTests.h; sourceTree = "<group>"; };
		1264A14F13D08B900085E394 /* iOSSocialTests.m */ = {isa = PBXFileReference; lastKnownFileType = sourcecode.c.objc; path = iOSSocialTests.m; sourceTree = "<group>"; };
		1264A16A13D0951E0085E394 /* UIKit.framework */ = {isa = PBXFileReference; lastKnownFileType = wrapper.framework; name = UIKit.framework; path = System/Library/Frameworks/UIKit.framework; sourceTree = SDKROOT; };
		126770DA141A5AD900EB2A3C /* Flickr.h */ = {isa = PBXFileReference; fileEncoding = 4; lastKnownFileType = sourcecode.c.h; name = Flickr.h; path = Flickr/Flickr.h; sourceTree = "<group>"; };
		126770DB141A5AD900EB2A3C /* Flickr.m */ = {isa = PBXFileReference; fileEncoding = 4; lastKnownFileType = sourcecode.c.objc; name = Flickr.m; path = Flickr/Flickr.m; sourceTree = "<group>"; };
		126770DC141A5AD900EB2A3C /* FlickrUser.h */ = {isa = PBXFileReference; fileEncoding = 4; lastKnownFileType = sourcecode.c.h; name = FlickrUser.h; path = Flickr/FlickrUser.h; sourceTree = "<group>"; };
		126770DD141A5AD900EB2A3C /* FlickrUser.m */ = {isa = PBXFileReference; fileEncoding = 4; lastKnownFileType = sourcecode.c.objc; name = FlickrUser.m; path = Flickr/FlickrUser.m; sourceTree = "<group>"; };
		126770DE141A5AD900EB2A3C /* FlickrUser+Private.h */ = {isa = PBXFileReference; fileEncoding = 4; lastKnownFileType = sourcecode.c.h; name = "FlickrUser+Private.h"; path = "Flickr/FlickrUser+Private.h"; sourceTree = "<group>"; };
		126770DF141A5AD900EB2A3C /* LocalFlickrUser.h */ = {isa = PBXFileReference; fileEncoding = 4; lastKnownFileType = sourcecode.c.h; name = LocalFlickrUser.h; path = Flickr/LocalFlickrUser.h; sourceTree = "<group>"; };
		126770E0141A5AD900EB2A3C /* LocalFlickrUser.m */ = {isa = PBXFileReference; fileEncoding = 4; lastKnownFileType = sourcecode.c.objc; name = LocalFlickrUser.m; path = Flickr/LocalFlickrUser.m; sourceTree = "<group>"; };
		126FE22F13D9C28E00D72D46 /* iOSSServicesViewController.h */ = {isa = PBXFileReference; fileEncoding = 4; lastKnownFileType = sourcecode.c.h; path = iOSSServicesViewController.h; sourceTree = "<group>"; };
		126FE23013D9C28E00D72D46 /* iOSSServicesViewController.m */ = {isa = PBXFileReference; fileEncoding = 4; lastKnownFileType = sourcecode.c.objc; path = iOSSServicesViewController.m; sourceTree = "<group>"; };
		127E1D3A140A8F1000F815D6 /* iOSSocialAccountTableViewCell.h */ = {isa = PBXFileReference; fileEncoding = 4; lastKnownFileType = sourcecode.c.h; path = iOSSocialAccountTableViewCell.h; sourceTree = "<group>"; };
		127E1D3B140A8F1000F815D6 /* iOSSocialAccountTableViewCell.m */ = {isa = PBXFileReference; fileEncoding = 4; lastKnownFileType = sourcecode.c.objc; path = iOSSocialAccountTableViewCell.m; sourceTree = "<group>"; };
		127E1D93140AA4CA00F815D6 /* GTMOAuthViewControllerTouch.h */ = {isa = PBXFileReference; fileEncoding = 4; lastKnownFileType = sourcecode.c.h; path = GTMOAuthViewControllerTouch.h; sourceTree = "<group>"; };
		127E1D94140AA4CA00F815D6 /* GTMOAuthViewControllerTouch.m */ = {isa = PBXFileReference; fileEncoding = 4; lastKnownFileType = sourcecode.c.objc; path = GTMOAuthViewControllerTouch.m; sourceTree = "<group>"; };
		127E1D99140AA4DC00F815D6 /* GTMOAuth2ViewControllerTouch.h */ = {isa = PBXFileReference; fileEncoding = 4; lastKnownFileType = sourcecode.c.h; path = GTMOAuth2ViewControllerTouch.h; sourceTree = "<group>"; };
		127E1D9A140AA4DC00F815D6 /* GTMOAuth2ViewControllerTouch.m */ = {isa = PBXFileReference; fileEncoding = 4; lastKnownFileType = sourcecode.c.objc; path = GTMOAuth2ViewControllerTouch.m; sourceTree = "<group>"; };
		127E1DD9140ABCC900F815D6 /* iOSSocialConstants.h */ = {isa = PBXFileReference; fileEncoding = 4; lastKnownFileType = sourcecode.c.h; path = iOSSocialConstants.h; sourceTree = "<group>"; };
		127E1DDC140B1A9400F815D6 /* iOSSocialServicesNavigationController.h */ = {isa = PBXFileReference; fileEncoding = 4; lastKnownFileType = sourcecode.c.h; path = iOSSocialServicesNavigationController.h; sourceTree = "<group>"; };
		127E1DDD140B1A9400F815D6 /* iOSSocialServicesNavigationController.m */ = {isa = PBXFileReference; fileEncoding = 4; lastKnownFileType = sourcecode.c.objc; path = iOSSocialServicesNavigationController.m; sourceTree = "<group>"; };
		1286BC9713EC560400A12786 /* iOSServicesDataSource.h */ = {isa = PBXFileReference; fileEncoding = 4; lastKnownFileType = sourcecode.c.h; path = iOSServicesDataSource.h; sourceTree = "<group>"; };
		1286BC9813EC560400A12786 /* iOSServicesDataSource.m */ = {isa = PBXFileReference; fileEncoding = 4; lastKnownFileType = sourcecode.c.objc; path = iOSServicesDataSource.m; sourceTree = "<group>"; };
		1286BC9913EC560400A12786 /* iOSSService.h */ = {isa = PBXFileReference; fileEncoding = 4; lastKnownFileType = sourcecode.c.h; path = iOSSService.h; sourceTree = "<group>"; };
		1286BC9A13EC560400A12786 /* iOSSService.m */ = {isa = PBXFileReference; fileEncoding = 4; lastKnownFileType = sourcecode.c.objc; path = iOSSService.m; sourceTree = "<group>"; };
		1286BC9B13EC560400A12786 /* iOSSServiceTableViewCell.h */ = {isa = PBXFileReference; fileEncoding = 4; lastKnownFileType = sourcecode.c.h; path = iOSSServiceTableViewCell.h; sourceTree = "<group>"; };
		1286BC9C13EC560400A12786 /* iOSSServiceTableViewCell.m */ = {isa = PBXFileReference; fileEncoding = 4; lastKnownFileType = sourcecode.c.objc; path = iOSSServiceTableViewCell.m; sourceTree = "<group>"; };
		1286BCA413EC56EF00A12786 /* ASIAuthenticationDialog.h */ = {isa = PBXFileReference; fileEncoding = 4; lastKnownFileType = sourcecode.c.h; name = ASIAuthenticationDialog.h; path = "../../asi-http-request/Classes/ASIAuthenticationDialog.h"; sourceTree = "<group>"; };
		1286BCA513EC56EF00A12786 /* ASIAuthenticationDialog.m */ = {isa = PBXFileReference; fileEncoding = 4; lastKnownFileType = sourcecode.c.objc; name = ASIAuthenticationDialog.m; path = "../../asi-http-request/Classes/ASIAuthenticationDialog.m"; sourceTree = "<group>"; };
		1286BCA613EC56EF00A12786 /* ASICacheDelegate.h */ = {isa = PBXFileReference; fileEncoding = 4; lastKnownFileType = sourcecode.c.h; name = ASICacheDelegate.h; path = "../../asi-http-request/Classes/ASICacheDelegate.h"; sourceTree = "<group>"; };
		1286BCA713EC56EF00A12786 /* ASIDataCompressor.h */ = {isa = PBXFileReference; fileEncoding = 4; lastKnownFileType = sourcecode.c.h; name = ASIDataCompressor.h; path = "../../asi-http-request/Classes/ASIDataCompressor.h"; sourceTree = "<group>"; };
		1286BCA813EC56EF00A12786 /* ASIDataCompressor.m */ = {isa = PBXFileReference; fileEncoding = 4; lastKnownFileType = sourcecode.c.objc; name = ASIDataCompressor.m; path = "../../asi-http-request/Classes/ASIDataCompressor.m"; sourceTree = "<group>"; };
		1286BCA913EC56EF00A12786 /* ASIDataDecompressor.h */ = {isa = PBXFileReference; fileEncoding = 4; lastKnownFileType = sourcecode.c.h; name = ASIDataDecompressor.h; path = "../../asi-http-request/Classes/ASIDataDecompressor.h"; sourceTree = "<group>"; };
		1286BCAA13EC56EF00A12786 /* ASIDataDecompressor.m */ = {isa = PBXFileReference; fileEncoding = 4; lastKnownFileType = sourcecode.c.objc; name = ASIDataDecompressor.m; path = "../../asi-http-request/Classes/ASIDataDecompressor.m"; sourceTree = "<group>"; };
		1286BCAB13EC56EF00A12786 /* ASIDownloadCache.h */ = {isa = PBXFileReference; fileEncoding = 4; lastKnownFileType = sourcecode.c.h; name = ASIDownloadCache.h; path = "../../asi-http-request/Classes/ASIDownloadCache.h"; sourceTree = "<group>"; };
		1286BCAC13EC56EF00A12786 /* ASIDownloadCache.m */ = {isa = PBXFileReference; fileEncoding = 4; lastKnownFileType = sourcecode.c.objc; name = ASIDownloadCache.m; path = "../../asi-http-request/Classes/ASIDownloadCache.m"; sourceTree = "<group>"; };
		1286BCAD13EC56EF00A12786 /* ASIFormDataRequest.h */ = {isa = PBXFileReference; fileEncoding = 4; lastKnownFileType = sourcecode.c.h; name = ASIFormDataRequest.h; path = "../../asi-http-request/Classes/ASIFormDataRequest.h"; sourceTree = "<group>"; };
		1286BCAE13EC56EF00A12786 /* ASIFormDataRequest.m */ = {isa = PBXFileReference; fileEncoding = 4; lastKnownFileType = sourcecode.c.objc; name = ASIFormDataRequest.m; path = "../../asi-http-request/Classes/ASIFormDataRequest.m"; sourceTree = "<group>"; };
		1286BCAF13EC56EF00A12786 /* ASIHTTPRequest.h */ = {isa = PBXFileReference; fileEncoding = 4; lastKnownFileType = sourcecode.c.h; name = ASIHTTPRequest.h; path = "../../asi-http-request/Classes/ASIHTTPRequest.h"; sourceTree = "<group>"; };
		1286BCB013EC56EF00A12786 /* ASIHTTPRequest.m */ = {isa = PBXFileReference; fileEncoding = 4; lastKnownFileType = sourcecode.c.objc; name = ASIHTTPRequest.m; path = "../../asi-http-request/Classes/ASIHTTPRequest.m"; sourceTree = "<group>"; };
		1286BCB113EC56EF00A12786 /* ASIHTTPRequestConfig.h */ = {isa = PBXFileReference; fileEncoding = 4; lastKnownFileType = sourcecode.c.h; name = ASIHTTPRequestConfig.h; path = "../../asi-http-request/Classes/ASIHTTPRequestConfig.h"; sourceTree = "<group>"; };
		1286BCB213EC56EF00A12786 /* ASIHTTPRequestDelegate.h */ = {isa = PBXFileReference; fileEncoding = 4; lastKnownFileType = sourcecode.c.h; name = ASIHTTPRequestDelegate.h; path = "../../asi-http-request/Classes/ASIHTTPRequestDelegate.h"; sourceTree = "<group>"; };
		1286BCB313EC56EF00A12786 /* ASIInputStream.h */ = {isa = PBXFileReference; fileEncoding = 4; lastKnownFileType = sourcecode.c.h; name = ASIInputStream.h; path = "../../asi-http-request/Classes/ASIInputStream.h"; sourceTree = "<group>"; };
		1286BCB413EC56EF00A12786 /* ASIInputStream.m */ = {isa = PBXFileReference; fileEncoding = 4; lastKnownFileType = sourcecode.c.objc; name = ASIInputStream.m; path = "../../asi-http-request/Classes/ASIInputStream.m"; sourceTree = "<group>"; };
		1286BCB513EC56EF00A12786 /* ASINetworkQueue.h */ = {isa = PBXFileReference; fileEncoding = 4; lastKnownFileType = sourcecode.c.h; name = ASINetworkQueue.h; path = "../../asi-http-request/Classes/ASINetworkQueue.h"; sourceTree = "<group>"; };
		1286BCB613EC56EF00A12786 /* ASINetworkQueue.m */ = {isa = PBXFileReference; fileEncoding = 4; lastKnownFileType = sourcecode.c.objc; name = ASINetworkQueue.m; path = "../../asi-http-request/Classes/ASINetworkQueue.m"; sourceTree = "<group>"; };
		1286BCB713EC56EF00A12786 /* ASIProgressDelegate.h */ = {isa = PBXFileReference; fileEncoding = 4; lastKnownFileType = sourcecode.c.h; name = ASIProgressDelegate.h; path = "../../asi-http-request/Classes/ASIProgressDelegate.h"; sourceTree = "<group>"; };
		1286BCCD13EC570100A12786 /* Reachability.h */ = {isa = PBXFileReference; fileEncoding = 4; lastKnownFileType = sourcecode.c.h; name = Reachability.h; path = "../../asi-http-request/External/Reachability/Reachability.h"; sourceTree = "<group>"; };
		1286BCCE13EC570100A12786 /* Reachability.m */ = {isa = PBXFileReference; fileEncoding = 4; lastKnownFileType = sourcecode.c.objc; name = Reachability.m; path = "../../asi-http-request/External/Reachability/Reachability.m"; sourceTree = "<group>"; };
		1286BCD213EC576600A12786 /* PRPSmartTableViewCell.h */ = {isa = PBXFileReference; fileEncoding = 4; lastKnownFileType = sourcecode.c.h; name = PRPSmartTableViewCell.h; path = ../../prp/PRPSmartTableViewCell.h; sourceTree = "<group>"; };
		1286BCD313EC576600A12786 /* PRPSmartTableViewCell.m */ = {isa = PBXFileReference; fileEncoding = 4; lastKnownFileType = sourcecode.c.objc; name = PRPSmartTableViewCell.m; path = ../../prp/PRPSmartTableViewCell.m; sourceTree = "<group>"; };
		1299F6CD141F9EE900A3C2F3 /* ASIOARequest.h */ = {isa = PBXFileReference; fileEncoding = 4; lastKnownFileType = sourcecode.c.h; path = ASIOARequest.h; sourceTree = "<group>"; };
		1299F6CE141F9EE900A3C2F3 /* ASIOARequest.m */ = {isa = PBXFileReference; fileEncoding = 4; lastKnownFileType = sourcecode.c.objc; path = ASIOARequest.m; sourceTree = "<group>"; };
		1299F6CF141F9EE900A3C2F3 /* ASIOAuthParameter.h */ = {isa = PBXFileReference; fileEncoding = 4; lastKnownFileType = sourcecode.c.h; path = ASIOAuthParameter.h; sourceTree = "<group>"; };
		1299F6D0141F9EE900A3C2F3 /* ASIOAuthParameter.m */ = {isa = PBXFileReference; fileEncoding = 4; lastKnownFileType = sourcecode.c.objc; path = ASIOAuthParameter.m; sourceTree = "<group>"; };
		12AB358013DDBAE100565332 /* GTMOAuth2Authentication.h */ = {isa = PBXFileReference; fileEncoding = 4; lastKnownFileType = sourcecode.c.h; name = GTMOAuth2Authentication.h; path = "../../gtm-oauth2/Source/GTMOAuth2Authentication.h"; sourceTree = "<group>"; };
		12AB358113DDBAE100565332 /* GTMOAuth2Authentication.m */ = {isa = PBXFileReference; fileEncoding = 4; lastKnownFileType = sourcecode.c.objc; name = GTMOAuth2Authentication.m; path = "../../gtm-oauth2/Source/GTMOAuth2Authentication.m"; sourceTree = "<group>"; };
		12AB358213DDBAE100565332 /* GTMOAuth2SignIn.h */ = {isa = PBXFileReference; fileEncoding = 4; lastKnownFileType = sourcecode.c.h; name = GTMOAuth2SignIn.h; path = "../../gtm-oauth2/Source/GTMOAuth2SignIn.h"; sourceTree = "<group>"; };
		12AB358313DDBAE100565332 /* GTMOAuth2SignIn.m */ = {isa = PBXFileReference; fileEncoding = 4; lastKnownFileType = sourcecode.c.objc; name = GTMOAuth2SignIn.m; path = "../../gtm-oauth2/Source/GTMOAuth2SignIn.m"; sourceTree = "<group>"; };
		12AB358E13DDBB1800565332 /* GTMOAuthAuthentication.h */ = {isa = PBXFileReference; fileEncoding = 4; lastKnownFileType = sourcecode.c.h; name = GTMOAuthAuthentication.h; path = "../../gtm-oauth/Source/GTMOAuthAuthentication.h"; sourceTree = "<group>"; };
		12AB358F13DDBB1800565332 /* GTMOAuthAuthentication.m */ = {isa = PBXFileReference; fileEncoding = 4; lastKnownFileType = sourcecode.c.objc; name = GTMOAuthAuthentication.m; path = "../../gtm-oauth/Source/GTMOAuthAuthentication.m"; sourceTree = "<group>"; };
		12AB359013DDBB1800565332 /* GTMOAuthSignIn.h */ = {isa = PBXFileReference; fileEncoding = 4; lastKnownFileType = sourcecode.c.h; name = GTMOAuthSignIn.h; path = "../../gtm-oauth/Source/GTMOAuthSignIn.h"; sourceTree = "<group>"; };
		12AB359113DDBB1800565332 /* GTMOAuthSignIn.m */ = {isa = PBXFileReference; fileEncoding = 4; lastKnownFileType = sourcecode.c.objc; name = GTMOAuthSignIn.m; path = "../../gtm-oauth/Source/GTMOAuthSignIn.m"; sourceTree = "<group>"; };
		12AB359D13DDBF5700565332 /* GTMHTTPFetcher.h */ = {isa = PBXFileReference; fileEncoding = 4; lastKnownFileType = sourcecode.c.h; name = GTMHTTPFetcher.h; path = "../../gtm-http-fetcher/Source/GTMHTTPFetcher.h"; sourceTree = "<group>"; };
		12AB359E13DDBF5700565332 /* GTMHTTPFetcher.m */ = {isa = PBXFileReference; fileEncoding = 4; lastKnownFileType = sourcecode.c.objc; name = GTMHTTPFetcher.m; path = "../../gtm-http-fetcher/Source/GTMHTTPFetcher.m"; sourceTree = "<group>"; };
		12AB3A0C13DF13D300565332 /* iOSSocialUser.h */ = {isa = PBXFileReference; fileEncoding = 4; lastKnownFileType = sourcecode.c.h; path = iOSSocialUser.h; sourceTree = "<group>"; };
		12AB3A0D13DF13D400565332 /* iOSSocialUser.m */ = {isa = PBXFileReference; fileEncoding = 4; lastKnownFileType = sourcecode.c.objc; path = iOSSocialUser.m; sourceTree = "<group>"; };
		12AB3A1013DF13ED00565332 /* iOSSocialLocalUser.h */ = {isa = PBXFileReference; fileEncoding = 4; lastKnownFileType = sourcecode.c.h; path = iOSSocialLocalUser.h; sourceTree = "<group>"; };
		12AB3A1113DF13EE00565332 /* iOSSocialLocalUser.m */ = {isa = PBXFileReference; fileEncoding = 4; lastKnownFileType = sourcecode.c.objc; path = iOSSocialLocalUser.m; sourceTree = "<group>"; };
		12AB3B7D13DF842500565332 /* Foursquare.h */ = {isa = PBXFileReference; fileEncoding = 4; lastKnownFileType = sourcecode.c.h; name = Foursquare.h; path = Foursquare/Foursquare.h; sourceTree = "<group>"; };
		12AB3B7E13DF842500565332 /* Foursquare.m */ = {isa = PBXFileReference; fileEncoding = 4; lastKnownFileType = sourcecode.c.objc; name = Foursquare.m; path = Foursquare/Foursquare.m; sourceTree = "<group>"; };
		12AB3B7F13DF842500565332 /* FoursquareUser.h */ = {isa = PBXFileReference; fileEncoding = 4; lastKnownFileType = sourcecode.c.h; name = FoursquareUser.h; path = Foursquare/FoursquareUser.h; sourceTree = "<group>"; };
		12AB3B8013DF842500565332 /* FoursquareUser.m */ = {isa = PBXFileReference; fileEncoding = 4; lastKnownFileType = sourcecode.c.objc; name = FoursquareUser.m; path = Foursquare/FoursquareUser.m; sourceTree = "<group>"; };
		12AB3B8113DF842500565332 /* FoursquareUser+Private.h */ = {isa = PBXFileReference; fileEncoding = 4; lastKnownFileType = sourcecode.c.h; name = "FoursquareUser+Private.h"; path = "Foursquare/FoursquareUser+Private.h"; sourceTree = "<group>"; };
		12AB3B8213DF842500565332 /* LocalFoursquareUser.h */ = {isa = PBXFileReference; fileEncoding = 4; lastKnownFileType = sourcecode.c.h; name = LocalFoursquareUser.h; path = Foursquare/LocalFoursquareUser.h; sourceTree = "<group>"; };
		12AB3B8313DF842500565332 /* LocalFoursquareUser.m */ = {isa = PBXFileReference; fileEncoding = 4; lastKnownFileType = sourcecode.c.objc; name = LocalFoursquareUser.m; path = Foursquare/LocalFoursquareUser.m; sourceTree = "<group>"; };
		12AB3B8B13DF843E00565332 /* LocalTwitterUser.h */ = {isa = PBXFileReference; fileEncoding = 4; lastKnownFileType = sourcecode.c.h; name = LocalTwitterUser.h; path = Twitter/LocalTwitterUser.h; sourceTree = "<group>"; };
		12AB3B8C13DF843E00565332 /* LocalTwitterUser.m */ = {isa = PBXFileReference; fileEncoding = 4; lastKnownFileType = sourcecode.c.objc; name = LocalTwitterUser.m; path = Twitter/LocalTwitterUser.m; sourceTree = "<group>"; };
		12AB3B8E13DF843E00565332 /* Twitter.h */ = {isa = PBXFileReference; fileEncoding = 4; lastKnownFileType = sourcecode.c.h; name = Twitter.h; path = Twitter/Twitter.h; sourceTree = "<group>"; };
		12AB3B8F13DF843E00565332 /* Twitter.m */ = {isa = PBXFileReference; fileEncoding = 4; lastKnownFileType = sourcecode.c.objc; name = Twitter.m; path = Twitter/Twitter.m; sourceTree = "<group>"; };
		12AB3B9013DF843E00565332 /* TwitterUser.h */ = {isa = PBXFileReference; fileEncoding = 4; lastKnownFileType = sourcecode.c.h; name = TwitterUser.h; path = Twitter/TwitterUser.h; sourceTree = "<group>"; };
		12AB3B9113DF843E00565332 /* TwitterUser.m */ = {isa = PBXFileReference; fileEncoding = 4; lastKnownFileType = sourcecode.c.objc; name = TwitterUser.m; path = Twitter/TwitterUser.m; sourceTree = "<group>"; };
		12AB3B9213DF843E00565332 /* TwitterUser+Private.h */ = {isa = PBXFileReference; fileEncoding = 4; lastKnownFileType = sourcecode.c.h; name = "TwitterUser+Private.h"; path = "Twitter/TwitterUser+Private.h"; sourceTree = "<group>"; };
		12AB3B9D13DF846B00565332 /* Instagram.h */ = {isa = PBXFileReference; fileEncoding = 4; lastKnownFileType = sourcecode.c.h; name = Instagram.h; path = Instagram/Instagram.h; sourceTree = "<group>"; };
		12AB3B9E13DF846B00565332 /* Instagram.m */ = {isa = PBXFileReference; fileEncoding = 4; lastKnownFileType = sourcecode.c.objc; name = Instagram.m; path = Instagram/Instagram.m; sourceTree = "<group>"; };
		12AB3B9F13DF846B00565332 /* InstagramMedia.h */ = {isa = PBXFileReference; fileEncoding = 4; lastKnownFileType = sourcecode.c.h; name = InstagramMedia.h; path = Instagram/InstagramMedia.h; sourceTree = "<group>"; };
		12AB3BA013DF846B00565332 /* InstagramMedia.m */ = {isa = PBXFileReference; fileEncoding = 4; lastKnownFileType = sourcecode.c.objc; name = InstagramMedia.m; path = Instagram/InstagramMedia.m; sourceTree = "<group>"; };
		12AB3BA113DF846B00565332 /* InstagramMediaCollection.h */ = {isa = PBXFileReference; fileEncoding = 4; lastKnownFileType = sourcecode.c.h; name = InstagramMediaCollection.h; path = Instagram/InstagramMediaCollection.h; sourceTree = "<group>"; };
		12AB3BA213DF846B00565332 /* InstagramMediaCollection.m */ = {isa = PBXFileReference; fileEncoding = 4; lastKnownFileType = sourcecode.c.objc; name = InstagramMediaCollection.m; path = Instagram/InstagramMediaCollection.m; sourceTree = "<group>"; };
		12AB3BA313DF846B00565332 /* InstagramUser.h */ = {isa = PBXFileReference; fileEncoding = 4; lastKnownFileType = sourcecode.c.h; name = InstagramUser.h; path = Instagram/InstagramUser.h; sourceTree = "<group>"; };
		12AB3BA413DF846B00565332 /* InstagramUser.m */ = {isa = PBXFileReference; fileEncoding = 4; lastKnownFileType = sourcecode.c.objc; name = InstagramUser.m; path = Instagram/InstagramUser.m; sourceTree = "<group>"; };
		12AB3BA513DF846B00565332 /* InstagramUser+Private.h */ = {isa = PBXFileReference; fileEncoding = 4; lastKnownFileType = sourcecode.c.h; name = "InstagramUser+Private.h"; path = "Instagram/InstagramUser+Private.h"; sourceTree = "<group>"; };
		12AB3BA613DF846B00565332 /* InstagramUserCollection.h */ = {isa = PBXFileReference; fileEncoding = 4; lastKnownFileType = sourcecode.c.h; name = InstagramUserCollection.h; path = Instagram/InstagramUserCollection.h; sourceTree = "<group>"; };
		12AB3BA713DF846B00565332 /* InstagramUserCollection.m */ = {isa = PBXFileReference; fileEncoding = 4; lastKnownFileType = sourcecode.c.objc; name = InstagramUserCollection.m; path = Instagram/InstagramUserCollection.m; sourceTree = "<group>"; };
		12AB3BA813DF846B00565332 /* LocalInstagramUser.h */ = {isa = PBXFileReference; fileEncoding = 4; lastKnownFileType = sourcecode.c.h; name = LocalInstagramUser.h; path = Instagram/LocalInstagramUser.h; sourceTree = "<group>"; };
		12AB3BA913DF846B00565332 /* LocalInstagramUser.m */ = {isa = PBXFileReference; fileEncoding = 4; lastKnownFileType = sourcecode.c.objc; name = LocalInstagramUser.m; path = Instagram/LocalInstagramUser.m; sourceTree = "<group>"; };
		12AB3BBB13DF849500565332 /* GTMOAuthAuthentication+Additions.h */ = {isa = PBXFileReference; fileEncoding = 4; lastKnownFileType = sourcecode.c.h; name = "GTMOAuthAuthentication+Additions.h"; path = "OAuth/GTMOAuthAuthentication+Additions.h"; sourceTree = "<group>"; };
		12AB3BBC13DF849500565332 /* GTMOAuthAuthentication+Additions.m */ = {isa = PBXFileReference; fileEncoding = 4; lastKnownFileType = sourcecode.c.objc; name = "GTMOAuthAuthentication+Additions.m"; path = "OAuth/GTMOAuthAuthentication+Additions.m"; sourceTree = "<group>"; };
		12AB3BBD13DF849500565332 /* iOSSocialServiceOAuth1Provider.h */ = {isa = PBXFileReference; fileEncoding = 4; lastKnownFileType = sourcecode.c.h; name = iOSSocialServiceOAuth1Provider.h; path = OAuth/iOSSocialServiceOAuth1Provider.h; sourceTree = "<group>"; };
		12AB3BBE13DF849500565332 /* iOSSocialServiceOAuth1Provider.m */ = {isa = PBXFileReference; fileEncoding = 4; lastKnownFileType = sourcecode.c.objc; name = iOSSocialServiceOAuth1Provider.m; path = OAuth/iOSSocialServiceOAuth1Provider.m; sourceTree = "<group>"; };
		12AB3BBF13DF849500565332 /* iOSSocialServiceOAuth1ProviderConstants.h */ = {isa = PBXFileReference; fileEncoding = 4; lastKnownFileType = sourcecode.c.h; name = iOSSocialServiceOAuth1ProviderConstants.h; path = OAuth/iOSSocialServiceOAuth1ProviderConstants.h; sourceTree = "<group>"; };
		12AB3BC013DF849500565332 /* iOSSocialServiceOAuth2Provider.h */ = {isa = PBXFileReference; fileEncoding = 4; lastKnownFileType = sourcecode.c.h; name = iOSSocialServiceOAuth2Provider.h; path = OAuth/iOSSocialServiceOAuth2Provider.h; sourceTree = "<group>"; };
		12AB3BC113DF849500565332 /* iOSSocialServiceOAuth2Provider.m */ = {isa = PBXFileReference; fileEncoding = 4; lastKnownFileType = sourcecode.c.objc; name = iOSSocialServiceOAuth2Provider.m; path = OAuth/iOSSocialServiceOAuth2Provider.m; sourceTree = "<group>"; };
		12AB3BC213DF849500565332 /* iOSSocialServiceOAuth2ProviderConstants.h */ = {isa = PBXFileReference; fileEncoding = 4; lastKnownFileType = sourcecode.c.h; name = iOSSocialServiceOAuth2ProviderConstants.h; path = OAuth/iOSSocialServiceOAuth2ProviderConstants.h; sourceTree = "<group>"; };
		12AB3BCB13DF84AC00565332 /* iOSSLog.h */ = {isa = PBXFileReference; fileEncoding = 4; lastKnownFileType = sourcecode.c.h; name = iOSSLog.h; path = Utilities/Log/iOSSLog.h; sourceTree = "<group>"; };
		12AB3BCC13DF84AC00565332 /* iOSSLog.m */ = {isa = PBXFileReference; fileEncoding = 4; lastKnownFileType = sourcecode.c.objc; name = iOSSLog.m; path = Utilities/Log/iOSSLog.m; sourceTree = "<group>"; };
		12AB3BDD13DF84D800565332 /* iOSSRequest.h */ = {isa = PBXFileReference; fileEncoding = 4; lastKnownFileType = sourcecode.c.h; name = iOSSRequest.h; path = Utilities/Connection/iOSSRequest.h; sourceTree = "<group>"; };
		12AB3BDE13DF84D800565332 /* iOSSRequest.m */ = {isa = PBXFileReference; fileEncoding = 4; lastKnownFileType = sourcecode.c.objc; name = iOSSRequest.m; path = Utilities/Connection/iOSSRequest.m; sourceTree = "<group>"; };
		12B4F201140A0D46002E98A6 /* iOSSocialServicesStore.h */ = {isa = PBXFileReference; fileEncoding = 4; lastKnownFileType = sourcecode.c.h; path = iOSSocialServicesStore.h; sourceTree = "<group>"; };
		12B4F202140A0D46002E98A6 /* iOSSocialServicesStore.m */ = {isa = PBXFileReference; fileEncoding = 4; lastKnownFileType = sourcecode.c.objc; path = iOSSocialServicesStore.m; sourceTree = "<group>"; };
		12B4F20C140A2023002E98A6 /* iOSSocialOAuth.h */ = {isa = PBXFileReference; fileEncoding = 4; lastKnownFileType = sourcecode.c.h; name = iOSSocialOAuth.h; path = OAuth/iOSSocialOAuth.h; sourceTree = "<group>"; };
		12B4F264140A2E25002E98A6 /* foursquare_trans.png */ = {isa = PBXFileReference; lastKnownFileType = image.png; name = foursquare_trans.png; path = Foursquare/foursquare_trans.png; sourceTree = "<group>"; };
		12ECADD213D5BDD100C1297B /* Three20.xcodeproj */ = {isa = PBXFileReference; lastKnownFileType = "wrapper.pb-project"; name = Three20.xcodeproj; path = ../three20/src/Three20/Three20.xcodeproj; sourceTree = "<group>"; };
		12ECAE0413D5BF0700C1297B /* Three20Core.xcodeproj */ = {isa = PBXFileReference; lastKnownFileType = "wrapper.pb-project"; name = Three20Core.xcodeproj; path = ../three20/src/Three20Core/Three20Core.xcodeproj; sourceTree = "<group>"; };
		12ECAE0D13D5BF1100C1297B /* Three20Network.xcodeproj */ = {isa = PBXFileReference; lastKnownFileType = "wrapper.pb-project"; name = Three20Network.xcodeproj; path = ../three20/src/Three20Network/Three20Network.xcodeproj; sourceTree = "<group>"; };
		12ECAE1C13D5BF6500C1297B /* Three20Style.xcodeproj */ = {isa = PBXFileReference; lastKnownFileType = "wrapper.pb-project"; name = Three20Style.xcodeproj; path = ../three20/src/Three20Style/Three20Style.xcodeproj; sourceTree = "<group>"; };
		12ECAE2513D5BF6B00C1297B /* Three20UICommon.xcodeproj */ = {isa = PBXFileReference; lastKnownFileType = "wrapper.pb-project"; name = Three20UICommon.xcodeproj; path = "/Users/christopherwhite/Documents/iOSSocial/iOSSocial-master/iOSSocial/three20/src/Three20/../Three20UICommon/Three20UICommon.xcodeproj"; sourceTree = "<absolute>"; };
		12ECAE2E13D5BF7000C1297B /* Three20UINavigator.xcodeproj */ = {isa = PBXFileReference; lastKnownFileType = "wrapper.pb-project"; name = Three20UINavigator.xcodeproj; path = "/Users/christopherwhite/Documents/iOSSocial/iOSSocial-master/iOSSocial/three20/src/Three20/../Three20UINavigator/Three20UINavigator.xcodeproj"; sourceTree = "<absolute>"; };
		12ECAE3713D5BF7D00C1297B /* Three20UI.xcodeproj */ = {isa = PBXFileReference; lastKnownFileType = "wrapper.pb-project"; name = Three20UI.xcodeproj; path = "/Users/christopherwhite/Documents/iOSSocial/iOSSocial-master/iOSSocial/three20/src/Three20/../Three20UI/Three20UI.xcodeproj"; sourceTree = "<absolute>"; };
		12ECAE5513D5D46D00C1297B /* Three20.bundle */ = {isa = PBXFileReference; lastKnownFileType = "wrapper.plug-in"; name = Three20.bundle; path = ../three20/src/Three20.bundle; sourceTree = "<group>"; };
/* End PBXFileReference section */

/* Begin PBXFrameworksBuildPhase section */
		1264A12913D08B900085E394 /* Frameworks */ = {
			isa = PBXFrameworksBuildPhase;
			buildActionMask = 2147483647;
			files = (
				12ECAE4013D5D3E700C1297B /* libThree20.a in Frameworks */,
				12ECAE4113D5D3E700C1297B /* libThree20Core.a in Frameworks */,
				12ECAE4213D5D3E700C1297B /* libThree20Network.a in Frameworks */,
				12ECAE4313D5D3E700C1297B /* libThree20Style.a in Frameworks */,
				12ECAE4413D5D3E700C1297B /* libThree20UI.a in Frameworks */,
				12ECAE4513D5D3E700C1297B /* libThree20UICommon.a in Frameworks */,
				12ECAE4613D5D3E700C1297B /* libThree20UINavigator.a in Frameworks */,
				1264A16B13D0951E0085E394 /* UIKit.framework in Frameworks */,
				1264A13013D08B900085E394 /* Foundation.framework in Frameworks */,
			);
			runOnlyForDeploymentPostprocessing = 0;
		};
		1264A13813D08B900085E394 /* Frameworks */ = {
			isa = PBXFrameworksBuildPhase;
			buildActionMask = 2147483647;
			files = (
				1264A13E13D08B900085E394 /* SenTestingKit.framework in Frameworks */,
				1264A14013D08B900085E394 /* UIKit.framework in Frameworks */,
				1264A14113D08B900085E394 /* Foundation.framework in Frameworks */,
				1264A14313D08B900085E394 /* CoreGraphics.framework in Frameworks */,
				1264A14613D08B900085E394 /* libiOSSocial.a in Frameworks */,
			);
			runOnlyForDeploymentPostprocessing = 0;
		};
/* End PBXFrameworksBuildPhase section */

/* Begin PBXGroup section */
		1264A12113D08B900085E394 = {
			isa = PBXGroup;
			children = (
				12ECAE5513D5D46D00C1297B /* Three20.bundle */,
				12ECAE3713D5BF7D00C1297B /* Three20UI.xcodeproj */,
				12ECAE2E13D5BF7000C1297B /* Three20UINavigator.xcodeproj */,
				12ECAE2513D5BF6B00C1297B /* Three20UICommon.xcodeproj */,
				12ECAE1C13D5BF6500C1297B /* Three20Style.xcodeproj */,
				12ECAE0D13D5BF1100C1297B /* Three20Network.xcodeproj */,
				12ECAE0413D5BF0700C1297B /* Three20Core.xcodeproj */,
				12ECADD213D5BDD100C1297B /* Three20.xcodeproj */,
				1264A13113D08B900085E394 /* iOSSocial */,
				1264A14713D08B900085E394 /* iOSSocialTests */,
				1264A12E13D08B900085E394 /* Frameworks */,
				1264A12D13D08B900085E394 /* Products */,
			);
			sourceTree = "<group>";
		};
		1264A12D13D08B900085E394 /* Products */ = {
			isa = PBXGroup;
			children = (
				1264A12C13D08B900085E394 /* libiOSSocial.a */,
				1264A13C13D08B900085E394 /* iOSSocialTests.octest */,
			);
			name = Products;
			sourceTree = "<group>";
		};
		1264A12E13D08B900085E394 /* Frameworks */ = {
			isa = PBXGroup;
			children = (
				1264A16A13D0951E0085E394 /* UIKit.framework */,
				1264A12F13D08B900085E394 /* Foundation.framework */,
				1264A13D13D08B900085E394 /* SenTestingKit.framework */,
				1264A13F13D08B900085E394 /* UIKit.framework */,
				1264A14213D08B900085E394 /* CoreGraphics.framework */,
			);
			name = Frameworks;
			sourceTree = "<group>";
		};
		1264A13113D08B900085E394 /* iOSSocial */ = {
			isa = PBXGroup;
			children = (
				126770CF141A5AC700EB2A3C /* Flickr */,
				1286BCD113EC575B00A12786 /* prp */,
				1286BCA313EC568400A12786 /* asi-http-request */,
				12AB3BBA13DF848500565332 /* OAuth */,
				12AB3BB913DF847800565332 /* Facebook */,
				12AB359C13DDBF4700565332 /* gtm-http-fetcher */,
				126FE2BF13DA20C600D72D46 /* Foursquare */,
				126FE24F13D9C7C400D72D46 /* Twitter */,
				126FE23913D9C55F00D72D46 /* gtm-oauth */,
				126FE23813D9C2AC00D72D46 /* Utilities */,
				126FE23713D9C29E00D72D46 /* ViewControllers */,
				1264A16C13D0965E0085E394 /* gtm-oauth2 */,
				1264A15913D08CA80085E394 /* Instagram */,
				12AB3A0C13DF13D300565332 /* iOSSocialUser.h */,
				12AB3A0D13DF13D400565332 /* iOSSocialUser.m */,
				12AB3A1013DF13ED00565332 /* iOSSocialLocalUser.h */,
				12AB3A1113DF13EE00565332 /* iOSSocialLocalUser.m */,
				1286BC9713EC560400A12786 /* iOSServicesDataSource.h */,
				1286BC9813EC560400A12786 /* iOSServicesDataSource.m */,
				1286BC9913EC560400A12786 /* iOSSService.h */,
				1286BC9A13EC560400A12786 /* iOSSService.m */,
				1264A13213D08B900085E394 /* Supporting Files */,
				12B4F201140A0D46002E98A6 /* iOSSocialServicesStore.h */,
				12B4F202140A0D46002E98A6 /* iOSSocialServicesStore.m */,
				127E1DD9140ABCC900F815D6 /* iOSSocialConstants.h */,
			);
			path = iOSSocial;
			sourceTree = "<group>";
		};
		1264A13213D08B900085E394 /* Supporting Files */ = {
			isa = PBXGroup;
			children = (
				1264A13313D08B900085E394 /* iOSSocial-Prefix.pch */,
			);
			name = "Supporting Files";
			sourceTree = "<group>";
		};
		1264A14713D08B900085E394 /* iOSSocialTests */ = {
			isa = PBXGroup;
			children = (
				1264A14D13D08B900085E394 /* iOSSocialTests.h */,
				1264A14F13D08B900085E394 /* iOSSocialTests.m */,
				1264A14813D08B900085E394 /* Supporting Files */,
			);
			path = iOSSocialTests;
			sourceTree = "<group>";
		};
		1264A14813D08B900085E394 /* Supporting Files */ = {
			isa = PBXGroup;
			children = (
				1264A14913D08B900085E394 /* iOSSocialTests-Info.plist */,
				1264A14A13D08B900085E394 /* InfoPlist.strings */,
			);
			name = "Supporting Files";
			sourceTree = "<group>";
		};
		1264A15913D08CA80085E394 /* Instagram */ = {
			isa = PBXGroup;
			children = (
				12AB3B9D13DF846B00565332 /* Instagram.h */,
				12AB3B9E13DF846B00565332 /* Instagram.m */,
				12AB3B9F13DF846B00565332 /* InstagramMedia.h */,
				12AB3BA013DF846B00565332 /* InstagramMedia.m */,
				12AB3BA113DF846B00565332 /* InstagramMediaCollection.h */,
				12AB3BA213DF846B00565332 /* InstagramMediaCollection.m */,
				12AB3BA313DF846B00565332 /* InstagramUser.h */,
				12AB3BA413DF846B00565332 /* InstagramUser.m */,
				12AB3BA513DF846B00565332 /* InstagramUser+Private.h */,
				12AB3BA613DF846B00565332 /* InstagramUserCollection.h */,
				12AB3BA713DF846B00565332 /* InstagramUserCollection.m */,
				12AB3BA813DF846B00565332 /* LocalInstagramUser.h */,
				12AB3BA913DF846B00565332 /* LocalInstagramUser.m */,
			);
			name = Instagram;
			sourceTree = "<group>";
		};
		1264A16C13D0965E0085E394 /* gtm-oauth2 */ = {
			isa = PBXGroup;
			children = (
				127E1D98140AA4DC00F815D6 /* Touch */,
				12AB358013DDBAE100565332 /* GTMOAuth2Authentication.h */,
				12AB358113DDBAE100565332 /* GTMOAuth2Authentication.m */,
				12AB358213DDBAE100565332 /* GTMOAuth2SignIn.h */,
				12AB358313DDBAE100565332 /* GTMOAuth2SignIn.m */,
			);
			name = "gtm-oauth2";
			sourceTree = "<group>";
		};
		126770CF141A5AC700EB2A3C /* Flickr */ = {
			isa = PBXGroup;
			children = (
				126770DA141A5AD900EB2A3C /* Flickr.h */,
				126770DB141A5AD900EB2A3C /* Flickr.m */,
				126770DC141A5AD900EB2A3C /* FlickrUser.h */,
				126770DD141A5AD900EB2A3C /* FlickrUser.m */,
				126770DE141A5AD900EB2A3C /* FlickrUser+Private.h */,
				126770DF141A5AD900EB2A3C /* LocalFlickrUser.h */,
				126770E0141A5AD900EB2A3C /* LocalFlickrUser.m */,
			);
			name = Flickr;
			sourceTree = "<group>";
		};
		126FE22113D9C13600D72D46 /* Log */ = {
			isa = PBXGroup;
			children = (
				12AB3BCB13DF84AC00565332 /* iOSSLog.h */,
				12AB3BCC13DF84AC00565332 /* iOSSLog.m */,
			);
			name = Log;
			sourceTree = "<group>";
		};
		126FE23713D9C29E00D72D46 /* ViewControllers */ = {
			isa = PBXGroup;
			children = (
				126FE22F13D9C28E00D72D46 /* iOSSServicesViewController.h */,
				126FE23013D9C28E00D72D46 /* iOSSServicesViewController.m */,
				1286BC9B13EC560400A12786 /* iOSSServiceTableViewCell.h */,
				1286BC9C13EC560400A12786 /* iOSSServiceTableViewCell.m */,
				127E1D3A140A8F1000F815D6 /* iOSSocialAccountTableViewCell.h */,
				127E1D3B140A8F1000F815D6 /* iOSSocialAccountTableViewCell.m */,
				127E1DDC140B1A9400F815D6 /* iOSSocialServicesNavigationController.h */,
				127E1DDD140B1A9400F815D6 /* iOSSocialServicesNavigationController.m */,
			);
			name = ViewControllers;
			sourceTree = "<group>";
		};
		126FE23813D9C2AC00D72D46 /* Utilities */ = {
			isa = PBXGroup;
			children = (
				126FE22113D9C13600D72D46 /* Log */,
				12ECAC6513D4904400C1297B /* Connection */,
			);
			name = Utilities;
			sourceTree = "<group>";
		};
		126FE23913D9C55F00D72D46 /* gtm-oauth */ = {
			isa = PBXGroup;
			children = (
				127E1D92140AA4CA00F815D6 /* Touch */,
				12AB358E13DDBB1800565332 /* GTMOAuthAuthentication.h */,
				12AB358F13DDBB1800565332 /* GTMOAuthAuthentication.m */,
				12AB359013DDBB1800565332 /* GTMOAuthSignIn.h */,
				12AB359113DDBB1800565332 /* GTMOAuthSignIn.m */,
			);
			name = "gtm-oauth";
			sourceTree = "<group>";
		};
		126FE24F13D9C7C400D72D46 /* Twitter */ = {
			isa = PBXGroup;
			children = (
				12AB3B8B13DF843E00565332 /* LocalTwitterUser.h */,
				12AB3B8C13DF843E00565332 /* LocalTwitterUser.m */,
				12AB3B8E13DF843E00565332 /* Twitter.h */,
				12AB3B8F13DF843E00565332 /* Twitter.m */,
				12AB3B9013DF843E00565332 /* TwitterUser.h */,
				12AB3B9113DF843E00565332 /* TwitterUser.m */,
				12AB3B9213DF843E00565332 /* TwitterUser+Private.h */,
			);
			name = Twitter;
			sourceTree = "<group>";
		};
		126FE2BF13DA20C600D72D46 /* Foursquare */ = {
			isa = PBXGroup;
			children = (
				12B4F264140A2E25002E98A6 /* foursquare_trans.png */,
				12AB3B7D13DF842500565332 /* Foursquare.h */,
				12AB3B7E13DF842500565332 /* Foursquare.m */,
				12AB3B7F13DF842500565332 /* FoursquareUser.h */,
				12AB3B8013DF842500565332 /* FoursquareUser.m */,
				12AB3B8113DF842500565332 /* FoursquareUser+Private.h */,
				12AB3B8213DF842500565332 /* LocalFoursquareUser.h */,
				12AB3B8313DF842500565332 /* LocalFoursquareUser.m */,
			);
			name = Foursquare;
			sourceTree = "<group>";
		};
		127E1D92140AA4CA00F815D6 /* Touch */ = {
			isa = PBXGroup;
			children = (
				127E1D93140AA4CA00F815D6 /* GTMOAuthViewControllerTouch.h */,
				127E1D94140AA4CA00F815D6 /* GTMOAuthViewControllerTouch.m */,
			);
			name = Touch;
			path = "../../gtm-oauth/Source/Touch";
			sourceTree = "<group>";
		};
		127E1D98140AA4DC00F815D6 /* Touch */ = {
			isa = PBXGroup;
			children = (
				127E1D99140AA4DC00F815D6 /* GTMOAuth2ViewControllerTouch.h */,
				127E1D9A140AA4DC00F815D6 /* GTMOAuth2ViewControllerTouch.m */,
			);
			name = Touch;
			path = "../../gtm-oauth2/Source/Touch";
			sourceTree = "<group>";
		};
		1286BCA313EC568400A12786 /* asi-http-request */ = {
			isa = PBXGroup;
			children = (
				1299F6CC141F9EE900A3C2F3 /* OAuth */,
				1286BCCC13EC56F300A12786 /* Reachability */,
				1286BCA413EC56EF00A12786 /* ASIAuthenticationDialog.h */,
				1286BCA513EC56EF00A12786 /* ASIAuthenticationDialog.m */,
				1286BCA613EC56EF00A12786 /* ASICacheDelegate.h */,
				1286BCA713EC56EF00A12786 /* ASIDataCompressor.h */,
				1286BCA813EC56EF00A12786 /* ASIDataCompressor.m */,
				1286BCA913EC56EF00A12786 /* ASIDataDecompressor.h */,
				1286BCAA13EC56EF00A12786 /* ASIDataDecompressor.m */,
				1286BCAB13EC56EF00A12786 /* ASIDownloadCache.h */,
				1286BCAC13EC56EF00A12786 /* ASIDownloadCache.m */,
				1286BCAD13EC56EF00A12786 /* ASIFormDataRequest.h */,
				1286BCAE13EC56EF00A12786 /* ASIFormDataRequest.m */,
				1286BCAF13EC56EF00A12786 /* ASIHTTPRequest.h */,
				1286BCB013EC56EF00A12786 /* ASIHTTPRequest.m */,
				1286BCB113EC56EF00A12786 /* ASIHTTPRequestConfig.h */,
				1286BCB213EC56EF00A12786 /* ASIHTTPRequestDelegate.h */,
				1286BCB313EC56EF00A12786 /* ASIInputStream.h */,
				1286BCB413EC56EF00A12786 /* ASIInputStream.m */,
				1286BCB513EC56EF00A12786 /* ASINetworkQueue.h */,
				1286BCB613EC56EF00A12786 /* ASINetworkQueue.m */,
				1286BCB713EC56EF00A12786 /* ASIProgressDelegate.h */,
			);
			name = "asi-http-request";
			sourceTree = "<group>";
		};
		1286BCCC13EC56F300A12786 /* Reachability */ = {
			isa = PBXGroup;
			children = (
				1286BCCD13EC570100A12786 /* Reachability.h */,
				1286BCCE13EC570100A12786 /* Reachability.m */,
			);
			name = Reachability;
			sourceTree = "<group>";
		};
		1286BCD113EC575B00A12786 /* prp */ = {
			isa = PBXGroup;
			children = (
				1286BCD213EC576600A12786 /* PRPSmartTableViewCell.h */,
				1286BCD313EC576600A12786 /* PRPSmartTableViewCell.m */,
			);
			name = prp;
			sourceTree = "<group>";
		};
		1299F6CC141F9EE900A3C2F3 /* OAuth */ = {
			isa = PBXGroup;
			children = (
				1299F6CD141F9EE900A3C2F3 /* ASIOARequest.h */,
				1299F6CE141F9EE900A3C2F3 /* ASIOARequest.m */,
				1299F6CF141F9EE900A3C2F3 /* ASIOAuthParameter.h */,
				1299F6D0141F9EE900A3C2F3 /* ASIOAuthParameter.m */,
			);
			name = OAuth;
			path = "../../asi-http-request/Classes/OAuth";
			sourceTree = "<group>";
		};
		12AB359C13DDBF4700565332 /* gtm-http-fetcher */ = {
			isa = PBXGroup;
			children = (
				12AB359D13DDBF5700565332 /* GTMHTTPFetcher.h */,
				12AB359E13DDBF5700565332 /* GTMHTTPFetcher.m */,
			);
			name = "gtm-http-fetcher";
			sourceTree = "<group>";
		};
		12AB3BB913DF847800565332 /* Facebook */ = {
			isa = PBXGroup;
			children = (
			);
			name = Facebook;
			sourceTree = "<group>";
		};
		12AB3BBA13DF848500565332 /* OAuth */ = {
			isa = PBXGroup;
			children = (
				12AB3BBB13DF849500565332 /* GTMOAuthAuthentication+Additions.h */,
				12AB3BBC13DF849500565332 /* GTMOAuthAuthentication+Additions.m */,
				12AB3BBD13DF849500565332 /* iOSSocialServiceOAuth1Provider.h */,
				12AB3BBE13DF849500565332 /* iOSSocialServiceOAuth1Provider.m */,
				12AB3BBF13DF849500565332 /* iOSSocialServiceOAuth1ProviderConstants.h */,
				12AB3BC013DF849500565332 /* iOSSocialServiceOAuth2Provider.h */,
				12AB3BC113DF849500565332 /* iOSSocialServiceOAuth2Provider.m */,
				12AB3BC213DF849500565332 /* iOSSocialServiceOAuth2ProviderConstants.h */,
				12B4F20C140A2023002E98A6 /* iOSSocialOAuth.h */,
			);
			name = OAuth;
			sourceTree = "<group>";
		};
		12ECAC6513D4904400C1297B /* Connection */ = {
			isa = PBXGroup;
			children = (
				12AB3BDD13DF84D800565332 /* iOSSRequest.h */,
				12AB3BDE13DF84D800565332 /* iOSSRequest.m */,
			);
			name = Connection;
			sourceTree = "<group>";
		};
		12ECADD313D5BDD100C1297B /* Products */ = {
			isa = PBXGroup;
			children = (
				12ECADFE13D5BDD200C1297B /* libThree20.a */,
				12ECAE0013D5BDD200C1297B /* Three20UnitTests.octest */,
			);
			name = Products;
			sourceTree = "<group>";
		};
		12ECAE0513D5BF0700C1297B /* Products */ = {
			isa = PBXGroup;
			children = (
				12ECAE0A13D5BF0700C1297B /* libThree20Core.a */,
				12ECAE0C13D5BF0700C1297B /* CoreUnitTests.octest */,
			);
			name = Products;
			sourceTree = "<group>";
		};
		12ECAE0E13D5BF1100C1297B /* Products */ = {
			isa = PBXGroup;
			children = (
				12ECAE1513D5BF1100C1297B /* libThree20Network.a */,
				12ECAE1713D5BF1100C1297B /* libThree20Network-Xcode3.2.5.a */,
				12ECAE1913D5BF1100C1297B /* NetworkUnitTests.octest */,
				12ECAE1B13D5BF1100C1297B /* NetworkUnitTests-Xcode3.2.5.octest */,
			);
			name = Products;
			sourceTree = "<group>";
		};
		12ECAE1D13D5BF6500C1297B /* Products */ = {
			isa = PBXGroup;
			children = (
				12ECAE2213D5BF6600C1297B /* libThree20Style.a */,
				12ECAE2413D5BF6600C1297B /* StyleUnitTests.octest */,
			);
			name = Products;
			sourceTree = "<group>";
		};
		12ECAE2613D5BF6B00C1297B /* Products */ = {
			isa = PBXGroup;
			children = (
				12ECAE2B13D5BF6B00C1297B /* libThree20UICommon.a */,
				12ECAE2D13D5BF6B00C1297B /* UICommonUnitTests.octest */,
			);
			name = Products;
			sourceTree = "<group>";
		};
		12ECAE2F13D5BF7000C1297B /* Products */ = {
			isa = PBXGroup;
			children = (
				12ECAE3413D5BF7000C1297B /* libThree20UINavigator.a */,
				12ECAE3613D5BF7000C1297B /* UINavigatorUnitTests.octest */,
			);
			name = Products;
			sourceTree = "<group>";
		};
		12ECAE3813D5BF7D00C1297B /* Products */ = {
			isa = PBXGroup;
			children = (
				12ECAE3D13D5BF7D00C1297B /* libThree20UI.a */,
				12ECAE3F13D5BF7D00C1297B /* UIUnitTests.octest */,
			);
			name = Products;
			sourceTree = "<group>";
		};
/* End PBXGroup section */

/* Begin PBXHeadersBuildPhase section */
		1264A12A13D08B900085E394 /* Headers */ = {
			isa = PBXHeadersBuildPhase;
			buildActionMask = 2147483647;
			files = (
				126FE23513D9C28E00D72D46 /* iOSSServicesViewController.h in Headers */,
				12AB358813DDBAE100565332 /* GTMOAuth2Authentication.h in Headers */,
				12AB358A13DDBAE100565332 /* GTMOAuth2SignIn.h in Headers */,
				12AB359613DDBB1800565332 /* GTMOAuthAuthentication.h in Headers */,
				12AB359813DDBB1800565332 /* GTMOAuthSignIn.h in Headers */,
				12AB359F13DDBF5700565332 /* GTMHTTPFetcher.h in Headers */,
				12AB3A0E13DF13D400565332 /* iOSSocialUser.h in Headers */,
				12AB3A1213DF13EE00565332 /* iOSSocialLocalUser.h in Headers */,
				12AB3B8413DF842500565332 /* Foursquare.h in Headers */,
				12AB3B8613DF842500565332 /* FoursquareUser.h in Headers */,
				12AB3B8813DF842500565332 /* FoursquareUser+Private.h in Headers */,
				12AB3B8913DF842500565332 /* LocalFoursquareUser.h in Headers */,
				12AB3B9313DF843E00565332 /* LocalTwitterUser.h in Headers */,
				12AB3B9513DF843E00565332 /* Twitter.h in Headers */,
				12AB3B9713DF843E00565332 /* TwitterUser.h in Headers */,
				12AB3B9913DF843E00565332 /* TwitterUser+Private.h in Headers */,
				12AB3BAC13DF846B00565332 /* Instagram.h in Headers */,
				12AB3BAE13DF846B00565332 /* InstagramMedia.h in Headers */,
				12AB3BB013DF846B00565332 /* InstagramMediaCollection.h in Headers */,
				12AB3BB213DF846B00565332 /* InstagramUser.h in Headers */,
				12AB3BB413DF846B00565332 /* InstagramUser+Private.h in Headers */,
				12AB3BB513DF846B00565332 /* InstagramUserCollection.h in Headers */,
				12AB3BB713DF846B00565332 /* LocalInstagramUser.h in Headers */,
				12AB3BC313DF849500565332 /* GTMOAuthAuthentication+Additions.h in Headers */,
				12AB3BC513DF849500565332 /* iOSSocialServiceOAuth1Provider.h in Headers */,
				12AB3BC713DF849500565332 /* iOSSocialServiceOAuth1ProviderConstants.h in Headers */,
				12AB3BC813DF849500565332 /* iOSSocialServiceOAuth2Provider.h in Headers */,
				12AB3BCA13DF849500565332 /* iOSSocialServiceOAuth2ProviderConstants.h in Headers */,
				12AB3BCD13DF84AC00565332 /* iOSSLog.h in Headers */,
				12AB3BE713DF84D800565332 /* iOSSRequest.h in Headers */,
				1286BC9D13EC560400A12786 /* iOSServicesDataSource.h in Headers */,
				1286BC9F13EC560400A12786 /* iOSSService.h in Headers */,
				1286BCA113EC560400A12786 /* iOSSServiceTableViewCell.h in Headers */,
				1286BCB813EC56EF00A12786 /* ASIAuthenticationDialog.h in Headers */,
				1286BCBA13EC56EF00A12786 /* ASICacheDelegate.h in Headers */,
				1286BCBB13EC56EF00A12786 /* ASIDataCompressor.h in Headers */,
				1286BCBD13EC56EF00A12786 /* ASIDataDecompressor.h in Headers */,
				1286BCBF13EC56EF00A12786 /* ASIDownloadCache.h in Headers */,
				1286BCC113EC56EF00A12786 /* ASIFormDataRequest.h in Headers */,
				1286BCC313EC56EF00A12786 /* ASIHTTPRequest.h in Headers */,
				1286BCC513EC56EF00A12786 /* ASIHTTPRequestConfig.h in Headers */,
				1286BCC613EC56EF00A12786 /* ASIHTTPRequestDelegate.h in Headers */,
				1286BCC713EC56EF00A12786 /* ASIInputStream.h in Headers */,
				1286BCC913EC56EF00A12786 /* ASINetworkQueue.h in Headers */,
				1286BCCB13EC56EF00A12786 /* ASIProgressDelegate.h in Headers */,
				1286BCCF13EC570100A12786 /* Reachability.h in Headers */,
				1286BCD413EC576600A12786 /* PRPSmartTableViewCell.h in Headers */,
				12B4F203140A0D46002E98A6 /* iOSSocialServicesStore.h in Headers */,
				12B4F20D140A2023002E98A6 /* iOSSocialOAuth.h in Headers */,
				127E1D3C140A8F1000F815D6 /* iOSSocialAccountTableViewCell.h in Headers */,
				127E1D96140AA4CA00F815D6 /* GTMOAuthViewControllerTouch.h in Headers */,
				127E1D9C140AA4DC00F815D6 /* GTMOAuth2ViewControllerTouch.h in Headers */,
				127E1DDA140ABCCA00F815D6 /* iOSSocialConstants.h in Headers */,
				127E1DDE140B1A9500F815D6 /* iOSSocialServicesNavigationController.h in Headers */,
				126770E1141A5AD900EB2A3C /* Flickr.h in Headers */,
				126770E3141A5AD900EB2A3C /* FlickrUser.h in Headers */,
				126770E5141A5AD900EB2A3C /* FlickrUser+Private.h in Headers */,
				126770E6141A5AD900EB2A3C /* LocalFlickrUser.h in Headers */,
				1299F6D1141F9EE900A3C2F3 /* ASIOARequest.h in Headers */,
				1299F6D3141F9EE900A3C2F3 /* ASIOAuthParameter.h in Headers */,
			);
			runOnlyForDeploymentPostprocessing = 0;
		};
/* End PBXHeadersBuildPhase section */

/* Begin PBXNativeTarget section */
		1264A12B13D08B900085E394 /* iOSSocial */ = {
			isa = PBXNativeTarget;
			buildConfigurationList = 1264A15313D08B900085E394 /* Build configuration list for PBXNativeTarget "iOSSocial" */;
			buildPhases = (
				1264A12813D08B900085E394 /* Sources */,
				1264A12913D08B900085E394 /* Frameworks */,
				1264A12A13D08B900085E394 /* Headers */,
			);
			buildRules = (
			);
			dependencies = (
				12ECAE4813D5D43E00C1297B /* PBXTargetDependency */,
				12ECAE4A13D5D43E00C1297B /* PBXTargetDependency */,
				12ECAE4C13D5D43E00C1297B /* PBXTargetDependency */,
				12ECAE4E13D5D43E00C1297B /* PBXTargetDependency */,
				12ECAE5013D5D43E00C1297B /* PBXTargetDependency */,
				12ECAE5213D5D43E00C1297B /* PBXTargetDependency */,
				12ECAE5413D5D43E00C1297B /* PBXTargetDependency */,
			);
			name = iOSSocial;
			productName = iOSSocial;
			productReference = 1264A12C13D08B900085E394 /* libiOSSocial.a */;
			productType = "com.apple.product-type.library.static";
		};
		1264A13B13D08B900085E394 /* iOSSocialTests */ = {
			isa = PBXNativeTarget;
			buildConfigurationList = 1264A15613D08B900085E394 /* Build configuration list for PBXNativeTarget "iOSSocialTests" */;
			buildPhases = (
				1264A13713D08B900085E394 /* Sources */,
				1264A13813D08B900085E394 /* Frameworks */,
				1264A13913D08B900085E394 /* Resources */,
				1264A13A13D08B900085E394 /* ShellScript */,
			);
			buildRules = (
			);
			dependencies = (
				1264A14513D08B900085E394 /* PBXTargetDependency */,
			);
			name = iOSSocialTests;
			productName = iOSSocialTests;
			productReference = 1264A13C13D08B900085E394 /* iOSSocialTests.octest */;
			productType = "com.apple.product-type.bundle";
		};
/* End PBXNativeTarget section */

/* Begin PBXProject section */
		1264A12313D08B900085E394 /* Project object */ = {
			isa = PBXProject;
			attributes = {
				LastUpgradeCheck = 0420;
				ORGANIZATIONNAME = "Mad Races, Inc.";
			};
			buildConfigurationList = 1264A12613D08B900085E394 /* Build configuration list for PBXProject "iOSSocial" */;
			compatibilityVersion = "Xcode 3.2";
			developmentRegion = English;
			hasScannedForEncodings = 0;
			knownRegions = (
				en,
			);
			mainGroup = 1264A12113D08B900085E394;
			productRefGroup = 1264A12D13D08B900085E394 /* Products */;
			projectDirPath = "";
			projectReferences = (
				{
					ProductGroup = 12ECADD313D5BDD100C1297B /* Products */;
					ProjectRef = 12ECADD213D5BDD100C1297B /* Three20.xcodeproj */;
				},
				{
					ProductGroup = 12ECAE0513D5BF0700C1297B /* Products */;
					ProjectRef = 12ECAE0413D5BF0700C1297B /* Three20Core.xcodeproj */;
				},
				{
					ProductGroup = 12ECAE0E13D5BF1100C1297B /* Products */;
					ProjectRef = 12ECAE0D13D5BF1100C1297B /* Three20Network.xcodeproj */;
				},
				{
					ProductGroup = 12ECAE1D13D5BF6500C1297B /* Products */;
					ProjectRef = 12ECAE1C13D5BF6500C1297B /* Three20Style.xcodeproj */;
				},
				{
					ProductGroup = 12ECAE3813D5BF7D00C1297B /* Products */;
					ProjectRef = 12ECAE3713D5BF7D00C1297B /* Three20UI.xcodeproj */;
				},
				{
					ProductGroup = 12ECAE2613D5BF6B00C1297B /* Products */;
					ProjectRef = 12ECAE2513D5BF6B00C1297B /* Three20UICommon.xcodeproj */;
				},
				{
					ProductGroup = 12ECAE2F13D5BF7000C1297B /* Products */;
					ProjectRef = 12ECAE2E13D5BF7000C1297B /* Three20UINavigator.xcodeproj */;
				},
			);
			projectRoot = "";
			targets = (
				1264A12B13D08B900085E394 /* iOSSocial */,
				1264A13B13D08B900085E394 /* iOSSocialTests */,
			);
		};
/* End PBXProject section */

/* Begin PBXReferenceProxy section */
		12ECADFE13D5BDD200C1297B /* libThree20.a */ = {
			isa = PBXReferenceProxy;
			fileType = archive.ar;
			path = libThree20.a;
			remoteRef = 12ECADFD13D5BDD200C1297B /* PBXContainerItemProxy */;
			sourceTree = BUILT_PRODUCTS_DIR;
		};
		12ECAE0013D5BDD200C1297B /* Three20UnitTests.octest */ = {
			isa = PBXReferenceProxy;
			fileType = wrapper.cfbundle;
			path = Three20UnitTests.octest;
			remoteRef = 12ECADFF13D5BDD200C1297B /* PBXContainerItemProxy */;
			sourceTree = BUILT_PRODUCTS_DIR;
		};
		12ECAE0A13D5BF0700C1297B /* libThree20Core.a */ = {
			isa = PBXReferenceProxy;
			fileType = archive.ar;
			path = libThree20Core.a;
			remoteRef = 12ECAE0913D5BF0700C1297B /* PBXContainerItemProxy */;
			sourceTree = BUILT_PRODUCTS_DIR;
		};
		12ECAE0C13D5BF0700C1297B /* CoreUnitTests.octest */ = {
			isa = PBXReferenceProxy;
			fileType = wrapper.cfbundle;
			path = CoreUnitTests.octest;
			remoteRef = 12ECAE0B13D5BF0700C1297B /* PBXContainerItemProxy */;
			sourceTree = BUILT_PRODUCTS_DIR;
		};
		12ECAE1513D5BF1100C1297B /* libThree20Network.a */ = {
			isa = PBXReferenceProxy;
			fileType = archive.ar;
			path = libThree20Network.a;
			remoteRef = 12ECAE1413D5BF1100C1297B /* PBXContainerItemProxy */;
			sourceTree = BUILT_PRODUCTS_DIR;
		};
		12ECAE1713D5BF1100C1297B /* libThree20Network-Xcode3.2.5.a */ = {
			isa = PBXReferenceProxy;
			fileType = archive.ar;
			path = "libThree20Network-Xcode3.2.5.a";
			remoteRef = 12ECAE1613D5BF1100C1297B /* PBXContainerItemProxy */;
			sourceTree = BUILT_PRODUCTS_DIR;
		};
		12ECAE1913D5BF1100C1297B /* NetworkUnitTests.octest */ = {
			isa = PBXReferenceProxy;
			fileType = wrapper.cfbundle;
			path = NetworkUnitTests.octest;
			remoteRef = 12ECAE1813D5BF1100C1297B /* PBXContainerItemProxy */;
			sourceTree = BUILT_PRODUCTS_DIR;
		};
		12ECAE1B13D5BF1100C1297B /* NetworkUnitTests-Xcode3.2.5.octest */ = {
			isa = PBXReferenceProxy;
			fileType = wrapper.cfbundle;
			path = "NetworkUnitTests-Xcode3.2.5.octest";
			remoteRef = 12ECAE1A13D5BF1100C1297B /* PBXContainerItemProxy */;
			sourceTree = BUILT_PRODUCTS_DIR;
		};
		12ECAE2213D5BF6600C1297B /* libThree20Style.a */ = {
			isa = PBXReferenceProxy;
			fileType = archive.ar;
			path = libThree20Style.a;
			remoteRef = 12ECAE2113D5BF6600C1297B /* PBXContainerItemProxy */;
			sourceTree = BUILT_PRODUCTS_DIR;
		};
		12ECAE2413D5BF6600C1297B /* StyleUnitTests.octest */ = {
			isa = PBXReferenceProxy;
			fileType = wrapper.cfbundle;
			path = StyleUnitTests.octest;
			remoteRef = 12ECAE2313D5BF6600C1297B /* PBXContainerItemProxy */;
			sourceTree = BUILT_PRODUCTS_DIR;
		};
		12ECAE2B13D5BF6B00C1297B /* libThree20UICommon.a */ = {
			isa = PBXReferenceProxy;
			fileType = archive.ar;
			path = libThree20UICommon.a;
			remoteRef = 12ECAE2A13D5BF6B00C1297B /* PBXContainerItemProxy */;
			sourceTree = BUILT_PRODUCTS_DIR;
		};
		12ECAE2D13D5BF6B00C1297B /* UICommonUnitTests.octest */ = {
			isa = PBXReferenceProxy;
			fileType = wrapper.cfbundle;
			path = UICommonUnitTests.octest;
			remoteRef = 12ECAE2C13D5BF6B00C1297B /* PBXContainerItemProxy */;
			sourceTree = BUILT_PRODUCTS_DIR;
		};
		12ECAE3413D5BF7000C1297B /* libThree20UINavigator.a */ = {
			isa = PBXReferenceProxy;
			fileType = archive.ar;
			path = libThree20UINavigator.a;
			remoteRef = 12ECAE3313D5BF7000C1297B /* PBXContainerItemProxy */;
			sourceTree = BUILT_PRODUCTS_DIR;
		};
		12ECAE3613D5BF7000C1297B /* UINavigatorUnitTests.octest */ = {
			isa = PBXReferenceProxy;
			fileType = wrapper.cfbundle;
			path = UINavigatorUnitTests.octest;
			remoteRef = 12ECAE3513D5BF7000C1297B /* PBXContainerItemProxy */;
			sourceTree = BUILT_PRODUCTS_DIR;
		};
		12ECAE3D13D5BF7D00C1297B /* libThree20UI.a */ = {
			isa = PBXReferenceProxy;
			fileType = archive.ar;
			path = libThree20UI.a;
			remoteRef = 12ECAE3C13D5BF7D00C1297B /* PBXContainerItemProxy */;
			sourceTree = BUILT_PRODUCTS_DIR;
		};
		12ECAE3F13D5BF7D00C1297B /* UIUnitTests.octest */ = {
			isa = PBXReferenceProxy;
			fileType = wrapper.cfbundle;
			path = UIUnitTests.octest;
			remoteRef = 12ECAE3E13D5BF7D00C1297B /* PBXContainerItemProxy */;
			sourceTree = BUILT_PRODUCTS_DIR;
		};
/* End PBXReferenceProxy section */

/* Begin PBXResourcesBuildPhase section */
		1264A13913D08B900085E394 /* Resources */ = {
			isa = PBXResourcesBuildPhase;
			buildActionMask = 2147483647;
			files = (
				1264A14C13D08B900085E394 /* InfoPlist.strings in Resources */,
				1264A14E13D08B900085E394 /* iOSSocialTests.h in Resources */,
			);
			runOnlyForDeploymentPostprocessing = 0;
		};
/* End PBXResourcesBuildPhase section */

/* Begin PBXShellScriptBuildPhase section */
		1264A13A13D08B900085E394 /* ShellScript */ = {
			isa = PBXShellScriptBuildPhase;
			buildActionMask = 2147483647;
			files = (
			);
			inputPaths = (
			);
			outputPaths = (
			);
			runOnlyForDeploymentPostprocessing = 0;
			shellPath = /bin/sh;
			shellScript = "# Run the unit tests in this test bundle.\n\"${SYSTEM_DEVELOPER_DIR}/Tools/RunUnitTests\"\n";
		};
/* End PBXShellScriptBuildPhase section */

/* Begin PBXSourcesBuildPhase section */
		1264A12813D08B900085E394 /* Sources */ = {
			isa = PBXSourcesBuildPhase;
			buildActionMask = 2147483647;
			files = (
				126FE23613D9C28E00D72D46 /* iOSSServicesViewController.m in Sources */,
				12AB358913DDBAE100565332 /* GTMOAuth2Authentication.m in Sources */,
				12AB358B13DDBAE100565332 /* GTMOAuth2SignIn.m in Sources */,
				12AB359713DDBB1800565332 /* GTMOAuthAuthentication.m in Sources */,
				12AB359913DDBB1800565332 /* GTMOAuthSignIn.m in Sources */,
				12AB35A013DDBF5700565332 /* GTMHTTPFetcher.m in Sources */,
				12AB3A0F13DF13D400565332 /* iOSSocialUser.m in Sources */,
				12AB3A1313DF13EE00565332 /* iOSSocialLocalUser.m in Sources */,
				12AB3B8513DF842500565332 /* Foursquare.m in Sources */,
				12AB3B8713DF842500565332 /* FoursquareUser.m in Sources */,
				12AB3B8A13DF842500565332 /* LocalFoursquareUser.m in Sources */,
				12AB3B9413DF843E00565332 /* LocalTwitterUser.m in Sources */,
				12AB3B9613DF843E00565332 /* Twitter.m in Sources */,
				12AB3B9813DF843E00565332 /* TwitterUser.m in Sources */,
				12AB3BAD13DF846B00565332 /* Instagram.m in Sources */,
				12AB3BAF13DF846B00565332 /* InstagramMedia.m in Sources */,
				12AB3BB113DF846B00565332 /* InstagramMediaCollection.m in Sources */,
				12AB3BB313DF846B00565332 /* InstagramUser.m in Sources */,
				12AB3BB613DF846B00565332 /* InstagramUserCollection.m in Sources */,
				12AB3BB813DF846B00565332 /* LocalInstagramUser.m in Sources */,
				12AB3BC413DF849500565332 /* GTMOAuthAuthentication+Additions.m in Sources */,
				12AB3BC613DF849500565332 /* iOSSocialServiceOAuth1Provider.m in Sources */,
				12AB3BC913DF849500565332 /* iOSSocialServiceOAuth2Provider.m in Sources */,
				12AB3BCE13DF84AC00565332 /* iOSSLog.m in Sources */,
				12AB3BE813DF84D800565332 /* iOSSRequest.m in Sources */,
				1286BC9E13EC560400A12786 /* iOSServicesDataSource.m in Sources */,
				1286BCA013EC560400A12786 /* iOSSService.m in Sources */,
				1286BCA213EC560400A12786 /* iOSSServiceTableViewCell.m in Sources */,
				1286BCB913EC56EF00A12786 /* ASIAuthenticationDialog.m in Sources */,
				1286BCBC13EC56EF00A12786 /* ASIDataCompressor.m in Sources */,
				1286BCBE13EC56EF00A12786 /* ASIDataDecompressor.m in Sources */,
				1286BCC013EC56EF00A12786 /* ASIDownloadCache.m in Sources */,
				1286BCC213EC56EF00A12786 /* ASIFormDataRequest.m in Sources */,
				1286BCC413EC56EF00A12786 /* ASIHTTPRequest.m in Sources */,
				1286BCC813EC56EF00A12786 /* ASIInputStream.m in Sources */,
				1286BCCA13EC56EF00A12786 /* ASINetworkQueue.m in Sources */,
				1286BCD013EC570100A12786 /* Reachability.m in Sources */,
				1286BCD513EC576600A12786 /* PRPSmartTableViewCell.m in Sources */,
				12B4F204140A0D46002E98A6 /* iOSSocialServicesStore.m in Sources */,
				127E1D3D140A8F1000F815D6 /* iOSSocialAccountTableViewCell.m in Sources */,
				127E1D97140AA4CA00F815D6 /* GTMOAuthViewControllerTouch.m in Sources */,
				127E1D9D140AA4DC00F815D6 /* GTMOAuth2ViewControllerTouch.m in Sources */,
				127E1DDF140B1A9500F815D6 /* iOSSocialServicesNavigationController.m in Sources */,
				126770E2141A5AD900EB2A3C /* Flickr.m in Sources */,
				126770E4141A5AD900EB2A3C /* FlickrUser.m in Sources */,
				126770E7141A5AD900EB2A3C /* LocalFlickrUser.m in Sources */,
				1299F6D2141F9EE900A3C2F3 /* ASIOARequest.m in Sources */,
				1299F6D4141F9EE900A3C2F3 /* ASIOAuthParameter.m in Sources */,
			);
			runOnlyForDeploymentPostprocessing = 0;
		};
		1264A13713D08B900085E394 /* Sources */ = {
			isa = PBXSourcesBuildPhase;
			buildActionMask = 2147483647;
			files = (
				1264A15013D08B900085E394 /* iOSSocialTests.m in Sources */,
			);
			runOnlyForDeploymentPostprocessing = 0;
		};
/* End PBXSourcesBuildPhase section */

/* Begin PBXTargetDependency section */
		1264A14513D08B900085E394 /* PBXTargetDependency */ = {
			isa = PBXTargetDependency;
			target = 1264A12B13D08B900085E394 /* iOSSocial */;
			targetProxy = 1264A14413D08B900085E394 /* PBXContainerItemProxy */;
		};
		12ECAE4813D5D43E00C1297B /* PBXTargetDependency */ = {
			isa = PBXTargetDependency;
			name = Three20UINavigator;
			targetProxy = 12ECAE4713D5D43E00C1297B /* PBXContainerItemProxy */;
		};
		12ECAE4A13D5D43E00C1297B /* PBXTargetDependency */ = {
			isa = PBXTargetDependency;
			name = Three20UICommon;
			targetProxy = 12ECAE4913D5D43E00C1297B /* PBXContainerItemProxy */;
		};
		12ECAE4C13D5D43E00C1297B /* PBXTargetDependency */ = {
			isa = PBXTargetDependency;
			name = Three20Network;
			targetProxy = 12ECAE4B13D5D43E00C1297B /* PBXContainerItemProxy */;
		};
		12ECAE4E13D5D43E00C1297B /* PBXTargetDependency */ = {
			isa = PBXTargetDependency;
			name = Three20UI;
			targetProxy = 12ECAE4D13D5D43E00C1297B /* PBXContainerItemProxy */;
		};
		12ECAE5013D5D43E00C1297B /* PBXTargetDependency */ = {
			isa = PBXTargetDependency;
			name = Three20Style;
			targetProxy = 12ECAE4F13D5D43E00C1297B /* PBXContainerItemProxy */;
		};
		12ECAE5213D5D43E00C1297B /* PBXTargetDependency */ = {
			isa = PBXTargetDependency;
			name = Three20Core;
			targetProxy = 12ECAE5113D5D43E00C1297B /* PBXContainerItemProxy */;
		};
		12ECAE5413D5D43E00C1297B /* PBXTargetDependency */ = {
			isa = PBXTargetDependency;
			name = Three20;
			targetProxy = 12ECAE5313D5D43E00C1297B /* PBXContainerItemProxy */;
		};
/* End PBXTargetDependency section */

/* Begin PBXVariantGroup section */
		1264A14A13D08B900085E394 /* InfoPlist.strings */ = {
			isa = PBXVariantGroup;
			children = (
				1264A14B13D08B900085E394 /* en */,
			);
			name = InfoPlist.strings;
			sourceTree = "<group>";
		};
/* End PBXVariantGroup section */

/* Begin XCBuildConfiguration section */
		1264A15113D08B900085E394 /* Debug */ = {
			isa = XCBuildConfiguration;
			buildSettings = {
				ALWAYS_SEARCH_USER_PATHS = NO;
				ARCHS = "$(ARCHS_STANDARD_32_BIT)";
				CLANG_ENABLE_OBJC_ARC = YES;
				COPY_PHASE_STRIP = NO;
				GCC_C_LANGUAGE_STANDARD = gnu99;
				GCC_DYNAMIC_NO_PIC = NO;
				GCC_OPTIMIZATION_LEVEL = 0;
				GCC_PREPROCESSOR_DEFINITIONS = (
					"DEBUG=1",
					"$(inherited)",
				);
				GCC_SYMBOLS_PRIVATE_EXTERN = NO;
				GCC_VERSION = com.apple.compilers.llvm.clang.1_0;
				GCC_WARN_ABOUT_MISSING_PROTOTYPES = YES;
				GCC_WARN_ABOUT_RETURN_TYPE = YES;
				GCC_WARN_UNUSED_VARIABLE = YES;
				IPHONEOS_DEPLOYMENT_TARGET = 5.0;
				SDKROOT = iphoneos;
			};
			name = Debug;
		};
		1264A15213D08B900085E394 /* Release */ = {
			isa = XCBuildConfiguration;
			buildSettings = {
				ALWAYS_SEARCH_USER_PATHS = NO;
				ARCHS = "$(ARCHS_STANDARD_32_BIT)";
				CLANG_ENABLE_OBJC_ARC = YES;
				COPY_PHASE_STRIP = YES;
				GCC_C_LANGUAGE_STANDARD = gnu99;
				GCC_VERSION = com.apple.compilers.llvm.clang.1_0;
				GCC_WARN_ABOUT_MISSING_PROTOTYPES = YES;
				GCC_WARN_ABOUT_RETURN_TYPE = YES;
				GCC_WARN_UNUSED_VARIABLE = YES;
				IPHONEOS_DEPLOYMENT_TARGET = 5.0;
				SDKROOT = iphoneos;
				VALIDATE_PRODUCT = YES;
			};
			name = Release;
		};
		1264A15413D08B900085E394 /* Debug */ = {
			isa = XCBuildConfiguration;
			buildSettings = {
				DSTROOT = /tmp/iOSSocial.dst;
				GCC_PRECOMPILE_PREFIX_HEADER = YES;
				GCC_PREFIX_HEADER = "iOSSocial/iOSSocial-Prefix.pch";
				HEADER_SEARCH_PATHS = (
					"\"$(BUILT_PRODUCTS_DIR)/../../three20\"",
					"\"$(BUILT_PRODUCTS_DIR)/../three20\"",
				);
				IPHONEOS_DEPLOYMENT_TARGET = 4.0;
				"OTHER_CFLAGS[arch=*]" = "-DIOSSDEBUG";
				OTHER_LDFLAGS = "-ObjC";
				PRODUCT_NAME = "$(TARGET_NAME)";
				SKIP_INSTALL = YES;
				TARGETED_DEVICE_FAMILY = "1,2";
			};
			name = Debug;
		};
		1264A15513D08B900085E394 /* Release */ = {
			isa = XCBuildConfiguration;
			buildSettings = {
				DSTROOT = /tmp/iOSSocial.dst;
				GCC_PRECOMPILE_PREFIX_HEADER = YES;
				GCC_PREFIX_HEADER = "iOSSocial/iOSSocial-Prefix.pch";
				HEADER_SEARCH_PATHS = (
					"\"$(BUILT_PRODUCTS_DIR)/../../three20\"",
					"\"$(BUILT_PRODUCTS_DIR)/../three20\"",
				);
				IPHONEOS_DEPLOYMENT_TARGET = 4.0;
				OTHER_LDFLAGS = "-ObjC";
				PRODUCT_NAME = "$(TARGET_NAME)";
				SKIP_INSTALL = YES;
				TARGETED_DEVICE_FAMILY = "1,2";
			};
			name = Release;
		};
		1264A15713D08B900085E394 /* Debug */ = {
			isa = XCBuildConfiguration;
			buildSettings = {
				FRAMEWORK_SEARCH_PATHS = (
					"$(SDKROOT)/Developer/Library/Frameworks",
					"$(DEVELOPER_LIBRARY_DIR)/Frameworks",
				);
				GCC_PRECOMPILE_PREFIX_HEADER = YES;
				GCC_PREFIX_HEADER = "iOSSocial/iOSSocial-Prefix.pch";
				INFOPLIST_FILE = "iOSSocialTests/iOSSocialTests-Info.plist";
				PRODUCT_NAME = "$(TARGET_NAME)";
				WRAPPER_EXTENSION = octest;
			};
			name = Debug;
		};
		1264A15813D08B900085E394 /* Release */ = {
			isa = XCBuildConfiguration;
			buildSettings = {
				FRAMEWORK_SEARCH_PATHS = (
					"$(SDKROOT)/Developer/Library/Frameworks",
					"$(DEVELOPER_LIBRARY_DIR)/Frameworks",
				);
				GCC_PRECOMPILE_PREFIX_HEADER = YES;
				GCC_PREFIX_HEADER = "iOSSocial/iOSSocial-Prefix.pch";
				INFOPLIST_FILE = "iOSSocialTests/iOSSocialTests-Info.plist";
				PRODUCT_NAME = "$(TARGET_NAME)";
				WRAPPER_EXTENSION = octest;
			};
			name = Release;
		};
/* End XCBuildConfiguration section */

/* Begin XCConfigurationList section */
		1264A12613D08B900085E394 /* Build configuration list for PBXProject "iOSSocial" */ = {
			isa = XCConfigurationList;
			buildConfigurations = (
				1264A15113D08B900085E394 /* Debug */,
				1264A15213D08B900085E394 /* Release */,
			);
			defaultConfigurationIsVisible = 0;
			defaultConfigurationName = Release;
		};
		1264A15313D08B900085E394 /* Build configuration list for PBXNativeTarget "iOSSocial" */ = {
			isa = XCConfigurationList;
			buildConfigurations = (
				1264A15413D08B900085E394 /* Debug */,
				1264A15513D08B900085E394 /* Release */,
			);
			defaultConfigurationIsVisible = 0;
			defaultConfigurationName = Release;
		};
		1264A15613D08B900085E394 /* Build configuration list for PBXNativeTarget "iOSSocialTests" */ = {
			isa = XCConfigurationList;
			buildConfigurations = (
				1264A15713D08B900085E394 /* Debug */,
				1264A15813D08B900085E394 /* Release */,
			);
			defaultConfigurationIsVisible = 0;
			defaultConfigurationName = Release;
		};
/* End XCConfigurationList section */
	};
	rootObject = 1264A12313D08B900085E394 /* Project object */;
}
