// !$*UTF8*$!
{
	archiveVersion = 1;
	classes = {
	};
	objectVersion = 46;
	objects = {

/* Begin PBXBuildFile section */
		120888D913D7752F00C0FB68 /* iOSSFormEncodedPOSTRequest.h in Headers */ = {isa = PBXBuildFile; fileRef = 120888D713D7752F00C0FB68 /* iOSSFormEncodedPOSTRequest.h */; };
		120888DA13D7752F00C0FB68 /* iOSSFormEncodedPOSTRequest.m in Sources */ = {isa = PBXBuildFile; fileRef = 120888D813D7752F00C0FB68 /* iOSSFormEncodedPOSTRequest.m */; };
		120888DE13D77AF700C0FB68 /* NSString+iOSSURLAdditions.h in Headers */ = {isa = PBXBuildFile; fileRef = 120888DC13D77AF700C0FB68 /* NSString+iOSSURLAdditions.h */; };
		120888DF13D77AF700C0FB68 /* NSString+iOSSURLAdditions.m in Sources */ = {isa = PBXBuildFile; fileRef = 120888DD13D77AF700C0FB68 /* NSString+iOSSURLAdditions.m */; };
		120888E213D7819300C0FB68 /* iOSSMultipartPOSTRequest.h in Headers */ = {isa = PBXBuildFile; fileRef = 120888E013D7819300C0FB68 /* iOSSMultipartPOSTRequest.h */; };
		120888E313D7819300C0FB68 /* iOSSMultipartPOSTRequest.m in Sources */ = {isa = PBXBuildFile; fileRef = 120888E113D7819300C0FB68 /* iOSSMultipartPOSTRequest.m */; };
		1264A13013D08B900085E394 /* Foundation.framework in Frameworks */ = {isa = PBXBuildFile; fileRef = 1264A12F13D08B900085E394 /* Foundation.framework */; };
		1264A13613D08B900085E394 /* iOSSocial.m in Sources */ = {isa = PBXBuildFile; fileRef = 1264A13513D08B900085E394 /* iOSSocial.m */; settings = {COMPILER_FLAGS = "-fno-objc-arc"; }; };
		1264A13E13D08B900085E394 /* SenTestingKit.framework in Frameworks */ = {isa = PBXBuildFile; fileRef = 1264A13D13D08B900085E394 /* SenTestingKit.framework */; };
		1264A14013D08B900085E394 /* UIKit.framework in Frameworks */ = {isa = PBXBuildFile; fileRef = 1264A13F13D08B900085E394 /* UIKit.framework */; };
		1264A14113D08B900085E394 /* Foundation.framework in Frameworks */ = {isa = PBXBuildFile; fileRef = 1264A12F13D08B900085E394 /* Foundation.framework */; };
		1264A14313D08B900085E394 /* CoreGraphics.framework in Frameworks */ = {isa = PBXBuildFile; fileRef = 1264A14213D08B900085E394 /* CoreGraphics.framework */; };
		1264A14613D08B900085E394 /* libiOSSocial.a in Frameworks */ = {isa = PBXBuildFile; fileRef = 1264A12C13D08B900085E394 /* libiOSSocial.a */; };
		1264A14C13D08B900085E394 /* InfoPlist.strings in Resources */ = {isa = PBXBuildFile; fileRef = 1264A14A13D08B900085E394 /* InfoPlist.strings */; };
		1264A14E13D08B900085E394 /* iOSSocialTests.h in Resources */ = {isa = PBXBuildFile; fileRef = 1264A14D13D08B900085E394 /* iOSSocialTests.h */; };
		1264A15013D08B900085E394 /* iOSSocialTests.m in Sources */ = {isa = PBXBuildFile; fileRef = 1264A14F13D08B900085E394 /* iOSSocialTests.m */; };
		1264A16413D094E70085E394 /* Instagram.h in Headers */ = {isa = PBXBuildFile; fileRef = 1264A15E13D094E70085E394 /* Instagram.h */; };
		1264A16513D094E70085E394 /* Instagram.m in Sources */ = {isa = PBXBuildFile; fileRef = 1264A15F13D094E70085E394 /* Instagram.m */; };
		1264A16613D094E70085E394 /* InstagramUser.h in Headers */ = {isa = PBXBuildFile; fileRef = 1264A16013D094E70085E394 /* InstagramUser.h */; settings = {ATTRIBUTES = (); }; };
		1264A16713D094E70085E394 /* InstagramUser.m in Sources */ = {isa = PBXBuildFile; fileRef = 1264A16113D094E70085E394 /* InstagramUser.m */; };
		1264A16813D094E70085E394 /* LocalInstagramUser.h in Headers */ = {isa = PBXBuildFile; fileRef = 1264A16213D094E70085E394 /* LocalInstagramUser.h */; settings = {ATTRIBUTES = (); }; };
		1264A16913D094E70085E394 /* LocalInstagramUser.m in Sources */ = {isa = PBXBuildFile; fileRef = 1264A16313D094E70085E394 /* LocalInstagramUser.m */; };
		1264A16B13D0951E0085E394 /* UIKit.framework in Frameworks */ = {isa = PBXBuildFile; fileRef = 1264A16A13D0951E0085E394 /* UIKit.framework */; };
		126FE23113D9C28E00D72D46 /* iOSSLog.h in Headers */ = {isa = PBXBuildFile; fileRef = 126FE22B13D9C28E00D72D46 /* iOSSLog.h */; };
		126FE23213D9C28E00D72D46 /* iOSSLog.m in Sources */ = {isa = PBXBuildFile; fileRef = 126FE22C13D9C28E00D72D46 /* iOSSLog.m */; };
		126FE23313D9C28E00D72D46 /* iOSSRequest.h in Headers */ = {isa = PBXBuildFile; fileRef = 126FE22D13D9C28E00D72D46 /* iOSSRequest.h */; };
		126FE23413D9C28E00D72D46 /* iOSSRequest.m in Sources */ = {isa = PBXBuildFile; fileRef = 126FE22E13D9C28E00D72D46 /* iOSSRequest.m */; };
		126FE23513D9C28E00D72D46 /* iOSSServicesViewController.h in Headers */ = {isa = PBXBuildFile; fileRef = 126FE22F13D9C28E00D72D46 /* iOSSServicesViewController.h */; };
		126FE23613D9C28E00D72D46 /* iOSSServicesViewController.m in Sources */ = {isa = PBXBuildFile; fileRef = 126FE23013D9C28E00D72D46 /* iOSSServicesViewController.m */; };
		126FE25313D9C7DF00D72D46 /* LocalTwitterUser.h in Headers */ = {isa = PBXBuildFile; fileRef = 126FE25113D9C7DF00D72D46 /* LocalTwitterUser.h */; };
		126FE25413D9C7DF00D72D46 /* LocalTwitterUser.m in Sources */ = {isa = PBXBuildFile; fileRef = 126FE25213D9C7DF00D72D46 /* LocalTwitterUser.m */; };
		126FE25713D9C7F000D72D46 /* TwitterUser.h in Headers */ = {isa = PBXBuildFile; fileRef = 126FE25513D9C7F000D72D46 /* TwitterUser.h */; };
		126FE25813D9C7F000D72D46 /* TwitterUser.m in Sources */ = {isa = PBXBuildFile; fileRef = 126FE25613D9C7F000D72D46 /* TwitterUser.m */; };
		126FE25B13D9CBEC00D72D46 /* Twitter.h in Headers */ = {isa = PBXBuildFile; fileRef = 126FE25913D9CBEB00D72D46 /* Twitter.h */; };
		126FE25C13D9CBEC00D72D46 /* Twitter.m in Sources */ = {isa = PBXBuildFile; fileRef = 126FE25A13D9CBEB00D72D46 /* Twitter.m */; };
		126FE26013D9D9F100D72D46 /* TwitterUser+Private.h in Headers */ = {isa = PBXBuildFile; fileRef = 126FE25F13D9D9F000D72D46 /* TwitterUser+Private.h */; };
		126FE2C213DA214000D72D46 /* Foursquare.h in Headers */ = {isa = PBXBuildFile; fileRef = 126FE2C013DA214000D72D46 /* Foursquare.h */; };
		126FE2C313DA214000D72D46 /* Foursquare.m in Sources */ = {isa = PBXBuildFile; fileRef = 126FE2C113DA214000D72D46 /* Foursquare.m */; };
		126FE2C813DA225B00D72D46 /* FoursquareUser.h in Headers */ = {isa = PBXBuildFile; fileRef = 126FE2C613DA225A00D72D46 /* FoursquareUser.h */; };
		126FE2C913DA225B00D72D46 /* FoursquareUser.m in Sources */ = {isa = PBXBuildFile; fileRef = 126FE2C713DA225A00D72D46 /* FoursquareUser.m */; };
		126FE2CB13DA22C500D72D46 /* FoursquareUser+Private.h in Headers */ = {isa = PBXBuildFile; fileRef = 126FE2CA13DA22C500D72D46 /* FoursquareUser+Private.h */; };
		126FE2CE13DA22FF00D72D46 /* LocalFoursquareUser.h in Headers */ = {isa = PBXBuildFile; fileRef = 126FE2CC13DA22FD00D72D46 /* LocalFoursquareUser.h */; };
		126FE2CF13DA22FF00D72D46 /* LocalFoursquareUser.m in Sources */ = {isa = PBXBuildFile; fileRef = 126FE2CD13DA22FD00D72D46 /* LocalFoursquareUser.m */; };
		1299F1F813D8724F0065735C /* iOSSUploadFileInfo.h in Headers */ = {isa = PBXBuildFile; fileRef = 1299F1F613D8724E0065735C /* iOSSUploadFileInfo.h */; };
		1299F1F913D8724F0065735C /* iOSSUploadFileInfo.m in Sources */ = {isa = PBXBuildFile; fileRef = 1299F1F713D8724E0065735C /* iOSSUploadFileInfo.m */; };
		12AB358813DDBAE100565332 /* GTMOAuth2Authentication.h in Headers */ = {isa = PBXBuildFile; fileRef = 12AB358013DDBAE100565332 /* GTMOAuth2Authentication.h */; };
		12AB358913DDBAE100565332 /* GTMOAuth2Authentication.m in Sources */ = {isa = PBXBuildFile; fileRef = 12AB358113DDBAE100565332 /* GTMOAuth2Authentication.m */; settings = {COMPILER_FLAGS = "-fno-objc-arc"; }; };
		12AB358A13DDBAE100565332 /* GTMOAuth2SignIn.h in Headers */ = {isa = PBXBuildFile; fileRef = 12AB358213DDBAE100565332 /* GTMOAuth2SignIn.h */; };
		12AB358B13DDBAE100565332 /* GTMOAuth2SignIn.m in Sources */ = {isa = PBXBuildFile; fileRef = 12AB358313DDBAE100565332 /* GTMOAuth2SignIn.m */; settings = {COMPILER_FLAGS = "-fno-objc-arc"; }; };
		12AB358C13DDBAE100565332 /* GTMOAuth2ViewControllerTouch.h in Headers */ = {isa = PBXBuildFile; fileRef = 12AB358513DDBAE100565332 /* GTMOAuth2ViewControllerTouch.h */; };
		12AB358D13DDBAE100565332 /* GTMOAuth2ViewControllerTouch.m in Sources */ = {isa = PBXBuildFile; fileRef = 12AB358613DDBAE100565332 /* GTMOAuth2ViewControllerTouch.m */; settings = {COMPILER_FLAGS = "-fno-objc-arc"; }; };
		12AB359613DDBB1800565332 /* GTMOAuthAuthentication.h in Headers */ = {isa = PBXBuildFile; fileRef = 12AB358E13DDBB1800565332 /* GTMOAuthAuthentication.h */; };
		12AB359713DDBB1800565332 /* GTMOAuthAuthentication.m in Sources */ = {isa = PBXBuildFile; fileRef = 12AB358F13DDBB1800565332 /* GTMOAuthAuthentication.m */; settings = {COMPILER_FLAGS = "-fno-objc-arc"; }; };
		12AB359813DDBB1800565332 /* GTMOAuthSignIn.h in Headers */ = {isa = PBXBuildFile; fileRef = 12AB359013DDBB1800565332 /* GTMOAuthSignIn.h */; };
		12AB359913DDBB1800565332 /* GTMOAuthSignIn.m in Sources */ = {isa = PBXBuildFile; fileRef = 12AB359113DDBB1800565332 /* GTMOAuthSignIn.m */; settings = {COMPILER_FLAGS = "-fno-objc-arc"; }; };
		12AB359A13DDBB1800565332 /* GTMOAuthViewControllerTouch.h in Headers */ = {isa = PBXBuildFile; fileRef = 12AB359313DDBB1800565332 /* GTMOAuthViewControllerTouch.h */; };
		12AB359B13DDBB1800565332 /* GTMOAuthViewControllerTouch.m in Sources */ = {isa = PBXBuildFile; fileRef = 12AB359413DDBB1800565332 /* GTMOAuthViewControllerTouch.m */; settings = {COMPILER_FLAGS = "-fno-objc-arc"; }; };
		12AB359F13DDBF5700565332 /* GTMHTTPFetcher.h in Headers */ = {isa = PBXBuildFile; fileRef = 12AB359D13DDBF5700565332 /* GTMHTTPFetcher.h */; };
		12AB35A013DDBF5700565332 /* GTMHTTPFetcher.m in Sources */ = {isa = PBXBuildFile; fileRef = 12AB359E13DDBF5700565332 /* GTMHTTPFetcher.m */; settings = {COMPILER_FLAGS = "-fno-objc-arc"; }; };
		12AB3A0E13DF13D400565332 /* iOSSocialUser.h in Headers */ = {isa = PBXBuildFile; fileRef = 12AB3A0C13DF13D300565332 /* iOSSocialUser.h */; };
		12AB3A0F13DF13D400565332 /* iOSSocialUser.m in Sources */ = {isa = PBXBuildFile; fileRef = 12AB3A0D13DF13D400565332 /* iOSSocialUser.m */; };
		12AB3A1213DF13EE00565332 /* iOSSocialLocalUser.h in Headers */ = {isa = PBXBuildFile; fileRef = 12AB3A1013DF13ED00565332 /* iOSSocialLocalUser.h */; };
		12AB3A1313DF13EE00565332 /* iOSSocialLocalUser.m in Sources */ = {isa = PBXBuildFile; fileRef = 12AB3A1113DF13EE00565332 /* iOSSocialLocalUser.m */; };
		12AB3A1B13DF176900565332 /* iOSSocialServiceOAuth2Provider.h in Headers */ = {isa = PBXBuildFile; fileRef = 12AB3A1913DF176700565332 /* iOSSocialServiceOAuth2Provider.h */; };
		12AB3A1C13DF176900565332 /* iOSSocialServiceOAuth2Provider.m in Sources */ = {isa = PBXBuildFile; fileRef = 12AB3A1A13DF176800565332 /* iOSSocialServiceOAuth2Provider.m */; };
		12AB3A1F13DF178300565332 /* iOSSocialServiceOAuth1Provider.h in Headers */ = {isa = PBXBuildFile; fileRef = 12AB3A1D13DF178000565332 /* iOSSocialServiceOAuth1Provider.h */; };
		12AB3A2013DF178300565332 /* iOSSocialServiceOAuth1Provider.m in Sources */ = {isa = PBXBuildFile; fileRef = 12AB3A1E13DF178200565332 /* iOSSocialServiceOAuth1Provider.m */; };
		12AB3A2213DF1A8100565332 /* iOSSocialServiceOAuth2ProviderConstants.h in Headers */ = {isa = PBXBuildFile; fileRef = 12AB3A2113DF1A7F00565332 /* iOSSocialServiceOAuth2ProviderConstants.h */; };
		12AB3A2413DF1E7000565332 /* iOSSocialServiceOAuth1ProviderConstants.h in Headers */ = {isa = PBXBuildFile; fileRef = 12AB3A2313DF1E6900565332 /* iOSSocialServiceOAuth1ProviderConstants.h */; };
		12AB3A2713DF20F700565332 /* GTMOAuthAuthentication+Additions.h in Headers */ = {isa = PBXBuildFile; fileRef = 12AB3A2513DF20F000565332 /* GTMOAuthAuthentication+Additions.h */; };
		12AB3A2813DF20F700565332 /* GTMOAuthAuthentication+Additions.m in Sources */ = {isa = PBXBuildFile; fileRef = 12AB3A2613DF20F200565332 /* GTMOAuthAuthentication+Additions.m */; };
		12DD953313D617ED00C2AA32 /* InstagramUserCollection.h in Headers */ = {isa = PBXBuildFile; fileRef = 12DD953113D617ED00C2AA32 /* InstagramUserCollection.h */; };
		12DD953413D617ED00C2AA32 /* InstagramUserCollection.m in Sources */ = {isa = PBXBuildFile; fileRef = 12DD953213D617ED00C2AA32 /* InstagramUserCollection.m */; };
		12E0ACCE13D0D2D40025C3B7 /* UIView+iOSSSubviewTraversal.h in Headers */ = {isa = PBXBuildFile; fileRef = 12E0ACCC13D0D2D40025C3B7 /* UIView+iOSSSubviewTraversal.h */; };
		12E0ACCF13D0D2D40025C3B7 /* UIView+iOSSSubviewTraversal.m in Sources */ = {isa = PBXBuildFile; fileRef = 12E0ACCD13D0D2D40025C3B7 /* UIView+iOSSSubviewTraversal.m */; };
		12ECAC5B13D4818300C1297B /* IGRequest.h in Headers */ = {isa = PBXBuildFile; fileRef = 12ECAC5913D4818300C1297B /* IGRequest.h */; };
		12ECAC5C13D4818300C1297B /* IGRequest.m in Sources */ = {isa = PBXBuildFile; fileRef = 12ECAC5A13D4818300C1297B /* IGRequest.m */; };
		12ECAC5F13D4879900C1297B /* InstagramUser+Private.h in Headers */ = {isa = PBXBuildFile; fileRef = 12ECAC5E13D4879900C1297B /* InstagramUser+Private.h */; };
		12ECAC6313D4895200C1297B /* UIApplication+iOSSNetworkActivity.h in Headers */ = {isa = PBXBuildFile; fileRef = 12ECAC6113D4895200C1297B /* UIApplication+iOSSNetworkActivity.h */; };
		12ECAC6413D4895200C1297B /* UIApplication+iOSSNetworkActivity.m in Sources */ = {isa = PBXBuildFile; fileRef = 12ECAC6213D4895200C1297B /* UIApplication+iOSSNetworkActivity.m */; };
		12ECAC6813D4905800C1297B /* iOSSConnection.h in Headers */ = {isa = PBXBuildFile; fileRef = 12ECAC6613D4905800C1297B /* iOSSConnection.h */; };
		12ECAC6913D4905800C1297B /* iOSSConnection.m in Sources */ = {isa = PBXBuildFile; fileRef = 12ECAC6713D4905800C1297B /* iOSSConnection.m */; };
		12ECACE313D4D39200C1297B /* InstagramMedia.h in Headers */ = {isa = PBXBuildFile; fileRef = 12ECACE113D4D39200C1297B /* InstagramMedia.h */; };
		12ECACE413D4D39200C1297B /* InstagramMedia.m in Sources */ = {isa = PBXBuildFile; fileRef = 12ECACE213D4D39200C1297B /* InstagramMedia.m */; };
		12ECACE813D4D3A300C1297B /* InstagramMediaCollection.h in Headers */ = {isa = PBXBuildFile; fileRef = 12ECACE613D4D3A300C1297B /* InstagramMediaCollection.h */; };
		12ECACE913D4D3A300C1297B /* InstagramMediaCollection.m in Sources */ = {isa = PBXBuildFile; fileRef = 12ECACE713D4D3A300C1297B /* InstagramMediaCollection.m */; };
		12ECAE4013D5D3E700C1297B /* libThree20.a in Frameworks */ = {isa = PBXBuildFile; fileRef = 12ECADFE13D5BDD200C1297B /* libThree20.a */; };
		12ECAE4113D5D3E700C1297B /* libThree20Core.a in Frameworks */ = {isa = PBXBuildFile; fileRef = 12ECAE0A13D5BF0700C1297B /* libThree20Core.a */; };
		12ECAE4213D5D3E700C1297B /* libThree20Network.a in Frameworks */ = {isa = PBXBuildFile; fileRef = 12ECAE1513D5BF1100C1297B /* libThree20Network.a */; };
		12ECAE4313D5D3E700C1297B /* libThree20Style.a in Frameworks */ = {isa = PBXBuildFile; fileRef = 12ECAE2213D5BF6600C1297B /* libThree20Style.a */; };
		12ECAE4413D5D3E700C1297B /* libThree20UI.a in Frameworks */ = {isa = PBXBuildFile; fileRef = 12ECAE3D13D5BF7D00C1297B /* libThree20UI.a */; };
		12ECAE4513D5D3E700C1297B /* libThree20UICommon.a in Frameworks */ = {isa = PBXBuildFile; fileRef = 12ECAE2B13D5BF6B00C1297B /* libThree20UICommon.a */; };
		12ECAE4613D5D3E700C1297B /* libThree20UINavigator.a in Frameworks */ = {isa = PBXBuildFile; fileRef = 12ECAE3413D5BF7000C1297B /* libThree20UINavigator.a */; };
		12ECAF7713D5F38100C1297B /* NSUserDefaults+iOSSAdditions.h in Headers */ = {isa = PBXBuildFile; fileRef = 12ECAF7513D5F38100C1297B /* NSUserDefaults+iOSSAdditions.h */; };
		12ECAF7813D5F38100C1297B /* NSUserDefaults+iOSSAdditions.m in Sources */ = {isa = PBXBuildFile; fileRef = 12ECAF7613D5F38100C1297B /* NSUserDefaults+iOSSAdditions.m */; };
/* End PBXBuildFile section */

/* Begin PBXContainerItemProxy section */
		1264A14413D08B900085E394 /* PBXContainerItemProxy */ = {
			isa = PBXContainerItemProxy;
			containerPortal = 1264A12313D08B900085E394 /* Project object */;
			proxyType = 1;
			remoteGlobalIDString = 1264A12B13D08B900085E394;
			remoteInfo = iOSSocial;
		};
		12ECADFD13D5BDD200C1297B /* PBXContainerItemProxy */ = {
			isa = PBXContainerItemProxy;
			containerPortal = 12ECADD213D5BDD100C1297B /* Three20.xcodeproj */;
			proxyType = 2;
			remoteGlobalIDString = BEF31F3A0F352DF5000DE5D2;
			remoteInfo = Three20;
		};
		12ECADFF13D5BDD200C1297B /* PBXContainerItemProxy */ = {
			isa = PBXContainerItemProxy;
			containerPortal = 12ECADD213D5BDD100C1297B /* Three20.xcodeproj */;
			proxyType = 2;
			remoteGlobalIDString = EB9E6C6210B6A8F800DE563C;
			remoteInfo = Three20UnitTests;
		};
		12ECAE0913D5BF0700C1297B /* PBXContainerItemProxy */ = {
			isa = PBXContainerItemProxy;
			containerPortal = 12ECAE0413D5BF0700C1297B /* Three20Core.xcodeproj */;
			proxyType = 2;
			remoteGlobalIDString = BEF31F3A0F352DF5000DE5D2;
			remoteInfo = Three20Core;
		};
		12ECAE0B13D5BF0700C1297B /* PBXContainerItemProxy */ = {
			isa = PBXContainerItemProxy;
			containerPortal = 12ECAE0413D5BF0700C1297B /* Three20Core.xcodeproj */;
			proxyType = 2;
			remoteGlobalIDString = EB9E6C6210B6A8F800DE563C;
			remoteInfo = Three20CoreUnitTests;
		};
		12ECAE1413D5BF1100C1297B /* PBXContainerItemProxy */ = {
			isa = PBXContainerItemProxy;
			containerPortal = 12ECAE0D13D5BF1100C1297B /* Three20Network.xcodeproj */;
			proxyType = 2;
			remoteGlobalIDString = BEF31F3A0F352DF5000DE5D2;
			remoteInfo = Three20Network;
		};
		12ECAE1613D5BF1100C1297B /* PBXContainerItemProxy */ = {
			isa = PBXContainerItemProxy;
			containerPortal = 12ECAE0D13D5BF1100C1297B /* Three20Network.xcodeproj */;
			proxyType = 2;
			remoteGlobalIDString = 662D81EF12630516005851C2;
			remoteInfo = "Three20Network-Xcode3.2.5";
		};
		12ECAE1813D5BF1100C1297B /* PBXContainerItemProxy */ = {
			isa = PBXContainerItemProxy;
			containerPortal = 12ECAE0D13D5BF1100C1297B /* Three20Network.xcodeproj */;
			proxyType = 2;
			remoteGlobalIDString = EB9E6C6210B6A8F800DE563C;
			remoteInfo = Three20NetworkUnitTests;
		};
		12ECAE1A13D5BF1100C1297B /* PBXContainerItemProxy */ = {
			isa = PBXContainerItemProxy;
			containerPortal = 12ECAE0D13D5BF1100C1297B /* Three20Network.xcodeproj */;
			proxyType = 2;
			remoteGlobalIDString = 662D81B2126304EB005851C2;
			remoteInfo = "Three20NetworkUnitTests-Xcode3.2.5";
		};
		12ECAE2113D5BF6600C1297B /* PBXContainerItemProxy */ = {
			isa = PBXContainerItemProxy;
			containerPortal = 12ECAE1C13D5BF6500C1297B /* Three20Style.xcodeproj */;
			proxyType = 2;
			remoteGlobalIDString = BEF31F3A0F352DF5000DE5D2;
			remoteInfo = Three20Style;
		};
		12ECAE2313D5BF6600C1297B /* PBXContainerItemProxy */ = {
			isa = PBXContainerItemProxy;
			containerPortal = 12ECAE1C13D5BF6500C1297B /* Three20Style.xcodeproj */;
			proxyType = 2;
			remoteGlobalIDString = EB9E6C6210B6A8F800DE563C;
			remoteInfo = Three20StyleUnitTests;
		};
		12ECAE2A13D5BF6B00C1297B /* PBXContainerItemProxy */ = {
			isa = PBXContainerItemProxy;
			containerPortal = 12ECAE2513D5BF6B00C1297B /* Three20UICommon.xcodeproj */;
			proxyType = 2;
			remoteGlobalIDString = BEF31F3A0F352DF5000DE5D2;
			remoteInfo = Three20UICommon;
		};
		12ECAE2C13D5BF6B00C1297B /* PBXContainerItemProxy */ = {
			isa = PBXContainerItemProxy;
			containerPortal = 12ECAE2513D5BF6B00C1297B /* Three20UICommon.xcodeproj */;
			proxyType = 2;
			remoteGlobalIDString = EB9E6C6210B6A8F800DE563C;
			remoteInfo = Three20UICommonUnitTests;
		};
		12ECAE3313D5BF7000C1297B /* PBXContainerItemProxy */ = {
			isa = PBXContainerItemProxy;
			containerPortal = 12ECAE2E13D5BF7000C1297B /* Three20UINavigator.xcodeproj */;
			proxyType = 2;
			remoteGlobalIDString = BEF31F3A0F352DF5000DE5D2;
			remoteInfo = Three20UINavigator;
		};
		12ECAE3513D5BF7000C1297B /* PBXContainerItemProxy */ = {
			isa = PBXContainerItemProxy;
			containerPortal = 12ECAE2E13D5BF7000C1297B /* Three20UINavigator.xcodeproj */;
			proxyType = 2;
			remoteGlobalIDString = EB9E6C6210B6A8F800DE563C;
			remoteInfo = Three20UINavigatorUnitTests;
		};
		12ECAE3C13D5BF7D00C1297B /* PBXContainerItemProxy */ = {
			isa = PBXContainerItemProxy;
			containerPortal = 12ECAE3713D5BF7D00C1297B /* Three20UI.xcodeproj */;
			proxyType = 2;
			remoteGlobalIDString = BEF31F3A0F352DF5000DE5D2;
			remoteInfo = Three20UI;
		};
		12ECAE3E13D5BF7D00C1297B /* PBXContainerItemProxy */ = {
			isa = PBXContainerItemProxy;
			containerPortal = 12ECAE3713D5BF7D00C1297B /* Three20UI.xcodeproj */;
			proxyType = 2;
			remoteGlobalIDString = EB9E6C6210B6A8F800DE563C;
			remoteInfo = Three20UIUnitTests;
		};
		12ECAE4713D5D43E00C1297B /* PBXContainerItemProxy */ = {
			isa = PBXContainerItemProxy;
			containerPortal = 12ECAE2E13D5BF7000C1297B /* Three20UINavigator.xcodeproj */;
			proxyType = 1;
			remoteGlobalIDString = BEF31F390F352DF5000DE5D2;
			remoteInfo = Three20UINavigator;
		};
		12ECAE4913D5D43E00C1297B /* PBXContainerItemProxy */ = {
			isa = PBXContainerItemProxy;
			containerPortal = 12ECAE2513D5BF6B00C1297B /* Three20UICommon.xcodeproj */;
			proxyType = 1;
			remoteGlobalIDString = BEF31F390F352DF5000DE5D2;
			remoteInfo = Three20UICommon;
		};
		12ECAE4B13D5D43E00C1297B /* PBXContainerItemProxy */ = {
			isa = PBXContainerItemProxy;
			containerPortal = 12ECAE0D13D5BF1100C1297B /* Three20Network.xcodeproj */;
			proxyType = 1;
			remoteGlobalIDString = BEF31F390F352DF5000DE5D2;
			remoteInfo = Three20Network;
		};
		12ECAE4D13D5D43E00C1297B /* PBXContainerItemProxy */ = {
			isa = PBXContainerItemProxy;
			containerPortal = 12ECAE3713D5BF7D00C1297B /* Three20UI.xcodeproj */;
			proxyType = 1;
			remoteGlobalIDString = BEF31F390F352DF5000DE5D2;
			remoteInfo = Three20UI;
		};
		12ECAE4F13D5D43E00C1297B /* PBXContainerItemProxy */ = {
			isa = PBXContainerItemProxy;
			containerPortal = 12ECAE1C13D5BF6500C1297B /* Three20Style.xcodeproj */;
			proxyType = 1;
			remoteGlobalIDString = BEF31F390F352DF5000DE5D2;
			remoteInfo = Three20Style;
		};
		12ECAE5113D5D43E00C1297B /* PBXContainerItemProxy */ = {
			isa = PBXContainerItemProxy;
			containerPortal = 12ECAE0413D5BF0700C1297B /* Three20Core.xcodeproj */;
			proxyType = 1;
			remoteGlobalIDString = BEF31F390F352DF5000DE5D2;
			remoteInfo = Three20Core;
		};
		12ECAE5313D5D43E00C1297B /* PBXContainerItemProxy */ = {
			isa = PBXContainerItemProxy;
			containerPortal = 12ECADD213D5BDD100C1297B /* Three20.xcodeproj */;
			proxyType = 1;
			remoteGlobalIDString = BEF31F390F352DF5000DE5D2;
			remoteInfo = Three20;
		};
/* End PBXContainerItemProxy section */

/* Begin PBXFileReference section */
		120888D713D7752F00C0FB68 /* iOSSFormEncodedPOSTRequest.h */ = {isa = PBXFileReference; fileEncoding = 4; lastKnownFileType = sourcecode.c.h; path = iOSSFormEncodedPOSTRequest.h; sourceTree = "<group>"; };
		120888D813D7752F00C0FB68 /* iOSSFormEncodedPOSTRequest.m */ = {isa = PBXFileReference; fileEncoding = 4; lastKnownFileType = sourcecode.c.objc; path = iOSSFormEncodedPOSTRequest.m; sourceTree = "<group>"; };
		120888DC13D77AF700C0FB68 /* NSString+iOSSURLAdditions.h */ = {isa = PBXFileReference; fileEncoding = 4; lastKnownFileType = sourcecode.c.h; path = "NSString+iOSSURLAdditions.h"; sourceTree = "<group>"; };
		120888DD13D77AF700C0FB68 /* NSString+iOSSURLAdditions.m */ = {isa = PBXFileReference; fileEncoding = 4; lastKnownFileType = sourcecode.c.objc; path = "NSString+iOSSURLAdditions.m"; sourceTree = "<group>"; };
		120888E013D7819300C0FB68 /* iOSSMultipartPOSTRequest.h */ = {isa = PBXFileReference; fileEncoding = 4; lastKnownFileType = sourcecode.c.h; path = iOSSMultipartPOSTRequest.h; sourceTree = "<group>"; };
		120888E113D7819300C0FB68 /* iOSSMultipartPOSTRequest.m */ = {isa = PBXFileReference; fileEncoding = 4; lastKnownFileType = sourcecode.c.objc; path = iOSSMultipartPOSTRequest.m; sourceTree = "<group>"; };
		1264A12C13D08B900085E394 /* libiOSSocial.a */ = {isa = PBXFileReference; explicitFileType = archive.ar; includeInIndex = 0; path = libiOSSocial.a; sourceTree = BUILT_PRODUCTS_DIR; };
		1264A12F13D08B900085E394 /* Foundation.framework */ = {isa = PBXFileReference; lastKnownFileType = wrapper.framework; name = Foundation.framework; path = System/Library/Frameworks/Foundation.framework; sourceTree = SDKROOT; };
		1264A13313D08B900085E394 /* iOSSocial-Prefix.pch */ = {isa = PBXFileReference; lastKnownFileType = sourcecode.c.h; path = "iOSSocial-Prefix.pch"; sourceTree = "<group>"; };
		1264A13413D08B900085E394 /* iOSSocial.h */ = {isa = PBXFileReference; lastKnownFileType = sourcecode.c.h; path = iOSSocial.h; sourceTree = "<group>"; };
		1264A13513D08B900085E394 /* iOSSocial.m */ = {isa = PBXFileReference; lastKnownFileType = sourcecode.c.objc; path = iOSSocial.m; sourceTree = "<group>"; };
		1264A13C13D08B900085E394 /* iOSSocialTests.octest */ = {isa = PBXFileReference; explicitFileType = wrapper.cfbundle; includeInIndex = 0; path = iOSSocialTests.octest; sourceTree = BUILT_PRODUCTS_DIR; };
		1264A13D13D08B900085E394 /* SenTestingKit.framework */ = {isa = PBXFileReference; lastKnownFileType = wrapper.framework; name = SenTestingKit.framework; path = Library/Frameworks/SenTestingKit.framework; sourceTree = DEVELOPER_DIR; };
		1264A13F13D08B900085E394 /* UIKit.framework */ = {isa = PBXFileReference; lastKnownFileType = wrapper.framework; name = UIKit.framework; path = Library/Frameworks/UIKit.framework; sourceTree = DEVELOPER_DIR; };
		1264A14213D08B900085E394 /* CoreGraphics.framework */ = {isa = PBXFileReference; lastKnownFileType = wrapper.framework; name = CoreGraphics.framework; path = Library/Frameworks/CoreGraphics.framework; sourceTree = DEVELOPER_DIR; };
		1264A14913D08B900085E394 /* iOSSocialTests-Info.plist */ = {isa = PBXFileReference; lastKnownFileType = text.plist.xml; path = "iOSSocialTests-Info.plist"; sourceTree = "<group>"; };
		1264A14B13D08B900085E394 /* en */ = {isa = PBXFileReference; lastKnownFileType = text.plist.strings; name = en; path = en.lproj/InfoPlist.strings; sourceTree = "<group>"; };
		1264A14D13D08B900085E394 /* iOSSocialTests.h */ = {isa = PBXFileReference; lastKnownFileType = sourcecode.c.h; path = iOSSocialTests.h; sourceTree = "<group>"; };
		1264A14F13D08B900085E394 /* iOSSocialTests.m */ = {isa = PBXFileReference; lastKnownFileType = sourcecode.c.objc; path = iOSSocialTests.m; sourceTree = "<group>"; };
		1264A15E13D094E70085E394 /* Instagram.h */ = {isa = PBXFileReference; fileEncoding = 4; lastKnownFileType = sourcecode.c.h; name = Instagram.h; path = Instagram/Instagram.h; sourceTree = "<group>"; };
		1264A15F13D094E70085E394 /* Instagram.m */ = {isa = PBXFileReference; fileEncoding = 4; lastKnownFileType = sourcecode.c.objc; name = Instagram.m; path = Instagram/Instagram.m; sourceTree = "<group>"; };
		1264A16013D094E70085E394 /* InstagramUser.h */ = {isa = PBXFileReference; fileEncoding = 4; lastKnownFileType = sourcecode.c.h; name = InstagramUser.h; path = Instagram/InstagramUser.h; sourceTree = "<group>"; };
		1264A16113D094E70085E394 /* InstagramUser.m */ = {isa = PBXFileReference; fileEncoding = 4; lastKnownFileType = sourcecode.c.objc; name = InstagramUser.m; path = Instagram/InstagramUser.m; sourceTree = "<group>"; };
		1264A16213D094E70085E394 /* LocalInstagramUser.h */ = {isa = PBXFileReference; fileEncoding = 4; lastKnownFileType = sourcecode.c.h; name = LocalInstagramUser.h; path = Instagram/LocalInstagramUser.h; sourceTree = "<group>"; };
		1264A16313D094E70085E394 /* LocalInstagramUser.m */ = {isa = PBXFileReference; fileEncoding = 4; lastKnownFileType = sourcecode.c.objc; name = LocalInstagramUser.m; path = Instagram/LocalInstagramUser.m; sourceTree = "<group>"; };
		1264A16A13D0951E0085E394 /* UIKit.framework */ = {isa = PBXFileReference; lastKnownFileType = wrapper.framework; name = UIKit.framework; path = System/Library/Frameworks/UIKit.framework; sourceTree = SDKROOT; };
		126FE22B13D9C28E00D72D46 /* iOSSLog.h */ = {isa = PBXFileReference; fileEncoding = 4; lastKnownFileType = sourcecode.c.h; path = iOSSLog.h; sourceTree = "<group>"; };
		126FE22C13D9C28E00D72D46 /* iOSSLog.m */ = {isa = PBXFileReference; fileEncoding = 4; lastKnownFileType = sourcecode.c.objc; path = iOSSLog.m; sourceTree = "<group>"; };
		126FE22D13D9C28E00D72D46 /* iOSSRequest.h */ = {isa = PBXFileReference; fileEncoding = 4; lastKnownFileType = sourcecode.c.h; path = iOSSRequest.h; sourceTree = "<group>"; };
		126FE22E13D9C28E00D72D46 /* iOSSRequest.m */ = {isa = PBXFileReference; fileEncoding = 4; lastKnownFileType = sourcecode.c.objc; path = iOSSRequest.m; sourceTree = "<group>"; };
		126FE22F13D9C28E00D72D46 /* iOSSServicesViewController.h */ = {isa = PBXFileReference; fileEncoding = 4; lastKnownFileType = sourcecode.c.h; path = iOSSServicesViewController.h; sourceTree = "<group>"; };
		126FE23013D9C28E00D72D46 /* iOSSServicesViewController.m */ = {isa = PBXFileReference; fileEncoding = 4; lastKnownFileType = sourcecode.c.objc; path = iOSSServicesViewController.m; sourceTree = "<group>"; };
		126FE25113D9C7DF00D72D46 /* LocalTwitterUser.h */ = {isa = PBXFileReference; fileEncoding = 4; lastKnownFileType = sourcecode.c.h; path = LocalTwitterUser.h; sourceTree = "<group>"; };
		126FE25213D9C7DF00D72D46 /* LocalTwitterUser.m */ = {isa = PBXFileReference; fileEncoding = 4; lastKnownFileType = sourcecode.c.objc; path = LocalTwitterUser.m; sourceTree = "<group>"; };
		126FE25513D9C7F000D72D46 /* TwitterUser.h */ = {isa = PBXFileReference; fileEncoding = 4; lastKnownFileType = sourcecode.c.h; path = TwitterUser.h; sourceTree = "<group>"; };
		126FE25613D9C7F000D72D46 /* TwitterUser.m */ = {isa = PBXFileReference; fileEncoding = 4; lastKnownFileType = sourcecode.c.objc; path = TwitterUser.m; sourceTree = "<group>"; };
		126FE25913D9CBEB00D72D46 /* Twitter.h */ = {isa = PBXFileReference; fileEncoding = 4; lastKnownFileType = sourcecode.c.h; path = Twitter.h; sourceTree = "<group>"; };
		126FE25A13D9CBEB00D72D46 /* Twitter.m */ = {isa = PBXFileReference; fileEncoding = 4; lastKnownFileType = sourcecode.c.objc; path = Twitter.m; sourceTree = "<group>"; };
		126FE25F13D9D9F000D72D46 /* TwitterUser+Private.h */ = {isa = PBXFileReference; fileEncoding = 4; lastKnownFileType = sourcecode.c.h; path = "TwitterUser+Private.h"; sourceTree = "<group>"; };
		126FE2C013DA214000D72D46 /* Foursquare.h */ = {isa = PBXFileReference; fileEncoding = 4; lastKnownFileType = sourcecode.c.h; path = Foursquare.h; sourceTree = "<group>"; };
		126FE2C113DA214000D72D46 /* Foursquare.m */ = {isa = PBXFileReference; fileEncoding = 4; lastKnownFileType = sourcecode.c.objc; path = Foursquare.m; sourceTree = "<group>"; };
		126FE2C613DA225A00D72D46 /* FoursquareUser.h */ = {isa = PBXFileReference; fileEncoding = 4; lastKnownFileType = sourcecode.c.h; path = FoursquareUser.h; sourceTree = "<group>"; };
		126FE2C713DA225A00D72D46 /* FoursquareUser.m */ = {isa = PBXFileReference; fileEncoding = 4; lastKnownFileType = sourcecode.c.objc; path = FoursquareUser.m; sourceTree = "<group>"; };
		126FE2CA13DA22C500D72D46 /* FoursquareUser+Private.h */ = {isa = PBXFileReference; fileEncoding = 4; lastKnownFileType = sourcecode.c.h; path = "FoursquareUser+Private.h"; sourceTree = "<group>"; };
		126FE2CC13DA22FD00D72D46 /* LocalFoursquareUser.h */ = {isa = PBXFileReference; fileEncoding = 4; lastKnownFileType = sourcecode.c.h; path = LocalFoursquareUser.h; sourceTree = "<group>"; };
		126FE2CD13DA22FD00D72D46 /* LocalFoursquareUser.m */ = {isa = PBXFileReference; fileEncoding = 4; lastKnownFileType = sourcecode.c.objc; path = LocalFoursquareUser.m; sourceTree = "<group>"; };
		1299F1F613D8724E0065735C /* iOSSUploadFileInfo.h */ = {isa = PBXFileReference; fileEncoding = 4; lastKnownFileType = sourcecode.c.h; path = iOSSUploadFileInfo.h; sourceTree = "<group>"; };
		1299F1F713D8724E0065735C /* iOSSUploadFileInfo.m */ = {isa = PBXFileReference; fileEncoding = 4; lastKnownFileType = sourcecode.c.objc; path = iOSSUploadFileInfo.m; sourceTree = "<group>"; };
		12AB358013DDBAE100565332 /* GTMOAuth2Authentication.h */ = {isa = PBXFileReference; fileEncoding = 4; lastKnownFileType = sourcecode.c.h; name = GTMOAuth2Authentication.h; path = "../../gtm-oauth2/Source/GTMOAuth2Authentication.h"; sourceTree = "<group>"; };
		12AB358113DDBAE100565332 /* GTMOAuth2Authentication.m */ = {isa = PBXFileReference; fileEncoding = 4; lastKnownFileType = sourcecode.c.objc; name = GTMOAuth2Authentication.m; path = "../../gtm-oauth2/Source/GTMOAuth2Authentication.m"; sourceTree = "<group>"; };
		12AB358213DDBAE100565332 /* GTMOAuth2SignIn.h */ = {isa = PBXFileReference; fileEncoding = 4; lastKnownFileType = sourcecode.c.h; name = GTMOAuth2SignIn.h; path = "../../gtm-oauth2/Source/GTMOAuth2SignIn.h"; sourceTree = "<group>"; };
		12AB358313DDBAE100565332 /* GTMOAuth2SignIn.m */ = {isa = PBXFileReference; fileEncoding = 4; lastKnownFileType = sourcecode.c.objc; name = GTMOAuth2SignIn.m; path = "../../gtm-oauth2/Source/GTMOAuth2SignIn.m"; sourceTree = "<group>"; };
		12AB358513DDBAE100565332 /* GTMOAuth2ViewControllerTouch.h */ = {isa = PBXFileReference; fileEncoding = 4; lastKnownFileType = sourcecode.c.h; path = GTMOAuth2ViewControllerTouch.h; sourceTree = "<group>"; };
		12AB358613DDBAE100565332 /* GTMOAuth2ViewControllerTouch.m */ = {isa = PBXFileReference; fileEncoding = 4; lastKnownFileType = sourcecode.c.objc; path = GTMOAuth2ViewControllerTouch.m; sourceTree = "<group>"; };
		12AB358713DDBAE100565332 /* GTMOAuth2ViewTouch.xib */ = {isa = PBXFileReference; fileEncoding = 4; lastKnownFileType = file.xib; path = GTMOAuth2ViewTouch.xib; sourceTree = "<group>"; };
		12AB358E13DDBB1800565332 /* GTMOAuthAuthentication.h */ = {isa = PBXFileReference; fileEncoding = 4; lastKnownFileType = sourcecode.c.h; name = GTMOAuthAuthentication.h; path = "../../gtm-oauth/Source/GTMOAuthAuthentication.h"; sourceTree = "<group>"; };
		12AB358F13DDBB1800565332 /* GTMOAuthAuthentication.m */ = {isa = PBXFileReference; fileEncoding = 4; lastKnownFileType = sourcecode.c.objc; name = GTMOAuthAuthentication.m; path = "../../gtm-oauth/Source/GTMOAuthAuthentication.m"; sourceTree = "<group>"; };
		12AB359013DDBB1800565332 /* GTMOAuthSignIn.h */ = {isa = PBXFileReference; fileEncoding = 4; lastKnownFileType = sourcecode.c.h; name = GTMOAuthSignIn.h; path = "../../gtm-oauth/Source/GTMOAuthSignIn.h"; sourceTree = "<group>"; };
		12AB359113DDBB1800565332 /* GTMOAuthSignIn.m */ = {isa = PBXFileReference; fileEncoding = 4; lastKnownFileType = sourcecode.c.objc; name = GTMOAuthSignIn.m; path = "../../gtm-oauth/Source/GTMOAuthSignIn.m"; sourceTree = "<group>"; };
		12AB359313DDBB1800565332 /* GTMOAuthViewControllerTouch.h */ = {isa = PBXFileReference; fileEncoding = 4; lastKnownFileType = sourcecode.c.h; path = GTMOAuthViewControllerTouch.h; sourceTree = "<group>"; };
		12AB359413DDBB1800565332 /* GTMOAuthViewControllerTouch.m */ = {isa = PBXFileReference; fileEncoding = 4; lastKnownFileType = sourcecode.c.objc; path = GTMOAuthViewControllerTouch.m; sourceTree = "<group>"; };
		12AB359513DDBB1800565332 /* GTMOAuthViewTouch.xib */ = {isa = PBXFileReference; fileEncoding = 4; lastKnownFileType = file.xib; path = GTMOAuthViewTouch.xib; sourceTree = "<group>"; };
		12AB359D13DDBF5700565332 /* GTMHTTPFetcher.h */ = {isa = PBXFileReference; fileEncoding = 4; lastKnownFileType = sourcecode.c.h; name = GTMHTTPFetcher.h; path = "../../gtm-http-fetcher/Source/GTMHTTPFetcher.h"; sourceTree = "<group>"; };
		12AB359E13DDBF5700565332 /* GTMHTTPFetcher.m */ = {isa = PBXFileReference; fileEncoding = 4; lastKnownFileType = sourcecode.c.objc; name = GTMHTTPFetcher.m; path = "../../gtm-http-fetcher/Source/GTMHTTPFetcher.m"; sourceTree = "<group>"; };
		12AB3A0C13DF13D300565332 /* iOSSocialUser.h */ = {isa = PBXFileReference; fileEncoding = 4; lastKnownFileType = sourcecode.c.h; path = iOSSocialUser.h; sourceTree = "<group>"; };
		12AB3A0D13DF13D400565332 /* iOSSocialUser.m */ = {isa = PBXFileReference; fileEncoding = 4; lastKnownFileType = sourcecode.c.objc; path = iOSSocialUser.m; sourceTree = "<group>"; };
		12AB3A1013DF13ED00565332 /* iOSSocialLocalUser.h */ = {isa = PBXFileReference; fileEncoding = 4; lastKnownFileType = sourcecode.c.h; path = iOSSocialLocalUser.h; sourceTree = "<group>"; };
		12AB3A1113DF13EE00565332 /* iOSSocialLocalUser.m */ = {isa = PBXFileReference; fileEncoding = 4; lastKnownFileType = sourcecode.c.objc; path = iOSSocialLocalUser.m; sourceTree = "<group>"; };
		12AB3A1913DF176700565332 /* iOSSocialServiceOAuth2Provider.h */ = {isa = PBXFileReference; fileEncoding = 4; lastKnownFileType = sourcecode.c.h; path = iOSSocialServiceOAuth2Provider.h; sourceTree = "<group>"; };
		12AB3A1A13DF176800565332 /* iOSSocialServiceOAuth2Provider.m */ = {isa = PBXFileReference; fileEncoding = 4; lastKnownFileType = sourcecode.c.objc; path = iOSSocialServiceOAuth2Provider.m; sourceTree = "<group>"; };
		12AB3A1D13DF178000565332 /* iOSSocialServiceOAuth1Provider.h */ = {isa = PBXFileReference; fileEncoding = 4; lastKnownFileType = sourcecode.c.h; path = iOSSocialServiceOAuth1Provider.h; sourceTree = "<group>"; };
		12AB3A1E13DF178200565332 /* iOSSocialServiceOAuth1Provider.m */ = {isa = PBXFileReference; fileEncoding = 4; lastKnownFileType = sourcecode.c.objc; path = iOSSocialServiceOAuth1Provider.m; sourceTree = "<group>"; };
		12AB3A2113DF1A7F00565332 /* iOSSocialServiceOAuth2ProviderConstants.h */ = {isa = PBXFileReference; fileEncoding = 4; lastKnownFileType = sourcecode.c.h; path = iOSSocialServiceOAuth2ProviderConstants.h; sourceTree = "<group>"; };
		12AB3A2313DF1E6900565332 /* iOSSocialServiceOAuth1ProviderConstants.h */ = {isa = PBXFileReference; fileEncoding = 4; lastKnownFileType = sourcecode.c.h; path = iOSSocialServiceOAuth1ProviderConstants.h; sourceTree = "<group>"; };
		12AB3A2513DF20F000565332 /* GTMOAuthAuthentication+Additions.h */ = {isa = PBXFileReference; fileEncoding = 4; lastKnownFileType = sourcecode.c.h; path = "GTMOAuthAuthentication+Additions.h"; sourceTree = "<group>"; };
		12AB3A2613DF20F200565332 /* GTMOAuthAuthentication+Additions.m */ = {isa = PBXFileReference; fileEncoding = 4; lastKnownFileType = sourcecode.c.objc; path = "GTMOAuthAuthentication+Additions.m"; sourceTree = "<group>"; };
		12DD953113D617ED00C2AA32 /* InstagramUserCollection.h */ = {isa = PBXFileReference; fileEncoding = 4; lastKnownFileType = sourcecode.c.h; path = InstagramUserCollection.h; sourceTree = "<group>"; };
		12DD953213D617ED00C2AA32 /* InstagramUserCollection.m */ = {isa = PBXFileReference; fileEncoding = 4; lastKnownFileType = sourcecode.c.objc; path = InstagramUserCollection.m; sourceTree = "<group>"; };
		12E0ACCC13D0D2D40025C3B7 /* UIView+iOSSSubviewTraversal.h */ = {isa = PBXFileReference; fileEncoding = 4; lastKnownFileType = sourcecode.c.h; path = "UIView+iOSSSubviewTraversal.h"; sourceTree = "<group>"; };
		12E0ACCD13D0D2D40025C3B7 /* UIView+iOSSSubviewTraversal.m */ = {isa = PBXFileReference; fileEncoding = 4; lastKnownFileType = sourcecode.c.objc; path = "UIView+iOSSSubviewTraversal.m"; sourceTree = "<group>"; };
		12ECAC5913D4818300C1297B /* IGRequest.h */ = {isa = PBXFileReference; fileEncoding = 4; lastKnownFileType = sourcecode.c.h; path = IGRequest.h; sourceTree = "<group>"; };
		12ECAC5A13D4818300C1297B /* IGRequest.m */ = {isa = PBXFileReference; fileEncoding = 4; lastKnownFileType = sourcecode.c.objc; path = IGRequest.m; sourceTree = "<group>"; };
		12ECAC5E13D4879900C1297B /* InstagramUser+Private.h */ = {isa = PBXFileReference; fileEncoding = 4; lastKnownFileType = sourcecode.c.h; path = "InstagramUser+Private.h"; sourceTree = "<group>"; };
		12ECAC6113D4895200C1297B /* UIApplication+iOSSNetworkActivity.h */ = {isa = PBXFileReference; fileEncoding = 4; lastKnownFileType = sourcecode.c.h; path = "UIApplication+iOSSNetworkActivity.h"; sourceTree = "<group>"; };
		12ECAC6213D4895200C1297B /* UIApplication+iOSSNetworkActivity.m */ = {isa = PBXFileReference; fileEncoding = 4; lastKnownFileType = sourcecode.c.objc; path = "UIApplication+iOSSNetworkActivity.m"; sourceTree = "<group>"; };
		12ECAC6613D4905800C1297B /* iOSSConnection.h */ = {isa = PBXFileReference; fileEncoding = 4; lastKnownFileType = sourcecode.c.h; path = iOSSConnection.h; sourceTree = "<group>"; };
		12ECAC6713D4905800C1297B /* iOSSConnection.m */ = {isa = PBXFileReference; fileEncoding = 4; lastKnownFileType = sourcecode.c.objc; path = iOSSConnection.m; sourceTree = "<group>"; };
		12ECACE113D4D39200C1297B /* InstagramMedia.h */ = {isa = PBXFileReference; fileEncoding = 4; lastKnownFileType = sourcecode.c.h; path = InstagramMedia.h; sourceTree = "<group>"; };
		12ECACE213D4D39200C1297B /* InstagramMedia.m */ = {isa = PBXFileReference; fileEncoding = 4; lastKnownFileType = sourcecode.c.objc; path = InstagramMedia.m; sourceTree = "<group>"; };
		12ECACE613D4D3A300C1297B /* InstagramMediaCollection.h */ = {isa = PBXFileReference; fileEncoding = 4; lastKnownFileType = sourcecode.c.h; path = InstagramMediaCollection.h; sourceTree = "<group>"; };
		12ECACE713D4D3A300C1297B /* InstagramMediaCollection.m */ = {isa = PBXFileReference; fileEncoding = 4; lastKnownFileType = sourcecode.c.objc; path = InstagramMediaCollection.m; sourceTree = "<group>"; };
		12ECADD213D5BDD100C1297B /* Three20.xcodeproj */ = {isa = PBXFileReference; lastKnownFileType = "wrapper.pb-project"; name = Three20.xcodeproj; path = ../three20/src/Three20/Three20.xcodeproj; sourceTree = "<group>"; };
		12ECAE0413D5BF0700C1297B /* Three20Core.xcodeproj */ = {isa = PBXFileReference; lastKnownFileType = "wrapper.pb-project"; name = Three20Core.xcodeproj; path = ../three20/src/Three20Core/Three20Core.xcodeproj; sourceTree = "<group>"; };
		12ECAE0D13D5BF1100C1297B /* Three20Network.xcodeproj */ = {isa = PBXFileReference; lastKnownFileType = "wrapper.pb-project"; name = Three20Network.xcodeproj; path = ../three20/src/Three20Network/Three20Network.xcodeproj; sourceTree = "<group>"; };
		12ECAE1C13D5BF6500C1297B /* Three20Style.xcodeproj */ = {isa = PBXFileReference; lastKnownFileType = "wrapper.pb-project"; name = Three20Style.xcodeproj; path = ../three20/src/Three20Style/Three20Style.xcodeproj; sourceTree = "<group>"; };
		12ECAE2513D5BF6B00C1297B /* Three20UICommon.xcodeproj */ = {isa = PBXFileReference; lastKnownFileType = "wrapper.pb-project"; name = Three20UICommon.xcodeproj; path = "/Users/christopherwhite/Documents/iOSSocial/iOSSocial-master/iOSSocial/three20/src/Three20/../Three20UICommon/Three20UICommon.xcodeproj"; sourceTree = "<absolute>"; };
		12ECAE2E13D5BF7000C1297B /* Three20UINavigator.xcodeproj */ = {isa = PBXFileReference; lastKnownFileType = "wrapper.pb-project"; name = Three20UINavigator.xcodeproj; path = "/Users/christopherwhite/Documents/iOSSocial/iOSSocial-master/iOSSocial/three20/src/Three20/../Three20UINavigator/Three20UINavigator.xcodeproj"; sourceTree = "<absolute>"; };
		12ECAE3713D5BF7D00C1297B /* Three20UI.xcodeproj */ = {isa = PBXFileReference; lastKnownFileType = "wrapper.pb-project"; name = Three20UI.xcodeproj; path = "/Users/christopherwhite/Documents/iOSSocial/iOSSocial-master/iOSSocial/three20/src/Three20/../Three20UI/Three20UI.xcodeproj"; sourceTree = "<absolute>"; };
		12ECAE5513D5D46D00C1297B /* Three20.bundle */ = {isa = PBXFileReference; lastKnownFileType = "wrapper.plug-in"; name = Three20.bundle; path = ../three20/src/Three20.bundle; sourceTree = "<group>"; };
		12ECAF7513D5F38100C1297B /* NSUserDefaults+iOSSAdditions.h */ = {isa = PBXFileReference; fileEncoding = 4; lastKnownFileType = sourcecode.c.h; path = "NSUserDefaults+iOSSAdditions.h"; sourceTree = "<group>"; };
		12ECAF7613D5F38100C1297B /* NSUserDefaults+iOSSAdditions.m */ = {isa = PBXFileReference; fileEncoding = 4; lastKnownFileType = sourcecode.c.objc; path = "NSUserDefaults+iOSSAdditions.m"; sourceTree = "<group>"; };
/* End PBXFileReference section */

/* Begin PBXFrameworksBuildPhase section */
		1264A12913D08B900085E394 /* Frameworks */ = {
			isa = PBXFrameworksBuildPhase;
			buildActionMask = 2147483647;
			files = (
				12ECAE4013D5D3E700C1297B /* libThree20.a in Frameworks */,
				12ECAE4113D5D3E700C1297B /* libThree20Core.a in Frameworks */,
				12ECAE4213D5D3E700C1297B /* libThree20Network.a in Frameworks */,
				12ECAE4313D5D3E700C1297B /* libThree20Style.a in Frameworks */,
				12ECAE4413D5D3E700C1297B /* libThree20UI.a in Frameworks */,
				12ECAE4513D5D3E700C1297B /* libThree20UICommon.a in Frameworks */,
				12ECAE4613D5D3E700C1297B /* libThree20UINavigator.a in Frameworks */,
				1264A16B13D0951E0085E394 /* UIKit.framework in Frameworks */,
				1264A13013D08B900085E394 /* Foundation.framework in Frameworks */,
			);
			runOnlyForDeploymentPostprocessing = 0;
		};
		1264A13813D08B900085E394 /* Frameworks */ = {
			isa = PBXFrameworksBuildPhase;
			buildActionMask = 2147483647;
			files = (
				1264A13E13D08B900085E394 /* SenTestingKit.framework in Frameworks */,
				1264A14013D08B900085E394 /* UIKit.framework in Frameworks */,
				1264A14113D08B900085E394 /* Foundation.framework in Frameworks */,
				1264A14313D08B900085E394 /* CoreGraphics.framework in Frameworks */,
				1264A14613D08B900085E394 /* libiOSSocial.a in Frameworks */,
			);
			runOnlyForDeploymentPostprocessing = 0;
		};
/* End PBXFrameworksBuildPhase section */

/* Begin PBXGroup section */
		120888DB13D77ADB00C0FB68 /* String */ = {
			isa = PBXGroup;
			children = (
				120888DC13D77AF700C0FB68 /* NSString+iOSSURLAdditions.h */,
				120888DD13D77AF700C0FB68 /* NSString+iOSSURLAdditions.m */,
			);
			name = String;
			sourceTree = "<group>";
		};
		1264A12113D08B900085E394 = {
			isa = PBXGroup;
			children = (
				12ECAE5513D5D46D00C1297B /* Three20.bundle */,
				12ECAE3713D5BF7D00C1297B /* Three20UI.xcodeproj */,
				12ECAE2E13D5BF7000C1297B /* Three20UINavigator.xcodeproj */,
				12ECAE2513D5BF6B00C1297B /* Three20UICommon.xcodeproj */,
				12ECAE1C13D5BF6500C1297B /* Three20Style.xcodeproj */,
				12ECAE0D13D5BF1100C1297B /* Three20Network.xcodeproj */,
				12ECAE0413D5BF0700C1297B /* Three20Core.xcodeproj */,
				12ECADD213D5BDD100C1297B /* Three20.xcodeproj */,
				1264A13113D08B900085E394 /* iOSSocial */,
				1264A14713D08B900085E394 /* iOSSocialTests */,
				1264A12E13D08B900085E394 /* Frameworks */,
				1264A12D13D08B900085E394 /* Products */,
			);
			sourceTree = "<group>";
		};
		1264A12D13D08B900085E394 /* Products */ = {
			isa = PBXGroup;
			children = (
				1264A12C13D08B900085E394 /* libiOSSocial.a */,
				1264A13C13D08B900085E394 /* iOSSocialTests.octest */,
			);
			name = Products;
			sourceTree = "<group>";
		};
		1264A12E13D08B900085E394 /* Frameworks */ = {
			isa = PBXGroup;
			children = (
				1264A16A13D0951E0085E394 /* UIKit.framework */,
				1264A12F13D08B900085E394 /* Foundation.framework */,
				1264A13D13D08B900085E394 /* SenTestingKit.framework */,
				1264A13F13D08B900085E394 /* UIKit.framework */,
				1264A14213D08B900085E394 /* CoreGraphics.framework */,
			);
			name = Frameworks;
			sourceTree = "<group>";
		};
		1264A13113D08B900085E394 /* iOSSocial */ = {
			isa = PBXGroup;
			children = (
				12AB359C13DDBF4700565332 /* gtm-http-fetcher */,
				126FE2BF13DA20C600D72D46 /* Foursquare */,
				126FE24F13D9C7C400D72D46 /* Twitter */,
				126FE23913D9C55F00D72D46 /* gtm-oauth */,
				126FE23813D9C2AC00D72D46 /* Utilities */,
				126FE23713D9C29E00D72D46 /* ViewControllers */,
				1264A16C13D0965E0085E394 /* gtm-oauth2 */,
				1264A15913D08CA80085E394 /* Instagram */,
				1264A13413D08B900085E394 /* iOSSocial.h */,
				1264A13513D08B900085E394 /* iOSSocial.m */,
				12AB3A0C13DF13D300565332 /* iOSSocialUser.h */,
				12AB3A0D13DF13D400565332 /* iOSSocialUser.m */,
				12AB3A1013DF13ED00565332 /* iOSSocialLocalUser.h */,
				12AB3A1113DF13EE00565332 /* iOSSocialLocalUser.m */,
				12AB3A1913DF176700565332 /* iOSSocialServiceOAuth2Provider.h */,
				12AB3A1A13DF176800565332 /* iOSSocialServiceOAuth2Provider.m */,
				12AB3A2113DF1A7F00565332 /* iOSSocialServiceOAuth2ProviderConstants.h */,
				12AB3A1D13DF178000565332 /* iOSSocialServiceOAuth1Provider.h */,
				12AB3A1E13DF178200565332 /* iOSSocialServiceOAuth1Provider.m */,
				12AB3A2313DF1E6900565332 /* iOSSocialServiceOAuth1ProviderConstants.h */,
				12AB3A2513DF20F000565332 /* GTMOAuthAuthentication+Additions.h */,
				12AB3A2613DF20F200565332 /* GTMOAuthAuthentication+Additions.m */,
				1264A13213D08B900085E394 /* Supporting Files */,
			);
			path = iOSSocial;
			sourceTree = "<group>";
		};
		1264A13213D08B900085E394 /* Supporting Files */ = {
			isa = PBXGroup;
			children = (
				1264A13313D08B900085E394 /* iOSSocial-Prefix.pch */,
			);
			name = "Supporting Files";
			sourceTree = "<group>";
		};
		1264A14713D08B900085E394 /* iOSSocialTests */ = {
			isa = PBXGroup;
			children = (
				1264A14D13D08B900085E394 /* iOSSocialTests.h */,
				1264A14F13D08B900085E394 /* iOSSocialTests.m */,
				1264A14813D08B900085E394 /* Supporting Files */,
			);
			path = iOSSocialTests;
			sourceTree = "<group>";
		};
		1264A14813D08B900085E394 /* Supporting Files */ = {
			isa = PBXGroup;
			children = (
				1264A14913D08B900085E394 /* iOSSocialTests-Info.plist */,
				1264A14A13D08B900085E394 /* InfoPlist.strings */,
			);
			name = "Supporting Files";
			sourceTree = "<group>";
		};
		1264A15913D08CA80085E394 /* Instagram */ = {
			isa = PBXGroup;
			children = (
				1264A15E13D094E70085E394 /* Instagram.h */,
				1264A15F13D094E70085E394 /* Instagram.m */,
				1264A16013D094E70085E394 /* InstagramUser.h */,
				1264A16113D094E70085E394 /* InstagramUser.m */,
				12ECAC5E13D4879900C1297B /* InstagramUser+Private.h */,
				1264A16213D094E70085E394 /* LocalInstagramUser.h */,
				1264A16313D094E70085E394 /* LocalInstagramUser.m */,
				12DD953113D617ED00C2AA32 /* InstagramUserCollection.h */,
				12DD953213D617ED00C2AA32 /* InstagramUserCollection.m */,
				12ECAC5913D4818300C1297B /* IGRequest.h */,
				12ECAC5A13D4818300C1297B /* IGRequest.m */,
				12ECACE113D4D39200C1297B /* InstagramMedia.h */,
				12ECACE213D4D39200C1297B /* InstagramMedia.m */,
				12ECACE613D4D3A300C1297B /* InstagramMediaCollection.h */,
				12ECACE713D4D3A300C1297B /* InstagramMediaCollection.m */,
			);
			name = Instagram;
			sourceTree = "<group>";
		};
		1264A16C13D0965E0085E394 /* gtm-oauth2 */ = {
			isa = PBXGroup;
			children = (
				12AB358013DDBAE100565332 /* GTMOAuth2Authentication.h */,
				12AB358113DDBAE100565332 /* GTMOAuth2Authentication.m */,
				12AB358213DDBAE100565332 /* GTMOAuth2SignIn.h */,
				12AB358313DDBAE100565332 /* GTMOAuth2SignIn.m */,
				12AB358413DDBAE100565332 /* Touch */,
			);
			name = "gtm-oauth2";
			sourceTree = "<group>";
		};
		126FE22113D9C13600D72D46 /* Log */ = {
			isa = PBXGroup;
			children = (
				126FE22B13D9C28E00D72D46 /* iOSSLog.h */,
				126FE22C13D9C28E00D72D46 /* iOSSLog.m */,
			);
			name = Log;
			sourceTree = "<group>";
		};
		126FE23713D9C29E00D72D46 /* ViewControllers */ = {
			isa = PBXGroup;
			children = (
				126FE22F13D9C28E00D72D46 /* iOSSServicesViewController.h */,
				126FE23013D9C28E00D72D46 /* iOSSServicesViewController.m */,
			);
			name = ViewControllers;
			sourceTree = "<group>";
		};
		126FE23813D9C2AC00D72D46 /* Utilities */ = {
			isa = PBXGroup;
			children = (
				126FE22113D9C13600D72D46 /* Log */,
				120888DB13D77ADB00C0FB68 /* String */,
				12ECAF7413D5F32300C1297B /* UserDefaults */,
				12ECAC6513D4904400C1297B /* Connection */,
				12ECAC6013D4892C00C1297B /* UIApplication */,
				12E0ACCB13D0D28B0025C3B7 /* UIView */,
			);
			name = Utilities;
			sourceTree = "<group>";
		};
		126FE23913D9C55F00D72D46 /* gtm-oauth */ = {
			isa = PBXGroup;
			children = (
				12AB358E13DDBB1800565332 /* GTMOAuthAuthentication.h */,
				12AB358F13DDBB1800565332 /* GTMOAuthAuthentication.m */,
				12AB359013DDBB1800565332 /* GTMOAuthSignIn.h */,
				12AB359113DDBB1800565332 /* GTMOAuthSignIn.m */,
				12AB359213DDBB1800565332 /* Touch */,
			);
			name = "gtm-oauth";
			sourceTree = "<group>";
		};
		126FE24F13D9C7C400D72D46 /* Twitter */ = {
			isa = PBXGroup;
			children = (
				126FE25113D9C7DF00D72D46 /* LocalTwitterUser.h */,
				126FE25213D9C7DF00D72D46 /* LocalTwitterUser.m */,
				126FE25513D9C7F000D72D46 /* TwitterUser.h */,
				126FE25613D9C7F000D72D46 /* TwitterUser.m */,
				126FE25913D9CBEB00D72D46 /* Twitter.h */,
				126FE25A13D9CBEB00D72D46 /* Twitter.m */,
				126FE25F13D9D9F000D72D46 /* TwitterUser+Private.h */,
			);
			name = Twitter;
			sourceTree = "<group>";
		};
		126FE2BF13DA20C600D72D46 /* Foursquare */ = {
			isa = PBXGroup;
			children = (
				126FE2C013DA214000D72D46 /* Foursquare.h */,
				126FE2C113DA214000D72D46 /* Foursquare.m */,
				126FE2C613DA225A00D72D46 /* FoursquareUser.h */,
				126FE2C713DA225A00D72D46 /* FoursquareUser.m */,
				126FE2CA13DA22C500D72D46 /* FoursquareUser+Private.h */,
				126FE2CC13DA22FD00D72D46 /* LocalFoursquareUser.h */,
				126FE2CD13DA22FD00D72D46 /* LocalFoursquareUser.m */,
			);
			name = Foursquare;
			sourceTree = "<group>";
		};
		12AB358413DDBAE100565332 /* Touch */ = {
			isa = PBXGroup;
			children = (
				12AB358513DDBAE100565332 /* GTMOAuth2ViewControllerTouch.h */,
				12AB358613DDBAE100565332 /* GTMOAuth2ViewControllerTouch.m */,
				12AB358713DDBAE100565332 /* GTMOAuth2ViewTouch.xib */,
			);
			name = Touch;
			path = "../../gtm-oauth2/Source/Touch";
			sourceTree = "<group>";
		};
		12AB359213DDBB1800565332 /* Touch */ = {
			isa = PBXGroup;
			children = (
				12AB359313DDBB1800565332 /* GTMOAuthViewControllerTouch.h */,
				12AB359413DDBB1800565332 /* GTMOAuthViewControllerTouch.m */,
				12AB359513DDBB1800565332 /* GTMOAuthViewTouch.xib */,
			);
			name = Touch;
			path = "../../gtm-oauth/Source/Touch";
			sourceTree = "<group>";
		};
		12AB359C13DDBF4700565332 /* gtm-http-fetcher */ = {
			isa = PBXGroup;
			children = (
				12AB359D13DDBF5700565332 /* GTMHTTPFetcher.h */,
				12AB359E13DDBF5700565332 /* GTMHTTPFetcher.m */,
			);
			name = "gtm-http-fetcher";
			sourceTree = "<group>";
		};
		12E0ACCB13D0D28B0025C3B7 /* UIView */ = {
			isa = PBXGroup;
			children = (
				12E0ACCC13D0D2D40025C3B7 /* UIView+iOSSSubviewTraversal.h */,
				12E0ACCD13D0D2D40025C3B7 /* UIView+iOSSSubviewTraversal.m */,
			);
			name = UIView;
			sourceTree = "<group>";
		};
		12ECAC6013D4892C00C1297B /* UIApplication */ = {
			isa = PBXGroup;
			children = (
				12ECAC6113D4895200C1297B /* UIApplication+iOSSNetworkActivity.h */,
				12ECAC6213D4895200C1297B /* UIApplication+iOSSNetworkActivity.m */,
			);
			name = UIApplication;
			sourceTree = "<group>";
		};
		12ECAC6513D4904400C1297B /* Connection */ = {
			isa = PBXGroup;
			children = (
				126FE22D13D9C28E00D72D46 /* iOSSRequest.h */,
				126FE22E13D9C28E00D72D46 /* iOSSRequest.m */,
				12ECAC6613D4905800C1297B /* iOSSConnection.h */,
				12ECAC6713D4905800C1297B /* iOSSConnection.m */,
				120888D713D7752F00C0FB68 /* iOSSFormEncodedPOSTRequest.h */,
				120888D813D7752F00C0FB68 /* iOSSFormEncodedPOSTRequest.m */,
				120888E013D7819300C0FB68 /* iOSSMultipartPOSTRequest.h */,
				120888E113D7819300C0FB68 /* iOSSMultipartPOSTRequest.m */,
				1299F1F613D8724E0065735C /* iOSSUploadFileInfo.h */,
				1299F1F713D8724E0065735C /* iOSSUploadFileInfo.m */,
			);
			name = Connection;
			sourceTree = "<group>";
		};
		12ECADD313D5BDD100C1297B /* Products */ = {
			isa = PBXGroup;
			children = (
				12ECADFE13D5BDD200C1297B /* libThree20.a */,
				12ECAE0013D5BDD200C1297B /* Three20UnitTests.octest */,
			);
			name = Products;
			sourceTree = "<group>";
		};
		12ECAE0513D5BF0700C1297B /* Products */ = {
			isa = PBXGroup;
			children = (
				12ECAE0A13D5BF0700C1297B /* libThree20Core.a */,
				12ECAE0C13D5BF0700C1297B /* CoreUnitTests.octest */,
			);
			name = Products;
			sourceTree = "<group>";
		};
		12ECAE0E13D5BF1100C1297B /* Products */ = {
			isa = PBXGroup;
			children = (
				12ECAE1513D5BF1100C1297B /* libThree20Network.a */,
				12ECAE1713D5BF1100C1297B /* libThree20Network-Xcode3.2.5.a */,
				12ECAE1913D5BF1100C1297B /* NetworkUnitTests.octest */,
				12ECAE1B13D5BF1100C1297B /* NetworkUnitTests-Xcode3.2.5.octest */,
			);
			name = Products;
			sourceTree = "<group>";
		};
		12ECAE1D13D5BF6500C1297B /* Products */ = {
			isa = PBXGroup;
			children = (
				12ECAE2213D5BF6600C1297B /* libThree20Style.a */,
				12ECAE2413D5BF6600C1297B /* StyleUnitTests.octest */,
			);
			name = Products;
			sourceTree = "<group>";
		};
		12ECAE2613D5BF6B00C1297B /* Products */ = {
			isa = PBXGroup;
			children = (
				12ECAE2B13D5BF6B00C1297B /* libThree20UICommon.a */,
				12ECAE2D13D5BF6B00C1297B /* UICommonUnitTests.octest */,
			);
			name = Products;
			sourceTree = "<group>";
		};
		12ECAE2F13D5BF7000C1297B /* Products */ = {
			isa = PBXGroup;
			children = (
				12ECAE3413D5BF7000C1297B /* libThree20UINavigator.a */,
				12ECAE3613D5BF7000C1297B /* UINavigatorUnitTests.octest */,
			);
			name = Products;
			sourceTree = "<group>";
		};
		12ECAE3813D5BF7D00C1297B /* Products */ = {
			isa = PBXGroup;
			children = (
				12ECAE3D13D5BF7D00C1297B /* libThree20UI.a */,
				12ECAE3F13D5BF7D00C1297B /* UIUnitTests.octest */,
			);
			name = Products;
			sourceTree = "<group>";
		};
		12ECAF7413D5F32300C1297B /* UserDefaults */ = {
			isa = PBXGroup;
			children = (
				12ECAF7513D5F38100C1297B /* NSUserDefaults+iOSSAdditions.h */,
				12ECAF7613D5F38100C1297B /* NSUserDefaults+iOSSAdditions.m */,
			);
			name = UserDefaults;
			sourceTree = "<group>";
		};
/* End PBXGroup section */

/* Begin PBXHeadersBuildPhase section */
		1264A12A13D08B900085E394 /* Headers */ = {
			isa = PBXHeadersBuildPhase;
			buildActionMask = 2147483647;
			files = (
				1264A16813D094E70085E394 /* LocalInstagramUser.h in Headers */,
				1264A16613D094E70085E394 /* InstagramUser.h in Headers */,
				1264A16413D094E70085E394 /* Instagram.h in Headers */,
				12E0ACCE13D0D2D40025C3B7 /* UIView+iOSSSubviewTraversal.h in Headers */,
				12ECAC5B13D4818300C1297B /* IGRequest.h in Headers */,
				12ECAC5F13D4879900C1297B /* InstagramUser+Private.h in Headers */,
				12ECAC6313D4895200C1297B /* UIApplication+iOSSNetworkActivity.h in Headers */,
				12ECAC6813D4905800C1297B /* iOSSConnection.h in Headers */,
				12ECACE313D4D39200C1297B /* InstagramMedia.h in Headers */,
				12ECACE813D4D3A300C1297B /* InstagramMediaCollection.h in Headers */,
				12ECAF7713D5F38100C1297B /* NSUserDefaults+iOSSAdditions.h in Headers */,
				12DD953313D617ED00C2AA32 /* InstagramUserCollection.h in Headers */,
				120888D913D7752F00C0FB68 /* iOSSFormEncodedPOSTRequest.h in Headers */,
				120888DE13D77AF700C0FB68 /* NSString+iOSSURLAdditions.h in Headers */,
				120888E213D7819300C0FB68 /* iOSSMultipartPOSTRequest.h in Headers */,
				1299F1F813D8724F0065735C /* iOSSUploadFileInfo.h in Headers */,
				126FE23113D9C28E00D72D46 /* iOSSLog.h in Headers */,
				126FE23313D9C28E00D72D46 /* iOSSRequest.h in Headers */,
				126FE23513D9C28E00D72D46 /* iOSSServicesViewController.h in Headers */,
				126FE25313D9C7DF00D72D46 /* LocalTwitterUser.h in Headers */,
				126FE25713D9C7F000D72D46 /* TwitterUser.h in Headers */,
				126FE25B13D9CBEC00D72D46 /* Twitter.h in Headers */,
				126FE26013D9D9F100D72D46 /* TwitterUser+Private.h in Headers */,
				126FE2C213DA214000D72D46 /* Foursquare.h in Headers */,
				126FE2C813DA225B00D72D46 /* FoursquareUser.h in Headers */,
				126FE2CB13DA22C500D72D46 /* FoursquareUser+Private.h in Headers */,
				126FE2CE13DA22FF00D72D46 /* LocalFoursquareUser.h in Headers */,
				12AB358813DDBAE100565332 /* GTMOAuth2Authentication.h in Headers */,
				12AB358A13DDBAE100565332 /* GTMOAuth2SignIn.h in Headers */,
				12AB358C13DDBAE100565332 /* GTMOAuth2ViewControllerTouch.h in Headers */,
				12AB359613DDBB1800565332 /* GTMOAuthAuthentication.h in Headers */,
				12AB359813DDBB1800565332 /* GTMOAuthSignIn.h in Headers */,
				12AB359A13DDBB1800565332 /* GTMOAuthViewControllerTouch.h in Headers */,
				12AB359F13DDBF5700565332 /* GTMHTTPFetcher.h in Headers */,
				12AB3A0E13DF13D400565332 /* iOSSocialUser.h in Headers */,
				12AB3A1213DF13EE00565332 /* iOSSocialLocalUser.h in Headers */,
				12AB3A1B13DF176900565332 /* iOSSocialServiceOAuth2Provider.h in Headers */,
				12AB3A1F13DF178300565332 /* iOSSocialServiceOAuth1Provider.h in Headers */,
				12AB3A2213DF1A8100565332 /* iOSSocialServiceOAuth2ProviderConstants.h in Headers */,
				12AB3A2413DF1E7000565332 /* iOSSocialServiceOAuth1ProviderConstants.h in Headers */,
				12AB3A2713DF20F700565332 /* GTMOAuthAuthentication+Additions.h in Headers */,
			);
			runOnlyForDeploymentPostprocessing = 0;
		};
/* End PBXHeadersBuildPhase section */

/* Begin PBXNativeTarget section */
		1264A12B13D08B900085E394 /* iOSSocial */ = {
			isa = PBXNativeTarget;
			buildConfigurationList = 1264A15313D08B900085E394 /* Build configuration list for PBXNativeTarget "iOSSocial" */;
			buildPhases = (
				1264A12813D08B900085E394 /* Sources */,
				1264A12913D08B900085E394 /* Frameworks */,
				1264A12A13D08B900085E394 /* Headers */,
			);
			buildRules = (
			);
			dependencies = (
				12ECAE4813D5D43E00C1297B /* PBXTargetDependency */,
				12ECAE4A13D5D43E00C1297B /* PBXTargetDependency */,
				12ECAE4C13D5D43E00C1297B /* PBXTargetDependency */,
				12ECAE4E13D5D43E00C1297B /* PBXTargetDependency */,
				12ECAE5013D5D43E00C1297B /* PBXTargetDependency */,
				12ECAE5213D5D43E00C1297B /* PBXTargetDependency */,
				12ECAE5413D5D43E00C1297B /* PBXTargetDependency */,
			);
			name = iOSSocial;
			productName = iOSSocial;
			productReference = 1264A12C13D08B900085E394 /* libiOSSocial.a */;
			productType = "com.apple.product-type.library.static";
		};
		1264A13B13D08B900085E394 /* iOSSocialTests */ = {
			isa = PBXNativeTarget;
			buildConfigurationList = 1264A15613D08B900085E394 /* Build configuration list for PBXNativeTarget "iOSSocialTests" */;
			buildPhases = (
				1264A13713D08B900085E394 /* Sources */,
				1264A13813D08B900085E394 /* Frameworks */,
				1264A13913D08B900085E394 /* Resources */,
				1264A13A13D08B900085E394 /* ShellScript */,
			);
			buildRules = (
			);
			dependencies = (
				1264A14513D08B900085E394 /* PBXTargetDependency */,
			);
			name = iOSSocialTests;
			productName = iOSSocialTests;
			productReference = 1264A13C13D08B900085E394 /* iOSSocialTests.octest */;
			productType = "com.apple.product-type.bundle";
		};
/* End PBXNativeTarget section */

/* Begin PBXProject section */
		1264A12313D08B900085E394 /* Project object */ = {
			isa = PBXProject;
			attributes = {
				LastUpgradeCheck = 0420;
				ORGANIZATIONNAME = "Mad Races, Inc.";
			};
			buildConfigurationList = 1264A12613D08B900085E394 /* Build configuration list for PBXProject "iOSSocial" */;
			compatibilityVersion = "Xcode 3.2";
			developmentRegion = English;
			hasScannedForEncodings = 0;
			knownRegions = (
				en,
			);
			mainGroup = 1264A12113D08B900085E394;
			productRefGroup = 1264A12D13D08B900085E394 /* Products */;
			projectDirPath = "";
			projectReferences = (
				{
					ProductGroup = 12ECADD313D5BDD100C1297B /* Products */;
					ProjectRef = 12ECADD213D5BDD100C1297B /* Three20.xcodeproj */;
				},
				{
					ProductGroup = 12ECAE0513D5BF0700C1297B /* Products */;
					ProjectRef = 12ECAE0413D5BF0700C1297B /* Three20Core.xcodeproj */;
				},
				{
					ProductGroup = 12ECAE0E13D5BF1100C1297B /* Products */;
					ProjectRef = 12ECAE0D13D5BF1100C1297B /* Three20Network.xcodeproj */;
				},
				{
					ProductGroup = 12ECAE1D13D5BF6500C1297B /* Products */;
					ProjectRef = 12ECAE1C13D5BF6500C1297B /* Three20Style.xcodeproj */;
				},
				{
					ProductGroup = 12ECAE3813D5BF7D00C1297B /* Products */;
					ProjectRef = 12ECAE3713D5BF7D00C1297B /* Three20UI.xcodeproj */;
				},
				{
					ProductGroup = 12ECAE2613D5BF6B00C1297B /* Products */;
					ProjectRef = 12ECAE2513D5BF6B00C1297B /* Three20UICommon.xcodeproj */;
				},
				{
					ProductGroup = 12ECAE2F13D5BF7000C1297B /* Products */;
					ProjectRef = 12ECAE2E13D5BF7000C1297B /* Three20UINavigator.xcodeproj */;
				},
			);
			projectRoot = "";
			targets = (
				1264A12B13D08B900085E394 /* iOSSocial */,
				1264A13B13D08B900085E394 /* iOSSocialTests */,
			);
		};
/* End PBXProject section */

/* Begin PBXReferenceProxy section */
		12ECADFE13D5BDD200C1297B /* libThree20.a */ = {
			isa = PBXReferenceProxy;
			fileType = archive.ar;
			path = libThree20.a;
			remoteRef = 12ECADFD13D5BDD200C1297B /* PBXContainerItemProxy */;
			sourceTree = BUILT_PRODUCTS_DIR;
		};
		12ECAE0013D5BDD200C1297B /* Three20UnitTests.octest */ = {
			isa = PBXReferenceProxy;
			fileType = wrapper.cfbundle;
			path = Three20UnitTests.octest;
			remoteRef = 12ECADFF13D5BDD200C1297B /* PBXContainerItemProxy */;
			sourceTree = BUILT_PRODUCTS_DIR;
		};
		12ECAE0A13D5BF0700C1297B /* libThree20Core.a */ = {
			isa = PBXReferenceProxy;
			fileType = archive.ar;
			path = libThree20Core.a;
			remoteRef = 12ECAE0913D5BF0700C1297B /* PBXContainerItemProxy */;
			sourceTree = BUILT_PRODUCTS_DIR;
		};
		12ECAE0C13D5BF0700C1297B /* CoreUnitTests.octest */ = {
			isa = PBXReferenceProxy;
			fileType = wrapper.cfbundle;
			path = CoreUnitTests.octest;
			remoteRef = 12ECAE0B13D5BF0700C1297B /* PBXContainerItemProxy */;
			sourceTree = BUILT_PRODUCTS_DIR;
		};
		12ECAE1513D5BF1100C1297B /* libThree20Network.a */ = {
			isa = PBXReferenceProxy;
			fileType = archive.ar;
			path = libThree20Network.a;
			remoteRef = 12ECAE1413D5BF1100C1297B /* PBXContainerItemProxy */;
			sourceTree = BUILT_PRODUCTS_DIR;
		};
		12ECAE1713D5BF1100C1297B /* libThree20Network-Xcode3.2.5.a */ = {
			isa = PBXReferenceProxy;
			fileType = archive.ar;
			path = "libThree20Network-Xcode3.2.5.a";
			remoteRef = 12ECAE1613D5BF1100C1297B /* PBXContainerItemProxy */;
			sourceTree = BUILT_PRODUCTS_DIR;
		};
		12ECAE1913D5BF1100C1297B /* NetworkUnitTests.octest */ = {
			isa = PBXReferenceProxy;
			fileType = wrapper.cfbundle;
			path = NetworkUnitTests.octest;
			remoteRef = 12ECAE1813D5BF1100C1297B /* PBXContainerItemProxy */;
			sourceTree = BUILT_PRODUCTS_DIR;
		};
		12ECAE1B13D5BF1100C1297B /* NetworkUnitTests-Xcode3.2.5.octest */ = {
			isa = PBXReferenceProxy;
			fileType = wrapper.cfbundle;
			path = "NetworkUnitTests-Xcode3.2.5.octest";
			remoteRef = 12ECAE1A13D5BF1100C1297B /* PBXContainerItemProxy */;
			sourceTree = BUILT_PRODUCTS_DIR;
		};
		12ECAE2213D5BF6600C1297B /* libThree20Style.a */ = {
			isa = PBXReferenceProxy;
			fileType = archive.ar;
			path = libThree20Style.a;
			remoteRef = 12ECAE2113D5BF6600C1297B /* PBXContainerItemProxy */;
			sourceTree = BUILT_PRODUCTS_DIR;
		};
		12ECAE2413D5BF6600C1297B /* StyleUnitTests.octest */ = {
			isa = PBXReferenceProxy;
			fileType = wrapper.cfbundle;
			path = StyleUnitTests.octest;
			remoteRef = 12ECAE2313D5BF6600C1297B /* PBXContainerItemProxy */;
			sourceTree = BUILT_PRODUCTS_DIR;
		};
		12ECAE2B13D5BF6B00C1297B /* libThree20UICommon.a */ = {
			isa = PBXReferenceProxy;
			fileType = archive.ar;
			path = libThree20UICommon.a;
			remoteRef = 12ECAE2A13D5BF6B00C1297B /* PBXContainerItemProxy */;
			sourceTree = BUILT_PRODUCTS_DIR;
		};
		12ECAE2D13D5BF6B00C1297B /* UICommonUnitTests.octest */ = {
			isa = PBXReferenceProxy;
			fileType = wrapper.cfbundle;
			path = UICommonUnitTests.octest;
			remoteRef = 12ECAE2C13D5BF6B00C1297B /* PBXContainerItemProxy */;
			sourceTree = BUILT_PRODUCTS_DIR;
		};
		12ECAE3413D5BF7000C1297B /* libThree20UINavigator.a */ = {
			isa = PBXReferenceProxy;
			fileType = archive.ar;
			path = libThree20UINavigator.a;
			remoteRef = 12ECAE3313D5BF7000C1297B /* PBXContainerItemProxy */;
			sourceTree = BUILT_PRODUCTS_DIR;
		};
		12ECAE3613D5BF7000C1297B /* UINavigatorUnitTests.octest */ = {
			isa = PBXReferenceProxy;
			fileType = wrapper.cfbundle;
			path = UINavigatorUnitTests.octest;
			remoteRef = 12ECAE3513D5BF7000C1297B /* PBXContainerItemProxy */;
			sourceTree = BUILT_PRODUCTS_DIR;
		};
		12ECAE3D13D5BF7D00C1297B /* libThree20UI.a */ = {
			isa = PBXReferenceProxy;
			fileType = archive.ar;
			path = libThree20UI.a;
			remoteRef = 12ECAE3C13D5BF7D00C1297B /* PBXContainerItemProxy */;
			sourceTree = BUILT_PRODUCTS_DIR;
		};
		12ECAE3F13D5BF7D00C1297B /* UIUnitTests.octest */ = {
			isa = PBXReferenceProxy;
			fileType = wrapper.cfbundle;
			path = UIUnitTests.octest;
			remoteRef = 12ECAE3E13D5BF7D00C1297B /* PBXContainerItemProxy */;
			sourceTree = BUILT_PRODUCTS_DIR;
		};
/* End PBXReferenceProxy section */

/* Begin PBXResourcesBuildPhase section */
		1264A13913D08B900085E394 /* Resources */ = {
			isa = PBXResourcesBuildPhase;
			buildActionMask = 2147483647;
			files = (
				1264A14C13D08B900085E394 /* InfoPlist.strings in Resources */,
				1264A14E13D08B900085E394 /* iOSSocialTests.h in Resources */,
			);
			runOnlyForDeploymentPostprocessing = 0;
		};
/* End PBXResourcesBuildPhase section */

/* Begin PBXShellScriptBuildPhase section */
		1264A13A13D08B900085E394 /* ShellScript */ = {
			isa = PBXShellScriptBuildPhase;
			buildActionMask = 2147483647;
			files = (
			);
			inputPaths = (
			);
			outputPaths = (
			);
			runOnlyForDeploymentPostprocessing = 0;
			shellPath = /bin/sh;
			shellScript = "# Run the unit tests in this test bundle.\n\"${SYSTEM_DEVELOPER_DIR}/Tools/RunUnitTests\"\n";
		};
/* End PBXShellScriptBuildPhase section */

/* Begin PBXSourcesBuildPhase section */
		1264A12813D08B900085E394 /* Sources */ = {
			isa = PBXSourcesBuildPhase;
			buildActionMask = 2147483647;
			files = (
				1264A13613D08B900085E394 /* iOSSocial.m in Sources */,
				1264A16513D094E70085E394 /* Instagram.m in Sources */,
				1264A16713D094E70085E394 /* InstagramUser.m in Sources */,
				1264A16913D094E70085E394 /* LocalInstagramUser.m in Sources */,
				12E0ACCF13D0D2D40025C3B7 /* UIView+iOSSSubviewTraversal.m in Sources */,
				12ECAC5C13D4818300C1297B /* IGRequest.m in Sources */,
				12ECAC6413D4895200C1297B /* UIApplication+iOSSNetworkActivity.m in Sources */,
				12ECAC6913D4905800C1297B /* iOSSConnection.m in Sources */,
				12ECACE413D4D39200C1297B /* InstagramMedia.m in Sources */,
				12ECACE913D4D3A300C1297B /* InstagramMediaCollection.m in Sources */,
				12ECAF7813D5F38100C1297B /* NSUserDefaults+iOSSAdditions.m in Sources */,
				12DD953413D617ED00C2AA32 /* InstagramUserCollection.m in Sources */,
				120888DA13D7752F00C0FB68 /* iOSSFormEncodedPOSTRequest.m in Sources */,
				120888DF13D77AF700C0FB68 /* NSString+iOSSURLAdditions.m in Sources */,
				120888E313D7819300C0FB68 /* iOSSMultipartPOSTRequest.m in Sources */,
				1299F1F913D8724F0065735C /* iOSSUploadFileInfo.m in Sources */,
				126FE23213D9C28E00D72D46 /* iOSSLog.m in Sources */,
				126FE23413D9C28E00D72D46 /* iOSSRequest.m in Sources */,
				126FE23613D9C28E00D72D46 /* iOSSServicesViewController.m in Sources */,
				126FE25413D9C7DF00D72D46 /* LocalTwitterUser.m in Sources */,
				126FE25813D9C7F000D72D46 /* TwitterUser.m in Sources */,
				126FE25C13D9CBEC00D72D46 /* Twitter.m in Sources */,
				126FE2C313DA214000D72D46 /* Foursquare.m in Sources */,
				126FE2C913DA225B00D72D46 /* FoursquareUser.m in Sources */,
				126FE2CF13DA22FF00D72D46 /* LocalFoursquareUser.m in Sources */,
				12AB358913DDBAE100565332 /* GTMOAuth2Authentication.m in Sources */,
				12AB358B13DDBAE100565332 /* GTMOAuth2SignIn.m in Sources */,
				12AB358D13DDBAE100565332 /* GTMOAuth2ViewControllerTouch.m in Sources */,
				12AB359713DDBB1800565332 /* GTMOAuthAuthentication.m in Sources */,
				12AB359913DDBB1800565332 /* GTMOAuthSignIn.m in Sources */,
				12AB359B13DDBB1800565332 /* GTMOAuthViewControllerTouch.m in Sources */,
				12AB35A013DDBF5700565332 /* GTMHTTPFetcher.m in Sources */,
				12AB3A0F13DF13D400565332 /* iOSSocialUser.m in Sources */,
				12AB3A1313DF13EE00565332 /* iOSSocialLocalUser.m in Sources */,
				12AB3A1C13DF176900565332 /* iOSSocialServiceOAuth2Provider.m in Sources */,
				12AB3A2013DF178300565332 /* iOSSocialServiceOAuth1Provider.m in Sources */,
				12AB3A2813DF20F700565332 /* GTMOAuthAuthentication+Additions.m in Sources */,
			);
			runOnlyForDeploymentPostprocessing = 0;
		};
		1264A13713D08B900085E394 /* Sources */ = {
			isa = PBXSourcesBuildPhase;
			buildActionMask = 2147483647;
			files = (
				1264A15013D08B900085E394 /* iOSSocialTests.m in Sources */,
			);
			runOnlyForDeploymentPostprocessing = 0;
		};
/* End PBXSourcesBuildPhase section */

/* Begin PBXTargetDependency section */
		1264A14513D08B900085E394 /* PBXTargetDependency */ = {
			isa = PBXTargetDependency;
			target = 1264A12B13D08B900085E394 /* iOSSocial */;
			targetProxy = 1264A14413D08B900085E394 /* PBXContainerItemProxy */;
		};
		12ECAE4813D5D43E00C1297B /* PBXTargetDependency */ = {
			isa = PBXTargetDependency;
			name = Three20UINavigator;
			targetProxy = 12ECAE4713D5D43E00C1297B /* PBXContainerItemProxy */;
		};
		12ECAE4A13D5D43E00C1297B /* PBXTargetDependency */ = {
			isa = PBXTargetDependency;
			name = Three20UICommon;
			targetProxy = 12ECAE4913D5D43E00C1297B /* PBXContainerItemProxy */;
		};
		12ECAE4C13D5D43E00C1297B /* PBXTargetDependency */ = {
			isa = PBXTargetDependency;
			name = Three20Network;
			targetProxy = 12ECAE4B13D5D43E00C1297B /* PBXContainerItemProxy */;
		};
		12ECAE4E13D5D43E00C1297B /* PBXTargetDependency */ = {
			isa = PBXTargetDependency;
			name = Three20UI;
			targetProxy = 12ECAE4D13D5D43E00C1297B /* PBXContainerItemProxy */;
		};
		12ECAE5013D5D43E00C1297B /* PBXTargetDependency */ = {
			isa = PBXTargetDependency;
			name = Three20Style;
			targetProxy = 12ECAE4F13D5D43E00C1297B /* PBXContainerItemProxy */;
		};
		12ECAE5213D5D43E00C1297B /* PBXTargetDependency */ = {
			isa = PBXTargetDependency;
			name = Three20Core;
			targetProxy = 12ECAE5113D5D43E00C1297B /* PBXContainerItemProxy */;
		};
		12ECAE5413D5D43E00C1297B /* PBXTargetDependency */ = {
			isa = PBXTargetDependency;
			name = Three20;
			targetProxy = 12ECAE5313D5D43E00C1297B /* PBXContainerItemProxy */;
		};
/* End PBXTargetDependency section */

/* Begin PBXVariantGroup section */
		1264A14A13D08B900085E394 /* InfoPlist.strings */ = {
			isa = PBXVariantGroup;
			children = (
				1264A14B13D08B900085E394 /* en */,
			);
			name = InfoPlist.strings;
			sourceTree = "<group>";
		};
/* End PBXVariantGroup section */

/* Begin XCBuildConfiguration section */
		1264A15113D08B900085E394 /* Debug */ = {
			isa = XCBuildConfiguration;
			buildSettings = {
				ALWAYS_SEARCH_USER_PATHS = NO;
				ARCHS = "$(ARCHS_STANDARD_32_BIT)";
				CLANG_ENABLE_OBJC_ARC = YES;
				COPY_PHASE_STRIP = NO;
				GCC_C_LANGUAGE_STANDARD = gnu99;
				GCC_DYNAMIC_NO_PIC = NO;
				GCC_OPTIMIZATION_LEVEL = 0;
				GCC_PREPROCESSOR_DEFINITIONS = (
					"DEBUG=1",
					"$(inherited)",
				);
				GCC_SYMBOLS_PRIVATE_EXTERN = NO;
				GCC_VERSION = com.apple.compilers.llvm.clang.1_0;
				GCC_WARN_ABOUT_MISSING_PROTOTYPES = YES;
				GCC_WARN_ABOUT_RETURN_TYPE = YES;
				GCC_WARN_UNUSED_VARIABLE = YES;
				IPHONEOS_DEPLOYMENT_TARGET = 5.0;
				SDKROOT = iphoneos;
			};
			name = Debug;
		};
		1264A15213D08B900085E394 /* Release */ = {
			isa = XCBuildConfiguration;
			buildSettings = {
				ALWAYS_SEARCH_USER_PATHS = NO;
				ARCHS = "$(ARCHS_STANDARD_32_BIT)";
				CLANG_ENABLE_OBJC_ARC = YES;
				COPY_PHASE_STRIP = YES;
				GCC_C_LANGUAGE_STANDARD = gnu99;
				GCC_VERSION = com.apple.compilers.llvm.clang.1_0;
				GCC_WARN_ABOUT_MISSING_PROTOTYPES = YES;
				GCC_WARN_ABOUT_RETURN_TYPE = YES;
				GCC_WARN_UNUSED_VARIABLE = YES;
				IPHONEOS_DEPLOYMENT_TARGET = 5.0;
				SDKROOT = iphoneos;
				VALIDATE_PRODUCT = YES;
			};
			name = Release;
		};
		1264A15413D08B900085E394 /* Debug */ = {
			isa = XCBuildConfiguration;
			buildSettings = {
				DSTROOT = /tmp/iOSSocial.dst;
				GCC_PRECOMPILE_PREFIX_HEADER = YES;
				GCC_PREFIX_HEADER = "iOSSocial/iOSSocial-Prefix.pch";
				HEADER_SEARCH_PATHS = (
					"\"$(BUILT_PRODUCTS_DIR)/../../three20\"",
					"\"$(BUILT_PRODUCTS_DIR)/../three20\"",
				);
				IPHONEOS_DEPLOYMENT_TARGET = 4.0;
				"OTHER_CFLAGS[arch=*]" = "-DIOSSDEBUG";
				OTHER_LDFLAGS = "-ObjC";
				PRODUCT_NAME = "$(TARGET_NAME)";
				SKIP_INSTALL = YES;
				TARGETED_DEVICE_FAMILY = "1,2";
			};
			name = Debug;
		};
		1264A15513D08B900085E394 /* Release */ = {
			isa = XCBuildConfiguration;
			buildSettings = {
				DSTROOT = /tmp/iOSSocial.dst;
				GCC_PRECOMPILE_PREFIX_HEADER = YES;
				GCC_PREFIX_HEADER = "iOSSocial/iOSSocial-Prefix.pch";
				HEADER_SEARCH_PATHS = (
					"\"$(BUILT_PRODUCTS_DIR)/../../three20\"",
					"\"$(BUILT_PRODUCTS_DIR)/../three20\"",
				);
				IPHONEOS_DEPLOYMENT_TARGET = 4.0;
				OTHER_LDFLAGS = "-ObjC";
				PRODUCT_NAME = "$(TARGET_NAME)";
				SKIP_INSTALL = YES;
				TARGETED_DEVICE_FAMILY = "1,2";
			};
			name = Release;
		};
		1264A15713D08B900085E394 /* Debug */ = {
			isa = XCBuildConfiguration;
			buildSettings = {
				FRAMEWORK_SEARCH_PATHS = (
					"$(SDKROOT)/Developer/Library/Frameworks",
					"$(DEVELOPER_LIBRARY_DIR)/Frameworks",
				);
				GCC_PRECOMPILE_PREFIX_HEADER = YES;
				GCC_PREFIX_HEADER = "iOSSocial/iOSSocial-Prefix.pch";
				INFOPLIST_FILE = "iOSSocialTests/iOSSocialTests-Info.plist";
				PRODUCT_NAME = "$(TARGET_NAME)";
				WRAPPER_EXTENSION = octest;
			};
			name = Debug;
		};
		1264A15813D08B900085E394 /* Release */ = {
			isa = XCBuildConfiguration;
			buildSettings = {
				FRAMEWORK_SEARCH_PATHS = (
					"$(SDKROOT)/Developer/Library/Frameworks",
					"$(DEVELOPER_LIBRARY_DIR)/Frameworks",
				);
				GCC_PRECOMPILE_PREFIX_HEADER = YES;
				GCC_PREFIX_HEADER = "iOSSocial/iOSSocial-Prefix.pch";
				INFOPLIST_FILE = "iOSSocialTests/iOSSocialTests-Info.plist";
				PRODUCT_NAME = "$(TARGET_NAME)";
				WRAPPER_EXTENSION = octest;
			};
			name = Release;
		};
/* End XCBuildConfiguration section */

/* Begin XCConfigurationList section */
		1264A12613D08B900085E394 /* Build configuration list for PBXProject "iOSSocial" */ = {
			isa = XCConfigurationList;
			buildConfigurations = (
				1264A15113D08B900085E394 /* Debug */,
				1264A15213D08B900085E394 /* Release */,
			);
			defaultConfigurationIsVisible = 0;
			defaultConfigurationName = Release;
		};
		1264A15313D08B900085E394 /* Build configuration list for PBXNativeTarget "iOSSocial" */ = {
			isa = XCConfigurationList;
			buildConfigurations = (
				1264A15413D08B900085E394 /* Debug */,
				1264A15513D08B900085E394 /* Release */,
			);
			defaultConfigurationIsVisible = 0;
			defaultConfigurationName = Release;
		};
		1264A15613D08B900085E394 /* Build configuration list for PBXNativeTarget "iOSSocialTests" */ = {
			isa = XCConfigurationList;
			buildConfigurations = (
				1264A15713D08B900085E394 /* Debug */,
				1264A15813D08B900085E394 /* Release */,
			);
			defaultConfigurationIsVisible = 0;
			defaultConfigurationName = Release;
		};
/* End XCConfigurationList section */
	};
	rootObject = 1264A12313D08B900085E394 /* Project object */;
}
