// !$*UTF8*$!
{
	archiveVersion = 1;
	classes = {
	};
	objectVersion = 46;
	objects = {

/* Begin PBXBuildFile section */
		1264A13013D08B900085E394 /* Foundation.framework in Frameworks */ = {isa = PBXBuildFile; fileRef = 1264A12F13D08B900085E394 /* Foundation.framework */; };
		1264A13613D08B900085E394 /* iOSSocial.m in Sources */ = {isa = PBXBuildFile; fileRef = 1264A13513D08B900085E394 /* iOSSocial.m */; };
		1264A13E13D08B900085E394 /* SenTestingKit.framework in Frameworks */ = {isa = PBXBuildFile; fileRef = 1264A13D13D08B900085E394 /* SenTestingKit.framework */; };
		1264A14013D08B900085E394 /* UIKit.framework in Frameworks */ = {isa = PBXBuildFile; fileRef = 1264A13F13D08B900085E394 /* UIKit.framework */; };
		1264A14113D08B900085E394 /* Foundation.framework in Frameworks */ = {isa = PBXBuildFile; fileRef = 1264A12F13D08B900085E394 /* Foundation.framework */; };
		1264A14313D08B900085E394 /* CoreGraphics.framework in Frameworks */ = {isa = PBXBuildFile; fileRef = 1264A14213D08B900085E394 /* CoreGraphics.framework */; };
		1264A14613D08B900085E394 /* libiOSSocial.a in Frameworks */ = {isa = PBXBuildFile; fileRef = 1264A12C13D08B900085E394 /* libiOSSocial.a */; };
		1264A14C13D08B900085E394 /* InfoPlist.strings in Resources */ = {isa = PBXBuildFile; fileRef = 1264A14A13D08B900085E394 /* InfoPlist.strings */; };
		1264A14E13D08B900085E394 /* iOSSocialTests.h in Resources */ = {isa = PBXBuildFile; fileRef = 1264A14D13D08B900085E394 /* iOSSocialTests.h */; };
		1264A15013D08B900085E394 /* iOSSocialTests.m in Sources */ = {isa = PBXBuildFile; fileRef = 1264A14F13D08B900085E394 /* iOSSocialTests.m */; };
/* End PBXBuildFile section */

/* Begin PBXContainerItemProxy section */
		1264A14413D08B900085E394 /* PBXContainerItemProxy */ = {
			isa = PBXContainerItemProxy;
			containerPortal = 1264A12313D08B900085E394 /* Project object */;
			proxyType = 1;
			remoteGlobalIDString = 1264A12B13D08B900085E394;
			remoteInfo = iOSSocial;
		};
/* End PBXContainerItemProxy section */

/* Begin PBXFileReference section */
		1264A12C13D08B900085E394 /* libiOSSocial.a */ = {isa = PBXFileReference; explicitFileType = archive.ar; includeInIndex = 0; path = libiOSSocial.a; sourceTree = BUILT_PRODUCTS_DIR; };
		1264A12F13D08B900085E394 /* Foundation.framework */ = {isa = PBXFileReference; lastKnownFileType = wrapper.framework; name = Foundation.framework; path = System/Library/Frameworks/Foundation.framework; sourceTree = SDKROOT; };
		1264A13313D08B900085E394 /* iOSSocial-Prefix.pch */ = {isa = PBXFileReference; lastKnownFileType = sourcecode.c.h; path = "iOSSocial-Prefix.pch"; sourceTree = "<group>"; };
		1264A13413D08B900085E394 /* iOSSocial.h */ = {isa = PBXFileReference; lastKnownFileType = sourcecode.c.h; path = iOSSocial.h; sourceTree = "<group>"; };
		1264A13513D08B900085E394 /* iOSSocial.m */ = {isa = PBXFileReference; lastKnownFileType = sourcecode.c.objc; path = iOSSocial.m; sourceTree = "<group>"; };
		1264A13C13D08B900085E394 /* iOSSocialTests.octest */ = {isa = PBXFileReference; explicitFileType = wrapper.cfbundle; includeInIndex = 0; path = iOSSocialTests.octest; sourceTree = BUILT_PRODUCTS_DIR; };
		1264A13D13D08B900085E394 /* SenTestingKit.framework */ = {isa = PBXFileReference; lastKnownFileType = wrapper.framework; name = SenTestingKit.framework; path = Library/Frameworks/SenTestingKit.framework; sourceTree = DEVELOPER_DIR; };
		1264A13F13D08B900085E394 /* UIKit.framework */ = {isa = PBXFileReference; lastKnownFileType = wrapper.framework; name = UIKit.framework; path = Library/Frameworks/UIKit.framework; sourceTree = DEVELOPER_DIR; };
		1264A14213D08B900085E394 /* CoreGraphics.framework */ = {isa = PBXFileReference; lastKnownFileType = wrapper.framework; name = CoreGraphics.framework; path = Library/Frameworks/CoreGraphics.framework; sourceTree = DEVELOPER_DIR; };
		1264A14913D08B900085E394 /* iOSSocialTests-Info.plist */ = {isa = PBXFileReference; lastKnownFileType = text.plist.xml; path = "iOSSocialTests-Info.plist"; sourceTree = "<group>"; };
		1264A14B13D08B900085E394 /* en */ = {isa = PBXFileReference; lastKnownFileType = text.plist.strings; name = en; path = en.lproj/InfoPlist.strings; sourceTree = "<group>"; };
		1264A14D13D08B900085E394 /* iOSSocialTests.h */ = {isa = PBXFileReference; lastKnownFileType = sourcecode.c.h; path = iOSSocialTests.h; sourceTree = "<group>"; };
		1264A14F13D08B900085E394 /* iOSSocialTests.m */ = {isa = PBXFileReference; lastKnownFileType = sourcecode.c.objc; path = iOSSocialTests.m; sourceTree = "<group>"; };
/* End PBXFileReference section */

/* Begin PBXFrameworksBuildPhase section */
		1264A12913D08B900085E394 /* Frameworks */ = {
			isa = PBXFrameworksBuildPhase;
			buildActionMask = 2147483647;
			files = (
				1264A13013D08B900085E394 /* Foundation.framework in Frameworks */,
			);
			runOnlyForDeploymentPostprocessing = 0;
		};
		1264A13813D08B900085E394 /* Frameworks */ = {
			isa = PBXFrameworksBuildPhase;
			buildActionMask = 2147483647;
			files = (
				1264A13E13D08B900085E394 /* SenTestingKit.framework in Frameworks */,
				1264A14013D08B900085E394 /* UIKit.framework in Frameworks */,
				1264A14113D08B900085E394 /* Foundation.framework in Frameworks */,
				1264A14313D08B900085E394 /* CoreGraphics.framework in Frameworks */,
				1264A14613D08B900085E394 /* libiOSSocial.a in Frameworks */,
			);
			runOnlyForDeploymentPostprocessing = 0;
		};
/* End PBXFrameworksBuildPhase section */

/* Begin PBXGroup section */
		1264A12113D08B900085E394 = {
			isa = PBXGroup;
			children = (
				1264A13113D08B900085E394 /* iOSSocial */,
				1264A14713D08B900085E394 /* iOSSocialTests */,
				1264A12E13D08B900085E394 /* Frameworks */,
				1264A12D13D08B900085E394 /* Products */,
			);
			sourceTree = "<group>";
		};
		1264A12D13D08B900085E394 /* Products */ = {
			isa = PBXGroup;
			children = (
				1264A12C13D08B900085E394 /* libiOSSocial.a */,
				1264A13C13D08B900085E394 /* iOSSocialTests.octest */,
			);
			name = Products;
			sourceTree = "<group>";
		};
		1264A12E13D08B900085E394 /* Frameworks */ = {
			isa = PBXGroup;
			children = (
				1264A12F13D08B900085E394 /* Foundation.framework */,
				1264A13D13D08B900085E394 /* SenTestingKit.framework */,
				1264A13F13D08B900085E394 /* UIKit.framework */,
				1264A14213D08B900085E394 /* CoreGraphics.framework */,
			);
			name = Frameworks;
			sourceTree = "<group>";
		};
		1264A13113D08B900085E394 /* iOSSocial */ = {
			isa = PBXGroup;
			children = (
				1264A13413D08B900085E394 /* iOSSocial.h */,
				1264A13513D08B900085E394 /* iOSSocial.m */,
				1264A13213D08B900085E394 /* Supporting Files */,
			);
			path = iOSSocial;
			sourceTree = "<group>";
		};
		1264A13213D08B900085E394 /* Supporting Files */ = {
			isa = PBXGroup;
			children = (
				1264A13313D08B900085E394 /* iOSSocial-Prefix.pch */,
			);
			name = "Supporting Files";
			sourceTree = "<group>";
		};
		1264A14713D08B900085E394 /* iOSSocialTests */ = {
			isa = PBXGroup;
			children = (
				1264A14D13D08B900085E394 /* iOSSocialTests.h */,
				1264A14F13D08B900085E394 /* iOSSocialTests.m */,
				1264A14813D08B900085E394 /* Supporting Files */,
			);
			path = iOSSocialTests;
			sourceTree = "<group>";
		};
		1264A14813D08B900085E394 /* Supporting Files */ = {
			isa = PBXGroup;
			children = (
				1264A14913D08B900085E394 /* iOSSocialTests-Info.plist */,
				1264A14A13D08B900085E394 /* InfoPlist.strings */,
			);
			name = "Supporting Files";
			sourceTree = "<group>";
		};
/* End PBXGroup section */

/* Begin PBXHeadersBuildPhase section */
		1264A12A13D08B900085E394 /* Headers */ = {
			isa = PBXHeadersBuildPhase;
			buildActionMask = 2147483647;
			files = (
			);
			runOnlyForDeploymentPostprocessing = 0;
		};
/* End PBXHeadersBuildPhase section */

/* Begin PBXNativeTarget section */
		1264A12B13D08B900085E394 /* iOSSocial */ = {
			isa = PBXNativeTarget;
			buildConfigurationList = 1264A15313D08B900085E394 /* Build configuration list for PBXNativeTarget "iOSSocial" */;
			buildPhases = (
				1264A12813D08B900085E394 /* Sources */,
				1264A12913D08B900085E394 /* Frameworks */,
				1264A12A13D08B900085E394 /* Headers */,
			);
			buildRules = (
			);
			dependencies = (
			);
			name = iOSSocial;
			productName = iOSSocial;
			productReference = 1264A12C13D08B900085E394 /* libiOSSocial.a */;
			productType = "com.apple.product-type.library.static";
		};
		1264A13B13D08B900085E394 /* iOSSocialTests */ = {
			isa = PBXNativeTarget;
			buildConfigurationList = 1264A15613D08B900085E394 /* Build configuration list for PBXNativeTarget "iOSSocialTests" */;
			buildPhases = (
				1264A13713D08B900085E394 /* Sources */,
				1264A13813D08B900085E394 /* Frameworks */,
				1264A13913D08B900085E394 /* Resources */,
				1264A13A13D08B900085E394 /* ShellScript */,
			);
			buildRules = (
			);
			dependencies = (
				1264A14513D08B900085E394 /* PBXTargetDependency */,
			);
			name = iOSSocialTests;
			productName = iOSSocialTests;
			productReference = 1264A13C13D08B900085E394 /* iOSSocialTests.octest */;
			productType = "com.apple.product-type.bundle";
		};
/* End PBXNativeTarget section */

/* Begin PBXProject section */
		1264A12313D08B900085E394 /* Project object */ = {
			isa = PBXProject;
			attributes = {
				ORGANIZATIONNAME = "Mad Races, Inc.";
			};
			buildConfigurationList = 1264A12613D08B900085E394 /* Build configuration list for PBXProject "iOSSocial" */;
			compatibilityVersion = "Xcode 3.2";
			developmentRegion = English;
			hasScannedForEncodings = 0;
			knownRegions = (
				en,
			);
			mainGroup = 1264A12113D08B900085E394;
			productRefGroup = 1264A12D13D08B900085E394 /* Products */;
			projectDirPath = "";
			projectRoot = "";
			targets = (
				1264A12B13D08B900085E394 /* iOSSocial */,
				1264A13B13D08B900085E394 /* iOSSocialTests */,
			);
		};
/* End PBXProject section */

/* Begin PBXResourcesBuildPhase section */
		1264A13913D08B900085E394 /* Resources */ = {
			isa = PBXResourcesBuildPhase;
			buildActionMask = 2147483647;
			files = (
				1264A14C13D08B900085E394 /* InfoPlist.strings in Resources */,
				1264A14E13D08B900085E394 /* iOSSocialTests.h in Resources */,
			);
			runOnlyForDeploymentPostprocessing = 0;
		};
/* End PBXResourcesBuildPhase section */

/* Begin PBXShellScriptBuildPhase section */
		1264A13A13D08B900085E394 /* ShellScript */ = {
			isa = PBXShellScriptBuildPhase;
			buildActionMask = 2147483647;
			files = (
			);
			inputPaths = (
			);
			outputPaths = (
			);
			runOnlyForDeploymentPostprocessing = 0;
			shellPath = /bin/sh;
			shellScript = "# Run the unit tests in this test bundle.\n\"${SYSTEM_DEVELOPER_DIR}/Tools/RunUnitTests\"\n";
		};
/* End PBXShellScriptBuildPhase section */

/* Begin PBXSourcesBuildPhase section */
		1264A12813D08B900085E394 /* Sources */ = {
			isa = PBXSourcesBuildPhase;
			buildActionMask = 2147483647;
			files = (
				1264A13613D08B900085E394 /* iOSSocial.m in Sources */,
			);
			runOnlyForDeploymentPostprocessing = 0;
		};
		1264A13713D08B900085E394 /* Sources */ = {
			isa = PBXSourcesBuildPhase;
			buildActionMask = 2147483647;
			files = (
				1264A15013D08B900085E394 /* iOSSocialTests.m in Sources */,
			);
			runOnlyForDeploymentPostprocessing = 0;
		};
/* End PBXSourcesBuildPhase section */

/* Begin PBXTargetDependency section */
		1264A14513D08B900085E394 /* PBXTargetDependency */ = {
			isa = PBXTargetDependency;
			target = 1264A12B13D08B900085E394 /* iOSSocial */;
			targetProxy = 1264A14413D08B900085E394 /* PBXContainerItemProxy */;
		};
/* End PBXTargetDependency section */

/* Begin PBXVariantGroup section */
		1264A14A13D08B900085E394 /* InfoPlist.strings */ = {
			isa = PBXVariantGroup;
			children = (
				1264A14B13D08B900085E394 /* en */,
			);
			name = InfoPlist.strings;
			sourceTree = "<group>";
		};
/* End PBXVariantGroup section */

/* Begin XCBuildConfiguration section */
		1264A15113D08B900085E394 /* Debug */ = {
			isa = XCBuildConfiguration;
			buildSettings = {
				ALWAYS_SEARCH_USER_PATHS = NO;
				ARCHS = "$(ARCHS_STANDARD_32_BIT)";
				CLANG_ENABLE_OBJC_ARC = YES;
				COPY_PHASE_STRIP = NO;
				GCC_C_LANGUAGE_STANDARD = gnu99;
				GCC_DYNAMIC_NO_PIC = NO;
				GCC_OPTIMIZATION_LEVEL = 0;
				GCC_PREPROCESSOR_DEFINITIONS = (
					"DEBUG=1",
					"$(inherited)",
				);
				GCC_SYMBOLS_PRIVATE_EXTERN = NO;
				GCC_VERSION = com.apple.compilers.llvm.clang.1_0;
				GCC_WARN_ABOUT_MISSING_PROTOTYPES = YES;
				GCC_WARN_ABOUT_RETURN_TYPE = YES;
				GCC_WARN_UNUSED_VARIABLE = YES;
				IPHONEOS_DEPLOYMENT_TARGET = 5.0;
				SDKROOT = iphoneos;
			};
			name = Debug;
		};
		1264A15213D08B900085E394 /* Release */ = {
			isa = XCBuildConfiguration;
			buildSettings = {
				ALWAYS_SEARCH_USER_PATHS = NO;
				ARCHS = "$(ARCHS_STANDARD_32_BIT)";
				CLANG_ENABLE_OBJC_ARC = YES;
				COPY_PHASE_STRIP = YES;
				GCC_C_LANGUAGE_STANDARD = gnu99;
				GCC_VERSION = com.apple.compilers.llvm.clang.1_0;
				GCC_WARN_ABOUT_MISSING_PROTOTYPES = YES;
				GCC_WARN_ABOUT_RETURN_TYPE = YES;
				GCC_WARN_UNUSED_VARIABLE = YES;
				IPHONEOS_DEPLOYMENT_TARGET = 5.0;
				SDKROOT = iphoneos;
				VALIDATE_PRODUCT = YES;
			};
			name = Release;
		};
		1264A15413D08B900085E394 /* Debug */ = {
			isa = XCBuildConfiguration;
			buildSettings = {
				DSTROOT = /tmp/iOSSocial.dst;
				GCC_PRECOMPILE_PREFIX_HEADER = YES;
				GCC_PREFIX_HEADER = "iOSSocial/iOSSocial-Prefix.pch";
				IPHONEOS_DEPLOYMENT_TARGET = 4.0;
				OTHER_LDFLAGS = "-ObjC";
				PRODUCT_NAME = "$(TARGET_NAME)";
				SKIP_INSTALL = YES;
				TARGETED_DEVICE_FAMILY = "1,2";
			};
			name = Debug;
		};
		1264A15513D08B900085E394 /* Release */ = {
			isa = XCBuildConfiguration;
			buildSettings = {
				DSTROOT = /tmp/iOSSocial.dst;
				GCC_PRECOMPILE_PREFIX_HEADER = YES;
				GCC_PREFIX_HEADER = "iOSSocial/iOSSocial-Prefix.pch";
				IPHONEOS_DEPLOYMENT_TARGET = 4.0;
				OTHER_LDFLAGS = "-ObjC";
				PRODUCT_NAME = "$(TARGET_NAME)";
				SKIP_INSTALL = YES;
				TARGETED_DEVICE_FAMILY = "1,2";
			};
			name = Release;
		};
		1264A15713D08B900085E394 /* Debug */ = {
			isa = XCBuildConfiguration;
			buildSettings = {
				FRAMEWORK_SEARCH_PATHS = (
					"$(SDKROOT)/Developer/Library/Frameworks",
					"$(DEVELOPER_LIBRARY_DIR)/Frameworks",
				);
				GCC_PRECOMPILE_PREFIX_HEADER = YES;
				GCC_PREFIX_HEADER = "iOSSocial/iOSSocial-Prefix.pch";
				INFOPLIST_FILE = "iOSSocialTests/iOSSocialTests-Info.plist";
				PRODUCT_NAME = "$(TARGET_NAME)";
				WRAPPER_EXTENSION = octest;
			};
			name = Debug;
		};
		1264A15813D08B900085E394 /* Release */ = {
			isa = XCBuildConfiguration;
			buildSettings = {
				FRAMEWORK_SEARCH_PATHS = (
					"$(SDKROOT)/Developer/Library/Frameworks",
					"$(DEVELOPER_LIBRARY_DIR)/Frameworks",
				);
				GCC_PRECOMPILE_PREFIX_HEADER = YES;
				GCC_PREFIX_HEADER = "iOSSocial/iOSSocial-Prefix.pch";
				INFOPLIST_FILE = "iOSSocialTests/iOSSocialTests-Info.plist";
				PRODUCT_NAME = "$(TARGET_NAME)";
				WRAPPER_EXTENSION = octest;
			};
			name = Release;
		};
/* End XCBuildConfiguration section */

/* Begin XCConfigurationList section */
		1264A12613D08B900085E394 /* Build configuration list for PBXProject "iOSSocial" */ = {
			isa = XCConfigurationList;
			buildConfigurations = (
				1264A15113D08B900085E394 /* Debug */,
				1264A15213D08B900085E394 /* Release */,
			);
			defaultConfigurationIsVisible = 0;
			defaultConfigurationName = Release;
		};
		1264A15313D08B900085E394 /* Build configuration list for PBXNativeTarget "iOSSocial" */ = {
			isa = XCConfigurationList;
			buildConfigurations = (
				1264A15413D08B900085E394 /* Debug */,
				1264A15513D08B900085E394 /* Release */,
			);
			defaultConfigurationIsVisible = 0;
		};
		1264A15613D08B900085E394 /* Build configuration list for PBXNativeTarget "iOSSocialTests" */ = {
			isa = XCConfigurationList;
			buildConfigurations = (
				1264A15713D08B900085E394 /* Debug */,
				1264A15813D08B900085E394 /* Release */,
			);
			defaultConfigurationIsVisible = 0;
		};
/* End XCConfigurationList section */
	};
	rootObject = 1264A12313D08B900085E394 /* Project object */;
}
